
Microsoft Visual Studio Solution File, Format Version 12.00
# Visual Studio Version 16
VisualStudioVersion = 16.0.31005.135
MinimumVisualStudioVersion = 10.0.40219.1
Project("{FAE04EC0-301F-11D3-BF4B-00C04F79EFBC}") = "CentralizedPrintingProcess", "CentralizedPrintingProcess\CentralizedPrintingProcess.csproj", "{16CC8930-EAD5-4808-AB0A-CE8B8C6EE66C}"
EndProject
Project("{FAE04EC0-301F-11D3-BF4B-00C04F79EFBC}") = "Uheaa.Common", "..\CommonLibraries\Common\Common\Uheaa.Common.csproj", "{D39CCBC4-F262-4225-AE0C-925553DEA372}"
EndProject
Project("{FAE04EC0-301F-11D3-BF4B-00C04F79EFBC}") = "Uheaa.Common.DataAccess", "..\CommonLibraries\Common\DataAccess\Uheaa.Common.DataAccess.csproj", "{6FD27ED5-786D-4F03-8CB9-DDFDEC5C5192}"
EndProject
Project("{FAE04EC0-301F-11D3-BF4B-00C04F79EFBC}") = "Uheaa.Common.DocumentProcessing", "..\CommonLibraries\Common\DocumentProcessing\DocumentProcessing\Uheaa.Common.DocumentProcessing\Uheaa.Common.DocumentProcessing.csproj", "{DDE98B0A-849D-4565-B67B-254F03A15CF4}"
EndProject
Project("{FAE04EC0-301F-11D3-BF4B-00C04F79EFBC}") = "Uheaa.Common.ProcessLogger", "..\CommonLibraries\Common\ProcessLogger\ProcessLogger\Uheaa.Common.ProcessLogger.csproj", "{0EEC6608-8F88-4FAA-A7EB-7AE65F14F643}"
EndProject
Project("{FAE04EC0-301F-11D3-BF4B-00C04F79EFBC}") = "Uheaa.Common.Scripts", "..\CommonLibraries\Common\Scripts\Uheaa.Common.Scripts.csproj", "{30101894-A61F-4137-A6BE-45FB55D231E0}"
EndProject
Project("{FAE04EC0-301F-11D3-BF4B-00C04F79EFBC}") = "itextsharp", "..\CommonLibraries\Dependencies\iTextSharp 5.5.5\itextsharp-src-core\itextsharp.csproj", "{84C4FDD9-3ED7-453B-B9DA-B3ED52CB071C}"
EndProject
Project("{00D1A9C2-B5F0-4AF3-8072-F6C62B433612}") = "CentralizedPrintingProcess_UDW", "CentralizedPrintingProcess_UDW\CentralizedPrintingProcess_UDW.sqlproj", "{12D53649-C799-46D7-9AB5-FF65F305BFE4}"
EndProject
Project("{00D1A9C2-B5F0-4AF3-8072-F6C62B433612}") = "CentralizedPrintingProcess_EcorrUheaa", "CentralizedPrintingProcess_EcorrUheaa\CentralizedPrintingProcess_EcorrUheaa.sqlproj", "{63CF6ED4-777D-4EBC-8E14-E5D0A3354FB9}"
EndProject
Project("{00D1A9C2-B5F0-4AF3-8072-F6C62B433612}") = "CentralizedPrintingProcess_BSYS", "CentralizedPrintingProcess_BSYS\CentralizedPrintingProcess_BSYS.sqlproj", "{82A401CC-9516-4EA6-8139-5C0E517B9605}"
EndProject
Project("{FAE04EC0-301F-11D3-BF4B-00C04F79EFBC}") = "CNTRPRNT_Tests", "CNTRPRNT_Tests\CNTRPRNT_Tests.csproj", "{E19D878D-9579-4062-AE49-9058FF594636}"
EndProject
Global
	GlobalSection(SolutionConfigurationPlatforms) = preSolution
		Debug_woDrawing|Any CPU = Debug_woDrawing|Any CPU
		Debug|Any CPU = Debug|Any CPU
		QA|Any CPU = QA|Any CPU
		Release_woDrawing|Any CPU = Release_woDrawing|Any CPU
		Release|Any CPU = Release|Any CPU
		Test|Any CPU = Test|Any CPU
		TestDebug|Any CPU = TestDebug|Any CPU
	EndGlobalSection
	GlobalSection(ProjectConfigurationPlatforms) = postSolution
		{16CC8930-EAD5-4808-AB0A-CE8B8C6EE66C}.Debug_woDrawing|Any CPU.ActiveCfg = Debug|Any CPU
		{16CC8930-EAD5-4808-AB0A-CE8B8C6EE66C}.Debug_woDrawing|Any CPU.Build.0 = Debug|Any CPU
		{16CC8930-EAD5-4808-AB0A-CE8B8C6EE66C}.Debug|Any CPU.ActiveCfg = Debug|Any CPU
		{16CC8930-EAD5-4808-AB0A-CE8B8C6EE66C}.Debug|Any CPU.Build.0 = Debug|Any CPU
		{16CC8930-EAD5-4808-AB0A-CE8B8C6EE66C}.QA|Any CPU.ActiveCfg = Release|Any CPU
		{16CC8930-EAD5-4808-AB0A-CE8B8C6EE66C}.QA|Any CPU.Build.0 = Release|Any CPU
		{16CC8930-EAD5-4808-AB0A-CE8B8C6EE66C}.Release_woDrawing|Any CPU.ActiveCfg = Release|Any CPU
		{16CC8930-EAD5-4808-AB0A-CE8B8C6EE66C}.Release_woDrawing|Any CPU.Build.0 = Release|Any CPU
		{16CC8930-EAD5-4808-AB0A-CE8B8C6EE66C}.Release|Any CPU.ActiveCfg = Release|Any CPU
		{16CC8930-EAD5-4808-AB0A-CE8B8C6EE66C}.Release|Any CPU.Build.0 = Release|Any CPU
		{16CC8930-EAD5-4808-AB0A-CE8B8C6EE66C}.Test|Any CPU.ActiveCfg = Release|Any CPU
		{16CC8930-EAD5-4808-AB0A-CE8B8C6EE66C}.Test|Any CPU.Build.0 = Release|Any CPU
		{16CC8930-EAD5-4808-AB0A-CE8B8C6EE66C}.TestDebug|Any CPU.ActiveCfg = Debug|Any CPU
		{16CC8930-EAD5-4808-AB0A-CE8B8C6EE66C}.TestDebug|Any CPU.Build.0 = Debug|Any CPU
		{D39CCBC4-F262-4225-AE0C-925553DEA372}.Debug_woDrawing|Any CPU.ActiveCfg = Debug|Any CPU
		{D39CCBC4-F262-4225-AE0C-925553DEA372}.Debug_woDrawing|Any CPU.Build.0 = Debug|Any CPU
		{D39CCBC4-F262-4225-AE0C-925553DEA372}.Debug|Any CPU.ActiveCfg = Debug|Any CPU
		{D39CCBC4-F262-4225-AE0C-925553DEA372}.Debug|Any CPU.Build.0 = Debug|Any CPU
		{D39CCBC4-F262-4225-AE0C-925553DEA372}.QA|Any CPU.ActiveCfg = QA|Any CPU
		{D39CCBC4-F262-4225-AE0C-925553DEA372}.QA|Any CPU.Build.0 = QA|Any CPU
		{D39CCBC4-F262-4225-AE0C-925553DEA372}.Release_woDrawing|Any CPU.ActiveCfg = Release|Any CPU
		{D39CCBC4-F262-4225-AE0C-925553DEA372}.Release_woDrawing|Any CPU.Build.0 = Release|Any CPU
		{D39CCBC4-F262-4225-AE0C-925553DEA372}.Release|Any CPU.ActiveCfg = Release|Any CPU
		{D39CCBC4-F262-4225-AE0C-925553DEA372}.Release|Any CPU.Build.0 = Release|Any CPU
		{D39CCBC4-F262-4225-AE0C-925553DEA372}.Test|Any CPU.ActiveCfg = Test|Any CPU
		{D39CCBC4-F262-4225-AE0C-925553DEA372}.Test|Any CPU.Build.0 = Test|Any CPU
		{D39CCBC4-F262-4225-AE0C-925553DEA372}.TestDebug|Any CPU.ActiveCfg = TestDebug|Any CPU
		{D39CCBC4-F262-4225-AE0C-925553DEA372}.TestDebug|Any CPU.Build.0 = TestDebug|Any CPU
		{6FD27ED5-786D-4F03-8CB9-DDFDEC5C5192}.Debug_woDrawing|Any CPU.ActiveCfg = Debug|Any CPU
		{6FD27ED5-786D-4F03-8CB9-DDFDEC5C5192}.Debug_woDrawing|Any CPU.Build.0 = Debug|Any CPU
		{6FD27ED5-786D-4F03-8CB9-DDFDEC5C5192}.Debug|Any CPU.ActiveCfg = Debug|Any CPU
		{6FD27ED5-786D-4F03-8CB9-DDFDEC5C5192}.Debug|Any CPU.Build.0 = Debug|Any CPU
		{6FD27ED5-786D-4F03-8CB9-DDFDEC5C5192}.QA|Any CPU.ActiveCfg = QA|Any CPU
		{6FD27ED5-786D-4F03-8CB9-DDFDEC5C5192}.QA|Any CPU.Build.0 = QA|Any CPU
		{6FD27ED5-786D-4F03-8CB9-DDFDEC5C5192}.Release_woDrawing|Any CPU.ActiveCfg = Release|Any CPU
		{6FD27ED5-786D-4F03-8CB9-DDFDEC5C5192}.Release_woDrawing|Any CPU.Build.0 = Release|Any CPU
		{6FD27ED5-786D-4F03-8CB9-DDFDEC5C5192}.Release|Any CPU.ActiveCfg = Release|Any CPU
		{6FD27ED5-786D-4F03-8CB9-DDFDEC5C5192}.Release|Any CPU.Build.0 = Release|Any CPU
		{6FD27ED5-786D-4F03-8CB9-DDFDEC5C5192}.Test|Any CPU.ActiveCfg = Test|Any CPU
		{6FD27ED5-786D-4F03-8CB9-DDFDEC5C5192}.Test|Any CPU.Build.0 = Test|Any CPU
		{6FD27ED5-786D-4F03-8CB9-DDFDEC5C5192}.TestDebug|Any CPU.ActiveCfg = TestDebug|Any CPU
		{6FD27ED5-786D-4F03-8CB9-DDFDEC5C5192}.TestDebug|Any CPU.Build.0 = TestDebug|Any CPU
		{DDE98B0A-849D-4565-B67B-254F03A15CF4}.Debug_woDrawing|Any CPU.ActiveCfg = Debug|Any CPU
		{DDE98B0A-849D-4565-B67B-254F03A15CF4}.Debug_woDrawing|Any CPU.Build.0 = Debug|Any CPU
		{DDE98B0A-849D-4565-B67B-254F03A15CF4}.Debug|Any CPU.ActiveCfg = Debug|Any CPU
		{DDE98B0A-849D-4565-B67B-254F03A15CF4}.Debug|Any CPU.Build.0 = Debug|Any CPU
		{DDE98B0A-849D-4565-B67B-254F03A15CF4}.QA|Any CPU.ActiveCfg = Release|Any CPU
		{DDE98B0A-849D-4565-B67B-254F03A15CF4}.QA|Any CPU.Build.0 = Release|Any CPU
		{DDE98B0A-849D-4565-B67B-254F03A15CF4}.Release_woDrawing|Any CPU.ActiveCfg = Release|Any CPU
		{DDE98B0A-849D-4565-B67B-254F03A15CF4}.Release_woDrawing|Any CPU.Build.0 = Release|Any CPU
		{DDE98B0A-849D-4565-B67B-254F03A15CF4}.Release|Any CPU.ActiveCfg = Release|Any CPU
		{DDE98B0A-849D-4565-B67B-254F03A15CF4}.Release|Any CPU.Build.0 = Release|Any CPU
		{DDE98B0A-849D-4565-B67B-254F03A15CF4}.Test|Any CPU.ActiveCfg = Release|Any CPU
		{DDE98B0A-849D-4565-B67B-254F03A15CF4}.Test|Any CPU.Build.0 = Release|Any CPU
		{DDE98B0A-849D-4565-B67B-254F03A15CF4}.TestDebug|Any CPU.ActiveCfg = Debug|Any CPU
		{DDE98B0A-849D-4565-B67B-254F03A15CF4}.TestDebug|Any CPU.Build.0 = Debug|Any CPU
		{0EEC6608-8F88-4FAA-A7EB-7AE65F14F643}.Debug_woDrawing|Any CPU.ActiveCfg = Debug|Any CPU
		{0EEC6608-8F88-4FAA-A7EB-7AE65F14F643}.Debug_woDrawing|Any CPU.Build.0 = Debug|Any CPU
		{0EEC6608-8F88-4FAA-A7EB-7AE65F14F643}.Debug|Any CPU.ActiveCfg = Debug|Any CPU
		{0EEC6608-8F88-4FAA-A7EB-7AE65F14F643}.Debug|Any CPU.Build.0 = Debug|Any CPU
		{0EEC6608-8F88-4FAA-A7EB-7AE65F14F643}.QA|Any CPU.ActiveCfg = Release|Any CPU
		{0EEC6608-8F88-4FAA-A7EB-7AE65F14F643}.QA|Any CPU.Build.0 = Release|Any CPU
		{0EEC6608-8F88-4FAA-A7EB-7AE65F14F643}.Release_woDrawing|Any CPU.ActiveCfg = Release|Any CPU
		{0EEC6608-8F88-4FAA-A7EB-7AE65F14F643}.Release_woDrawing|Any CPU.Build.0 = Release|Any CPU
		{0EEC6608-8F88-4FAA-A7EB-7AE65F14F643}.Release|Any CPU.ActiveCfg = Release|Any CPU
		{0EEC6608-8F88-4FAA-A7EB-7AE65F14F643}.Release|Any CPU.Build.0 = Release|Any CPU
		{0EEC6608-8F88-4FAA-A7EB-7AE65F14F643}.Test|Any CPU.ActiveCfg = Release|Any CPU
		{0EEC6608-8F88-4FAA-A7EB-7AE65F14F643}.Test|Any CPU.Build.0 = Release|Any CPU
		{0EEC6608-8F88-4FAA-A7EB-7AE65F14F643}.TestDebug|Any CPU.ActiveCfg = Debug|Any CPU
		{0EEC6608-8F88-4FAA-A7EB-7AE65F14F643}.TestDebug|Any CPU.Build.0 = Debug|Any CPU
		{30101894-A61F-4137-A6BE-45FB55D231E0}.Debug_woDrawing|Any CPU.ActiveCfg = Debug|Any CPU
		{30101894-A61F-4137-A6BE-45FB55D231E0}.Debug_woDrawing|Any CPU.Build.0 = Debug|Any CPU
		{30101894-A61F-4137-A6BE-45FB55D231E0}.Debug|Any CPU.ActiveCfg = Debug|Any CPU
		{30101894-A61F-4137-A6BE-45FB55D231E0}.Debug|Any CPU.Build.0 = Debug|Any CPU
		{30101894-A61F-4137-A6BE-45FB55D231E0}.QA|Any CPU.ActiveCfg = TestDebug|Any CPU
		{30101894-A61F-4137-A6BE-45FB55D231E0}.QA|Any CPU.Build.0 = TestDebug|Any CPU
		{30101894-A61F-4137-A6BE-45FB55D231E0}.Release_woDrawing|Any CPU.ActiveCfg = Release|Any CPU
		{30101894-A61F-4137-A6BE-45FB55D231E0}.Release_woDrawing|Any CPU.Build.0 = Release|Any CPU
		{30101894-A61F-4137-A6BE-45FB55D231E0}.Release|Any CPU.ActiveCfg = Release|Any CPU
		{30101894-A61F-4137-A6BE-45FB55D231E0}.Release|Any CPU.Build.0 = Release|Any CPU
		{30101894-A61F-4137-A6BE-45FB55D231E0}.Test|Any CPU.ActiveCfg = TestDebug|Any CPU
		{30101894-A61F-4137-A6BE-45FB55D231E0}.Test|Any CPU.Build.0 = TestDebug|Any CPU
		{30101894-A61F-4137-A6BE-45FB55D231E0}.TestDebug|Any CPU.ActiveCfg = TestDebug|Any CPU
		{30101894-A61F-4137-A6BE-45FB55D231E0}.TestDebug|Any CPU.Build.0 = TestDebug|Any CPU
		{84C4FDD9-3ED7-453B-B9DA-B3ED52CB071C}.Debug_woDrawing|Any CPU.ActiveCfg = Debug_woDrawing|Any CPU
		{84C4FDD9-3ED7-453B-B9DA-B3ED52CB071C}.Debug_woDrawing|Any CPU.Build.0 = Debug_woDrawing|Any CPU
		{84C4FDD9-3ED7-453B-B9DA-B3ED52CB071C}.Debug|Any CPU.ActiveCfg = Debug|Any CPU
		{84C4FDD9-3ED7-453B-B9DA-B3ED52CB071C}.Debug|Any CPU.Build.0 = Debug|Any CPU
		{84C4FDD9-3ED7-453B-B9DA-B3ED52CB071C}.QA|Any CPU.ActiveCfg = Release_woDrawing|Any CPU
		{84C4FDD9-3ED7-453B-B9DA-B3ED52CB071C}.QA|Any CPU.Build.0 = Release_woDrawing|Any CPU
		{84C4FDD9-3ED7-453B-B9DA-B3ED52CB071C}.Release_woDrawing|Any CPU.ActiveCfg = Release_woDrawing|Any CPU
		{84C4FDD9-3ED7-453B-B9DA-B3ED52CB071C}.Release_woDrawing|Any CPU.Build.0 = Release_woDrawing|Any CPU
		{84C4FDD9-3ED7-453B-B9DA-B3ED52CB071C}.Release|Any CPU.ActiveCfg = Release|Any CPU
		{84C4FDD9-3ED7-453B-B9DA-B3ED52CB071C}.Release|Any CPU.Build.0 = Release|Any CPU
		{84C4FDD9-3ED7-453B-B9DA-B3ED52CB071C}.Test|Any CPU.ActiveCfg = Release_woDrawing|Any CPU
		{84C4FDD9-3ED7-453B-B9DA-B3ED52CB071C}.Test|Any CPU.Build.0 = Release_woDrawing|Any CPU
		{84C4FDD9-3ED7-453B-B9DA-B3ED52CB071C}.TestDebug|Any CPU.ActiveCfg = Debug|Any CPU
		{84C4FDD9-3ED7-453B-B9DA-B3ED52CB071C}.TestDebug|Any CPU.Build.0 = Debug|Any CPU
		{12D53649-C799-46D7-9AB5-FF65F305BFE4}.Debug_woDrawing|Any CPU.ActiveCfg = Debug|Any CPU
		{12D53649-C799-46D7-9AB5-FF65F305BFE4}.Debug_woDrawing|Any CPU.Build.0 = Debug|Any CPU
		{12D53649-C799-46D7-9AB5-FF65F305BFE4}.Debug_woDrawing|Any CPU.Deploy.0 = Debug|Any CPU
		{12D53649-C799-46D7-9AB5-FF65F305BFE4}.Debug|Any CPU.ActiveCfg = Debug|Any CPU
		{12D53649-C799-46D7-9AB5-FF65F305BFE4}.Debug|Any CPU.Build.0 = Debug|Any CPU
		{12D53649-C799-46D7-9AB5-FF65F305BFE4}.Debug|Any CPU.Deploy.0 = Debug|Any CPU
		{12D53649-C799-46D7-9AB5-FF65F305BFE4}.QA|Any CPU.ActiveCfg = Debug|Any CPU
		{12D53649-C799-46D7-9AB5-FF65F305BFE4}.QA|Any CPU.Build.0 = Debug|Any CPU
		{12D53649-C799-46D7-9AB5-FF65F305BFE4}.QA|Any CPU.Deploy.0 = Debug|Any CPU
		{12D53649-C799-46D7-9AB5-FF65F305BFE4}.Release_woDrawing|Any CPU.ActiveCfg = Release|Any CPU
		{12D53649-C799-46D7-9AB5-FF65F305BFE4}.Release_woDrawing|Any CPU.Build.0 = Release|Any CPU
		{12D53649-C799-46D7-9AB5-FF65F305BFE4}.Release_woDrawing|Any CPU.Deploy.0 = Release|Any CPU
		{12D53649-C799-46D7-9AB5-FF65F305BFE4}.Release|Any CPU.ActiveCfg = Release|Any CPU
		{12D53649-C799-46D7-9AB5-FF65F305BFE4}.Release|Any CPU.Build.0 = Release|Any CPU
		{12D53649-C799-46D7-9AB5-FF65F305BFE4}.Release|Any CPU.Deploy.0 = Release|Any CPU
		{12D53649-C799-46D7-9AB5-FF65F305BFE4}.Test|Any CPU.ActiveCfg = Debug|Any CPU
		{12D53649-C799-46D7-9AB5-FF65F305BFE4}.Test|Any CPU.Build.0 = Debug|Any CPU
		{12D53649-C799-46D7-9AB5-FF65F305BFE4}.Test|Any CPU.Deploy.0 = Debug|Any CPU
		{12D53649-C799-46D7-9AB5-FF65F305BFE4}.TestDebug|Any CPU.ActiveCfg = Debug|Any CPU
		{12D53649-C799-46D7-9AB5-FF65F305BFE4}.TestDebug|Any CPU.Build.0 = Debug|Any CPU
		{12D53649-C799-46D7-9AB5-FF65F305BFE4}.TestDebug|Any CPU.Deploy.0 = Debug|Any CPU
		{63CF6ED4-777D-4EBC-8E14-E5D0A3354FB9}.Debug_woDrawing|Any CPU.ActiveCfg = Debug|Any CPU
		{63CF6ED4-777D-4EBC-8E14-E5D0A3354FB9}.Debug_woDrawing|Any CPU.Build.0 = Debug|Any CPU
		{63CF6ED4-777D-4EBC-8E14-E5D0A3354FB9}.Debug_woDrawing|Any CPU.Deploy.0 = Debug|Any CPU
		{63CF6ED4-777D-4EBC-8E14-E5D0A3354FB9}.Debug|Any CPU.ActiveCfg = Debug|Any CPU
		{63CF6ED4-777D-4EBC-8E14-E5D0A3354FB9}.Debug|Any CPU.Build.0 = Debug|Any CPU
		{63CF6ED4-777D-4EBC-8E14-E5D0A3354FB9}.Debug|Any CPU.Deploy.0 = Debug|Any CPU
		{63CF6ED4-777D-4EBC-8E14-E5D0A3354FB9}.QA|Any CPU.ActiveCfg = Debug|Any CPU
		{63CF6ED4-777D-4EBC-8E14-E5D0A3354FB9}.QA|Any CPU.Build.0 = Debug|Any CPU
		{63CF6ED4-777D-4EBC-8E14-E5D0A3354FB9}.QA|Any CPU.Deploy.0 = Debug|Any CPU
		{63CF6ED4-777D-4EBC-8E14-E5D0A3354FB9}.Release_woDrawing|Any CPU.ActiveCfg = Release|Any CPU
		{63CF6ED4-777D-4EBC-8E14-E5D0A3354FB9}.Release_woDrawing|Any CPU.Build.0 = Release|Any CPU
		{63CF6ED4-777D-4EBC-8E14-E5D0A3354FB9}.Release_woDrawing|Any CPU.Deploy.0 = Release|Any CPU
		{63CF6ED4-777D-4EBC-8E14-E5D0A3354FB9}.Release|Any CPU.ActiveCfg = Release|Any CPU
		{63CF6ED4-777D-4EBC-8E14-E5D0A3354FB9}.Release|Any CPU.Build.0 = Release|Any CPU
		{63CF6ED4-777D-4EBC-8E14-E5D0A3354FB9}.Release|Any CPU.Deploy.0 = Release|Any CPU
		{63CF6ED4-777D-4EBC-8E14-E5D0A3354FB9}.Test|Any CPU.ActiveCfg = Debug|Any CPU
		{63CF6ED4-777D-4EBC-8E14-E5D0A3354FB9}.Test|Any CPU.Build.0 = Debug|Any CPU
		{63CF6ED4-777D-4EBC-8E14-E5D0A3354FB9}.Test|Any CPU.Deploy.0 = Debug|Any CPU
		{63CF6ED4-777D-4EBC-8E14-E5D0A3354FB9}.TestDebug|Any CPU.ActiveCfg = Debug|Any CPU
		{63CF6ED4-777D-4EBC-8E14-E5D0A3354FB9}.TestDebug|Any CPU.Build.0 = Debug|Any CPU
		{63CF6ED4-777D-4EBC-8E14-E5D0A3354FB9}.TestDebug|Any CPU.Deploy.0 = Debug|Any CPU
		{82A401CC-9516-4EA6-8139-5C0E517B9605}.Debug_woDrawing|Any CPU.ActiveCfg = Debug|Any CPU
		{82A401CC-9516-4EA6-8139-5C0E517B9605}.Debug_woDrawing|Any CPU.Build.0 = Debug|Any CPU
		{82A401CC-9516-4EA6-8139-5C0E517B9605}.Debug_woDrawing|Any CPU.Deploy.0 = Debug|Any CPU
		{82A401CC-9516-4EA6-8139-5C0E517B9605}.Debug|Any CPU.ActiveCfg = Debug|Any CPU
		{82A401CC-9516-4EA6-8139-5C0E517B9605}.Debug|Any CPU.Build.0 = Debug|Any CPU
		{82A401CC-9516-4EA6-8139-5C0E517B9605}.Debug|Any CPU.Deploy.0 = Debug|Any CPU
		{82A401CC-9516-4EA6-8139-5C0E517B9605}.QA|Any CPU.ActiveCfg = Debug|Any CPU
		{82A401CC-9516-4EA6-8139-5C0E517B9605}.QA|Any CPU.Build.0 = Debug|Any CPU
		{82A401CC-9516-4EA6-8139-5C0E517B9605}.QA|Any CPU.Deploy.0 = Debug|Any CPU
		{82A401CC-9516-4EA6-8139-5C0E517B9605}.Release_woDrawing|Any CPU.ActiveCfg = Release|Any CPU
		{82A401CC-9516-4EA6-8139-5C0E517B9605}.Release_woDrawing|Any CPU.Build.0 = Release|Any CPU
		{82A401CC-9516-4EA6-8139-5C0E517B9605}.Release_woDrawing|Any CPU.Deploy.0 = Release|Any CPU
		{82A401CC-9516-4EA6-8139-5C0E517B9605}.Release|Any CPU.ActiveCfg = Release|Any CPU
		{82A401CC-9516-4EA6-8139-5C0E517B9605}.Release|Any CPU.Build.0 = Release|Any CPU
		{82A401CC-9516-4EA6-8139-5C0E517B9605}.Release|Any CPU.Deploy.0 = Release|Any CPU
		{82A401CC-9516-4EA6-8139-5C0E517B9605}.Test|Any CPU.ActiveCfg = Debug|Any CPU
		{82A401CC-9516-4EA6-8139-5C0E517B9605}.Test|Any CPU.Build.0 = Debug|Any CPU
		{82A401CC-9516-4EA6-8139-5C0E517B9605}.Test|Any CPU.Deploy.0 = Debug|Any CPU
		{82A401CC-9516-4EA6-8139-5C0E517B9605}.TestDebug|Any CPU.ActiveCfg = Debug|Any CPU
		{82A401CC-9516-4EA6-8139-5C0E517B9605}.TestDebug|Any CPU.Build.0 = Debug|Any CPU
		{82A401CC-9516-4EA6-8139-5C0E517B9605}.TestDebug|Any CPU.Deploy.0 = Debug|Any CPU
		{E19D878D-9579-4062-AE49-9058FF594636}.Debug_woDrawing|Any CPU.ActiveCfg = Debug|Any CPU
		{E19D878D-9579-4062-AE49-9058FF594636}.Debug_woDrawing|Any CPU.Build.0 = Debug|Any CPU
		{E19D878D-9579-4062-AE49-9058FF594636}.Debug|Any CPU.ActiveCfg = Debug|Any CPU
		{E19D878D-9579-4062-AE49-9058FF594636}.Debug|Any CPU.Build.0 = Debug|Any CPU
		{E19D878D-9579-4062-AE49-9058FF594636}.QA|Any CPU.ActiveCfg = Debug|Any CPU
		{E19D878D-9579-4062-AE49-9058FF594636}.QA|Any CPU.Build.0 = Debug|Any CPU
		{E19D878D-9579-4062-AE49-9058FF594636}.Release_woDrawing|Any CPU.ActiveCfg = Release|Any CPU
		{E19D878D-9579-4062-AE49-9058FF594636}.Release_woDrawing|Any CPU.Build.0 = Release|Any CPU
		{E19D878D-9579-4062-AE49-9058FF594636}.Release|Any CPU.ActiveCfg = Release|Any CPU
		{E19D878D-9579-4062-AE49-9058FF594636}.Release|Any CPU.Build.0 = Release|Any CPU
		{E19D878D-9579-4062-AE49-9058FF594636}.Test|Any CPU.ActiveCfg = Debug|Any CPU
		{E19D878D-9579-4062-AE49-9058FF594636}.Test|Any CPU.Build.0 = Debug|Any CPU
		{E19D878D-9579-4062-AE49-9058FF594636}.TestDebug|Any CPU.ActiveCfg = Debug|Any CPU
		{E19D878D-9579-4062-AE49-9058FF594636}.TestDebug|Any CPU.Build.0 = Debug|Any CPU
	EndGlobalSection
	GlobalSection(SolutionProperties) = preSolution
		HideSolutionNode = FALSE
	EndGlobalSection
	GlobalSection(ExtensibilityGlobals) = postSolution
		SolutionGuid = {52C20ACF-CE99-4ACC-8E5F-FC6FA1B192BA}
	EndGlobalSection
EndGlobal
