
Microsoft Visual Studio Solution File, Format Version 12.00
# Visual Studio Version 16
VisualStudioVersion = 16.0.30711.63
MinimumVisualStudioVersion = 10.0.40219.1
Project("{FAE04EC0-301F-11D3-BF4B-00C04F79EFBC}") = "ThrdPrtyAuthResponse", "TRDPRTYRES\ThrdPrtyAuthResponse.csproj", "{FD8FE3BE-B16D-4C34-B0B6-C3FCB07FDA59}"
EndProject
Project("{FAE04EC0-301F-11D3-BF4B-00C04F79EFBC}") = "Uheaa.Common", "..\CommonLibraries\Common\Common\Uheaa.Common.csproj", "{D39CCBC4-F262-4225-AE0C-925553DEA372}"
EndProject
Project("{FAE04EC0-301F-11D3-BF4B-00C04F79EFBC}") = "Uheaa.Common.DataAccess", "..\CommonLibraries\Common\DataAccess\Uheaa.Common.DataAccess.csproj", "{6FD27ED5-786D-4F03-8CB9-DDFDEC5C5192}"
EndProject
Project("{FAE04EC0-301F-11D3-BF4B-00C04F79EFBC}") = "Uheaa.Common.DocumentProcessing", "..\CommonLibraries\Common\DocumentProcessing\DocumentProcessing\Uheaa.Common.DocumentProcessing\Uheaa.Common.DocumentProcessing.csproj", "{DDE98B0A-849D-4565-B67B-254F03A15CF4}"
EndProject
Project("{FAE04EC0-301F-11D3-BF4B-00C04F79EFBC}") = "Uheaa.Common.Scripts", "..\CommonLibraries\Common\Scripts\Uheaa.Common.Scripts.csproj", "{30101894-A61F-4137-A6BE-45FB55D231E0}"
EndProject
Project("{FAE04EC0-301F-11D3-BF4B-00C04F79EFBC}") = "_Starter", "_Start\_Starter.csproj", "{F2AB03C0-EDF7-406C-B1F4-02CD4E868DD2}"
EndProject
Project("{FAE04EC0-301F-11D3-BF4B-00C04F79EFBC}") = "Uheaa.Common.ProcessLogger", "..\CommonLibraries\Common\ProcessLogger\ProcessLogger\Uheaa.Common.ProcessLogger.csproj", "{0EEC6608-8F88-4FAA-A7EB-7AE65F14F643}"
EndProject
Project("{FAE04EC0-301F-11D3-BF4B-00C04F79EFBC}") = "TRDPRTYRES_Test", "TRDPRTYRES_Test\TRDPRTYRES_Test.csproj", "{0ACA0457-6809-4160-8B33-67EC2E3BD248}"
EndProject
Project("{FAE04EC0-301F-11D3-BF4B-00C04F79EFBC}") = "Uheaa.Common.WinForms", "..\CommonLibraries\Common\WinForms\Uheaa.Common.WinForms.csproj", "{9C5232EF-657C-4BCE-8B89-63B99383C604}"
EndProject
Project("{00D1A9C2-B5F0-4AF3-8072-F6C62B433612}") = "ODW_TRDPRTYRES", "ODW_TRDPRTYRES\ODW_TRDPRTYRES.sqlproj", "{A7F6CA5E-19AB-44E0-BB1C-C8CD2C4A5F56}"
EndProject
Project("{00D1A9C2-B5F0-4AF3-8072-F6C62B433612}") = "ULS_TRDPRTYRES", "ULS_TRDPRTYRES\ULS_TRDPRTYRES.sqlproj", "{47B6BD05-0B71-4004-8A9A-A2E411A689A2}"
EndProject
Project("{00D1A9C2-B5F0-4AF3-8072-F6C62B433612}") = "UDW_TRDPRTYRES", "UDW_TRDPRTYRES\UDW_TRDPRTYRES.sqlproj", "{AD8E1C61-8A2D-4773-B186-EB1D4B2A10DA}"
EndProject
Global
	GlobalSection(SolutionConfigurationPlatforms) = preSolution
		Debug|Any CPU = Debug|Any CPU
		QA|Any CPU = QA|Any CPU
		Release|Any CPU = Release|Any CPU
		Test|Any CPU = Test|Any CPU
		TestDebug|Any CPU = TestDebug|Any CPU
	EndGlobalSection
	GlobalSection(ProjectConfigurationPlatforms) = postSolution
		{FD8FE3BE-B16D-4C34-B0B6-C3FCB07FDA59}.Debug|Any CPU.ActiveCfg = Debug|Any CPU
		{FD8FE3BE-B16D-4C34-B0B6-C3FCB07FDA59}.Debug|Any CPU.Build.0 = Debug|Any CPU
		{FD8FE3BE-B16D-4C34-B0B6-C3FCB07FDA59}.QA|Any CPU.ActiveCfg = Release|Any CPU
		{FD8FE3BE-B16D-4C34-B0B6-C3FCB07FDA59}.QA|Any CPU.Build.0 = Release|Any CPU
		{FD8FE3BE-B16D-4C34-B0B6-C3FCB07FDA59}.Release|Any CPU.ActiveCfg = Release|Any CPU
		{FD8FE3BE-B16D-4C34-B0B6-C3FCB07FDA59}.Release|Any CPU.Build.0 = Release|Any CPU
		{FD8FE3BE-B16D-4C34-B0B6-C3FCB07FDA59}.Test|Any CPU.ActiveCfg = Release|Any CPU
		{FD8FE3BE-B16D-4C34-B0B6-C3FCB07FDA59}.Test|Any CPU.Build.0 = Release|Any CPU
		{FD8FE3BE-B16D-4C34-B0B6-C3FCB07FDA59}.TestDebug|Any CPU.ActiveCfg = Debug|Any CPU
		{FD8FE3BE-B16D-4C34-B0B6-C3FCB07FDA59}.TestDebug|Any CPU.Build.0 = Debug|Any CPU
		{D39CCBC4-F262-4225-AE0C-925553DEA372}.Debug|Any CPU.ActiveCfg = Debug|Any CPU
		{D39CCBC4-F262-4225-AE0C-925553DEA372}.Debug|Any CPU.Build.0 = Debug|Any CPU
		{D39CCBC4-F262-4225-AE0C-925553DEA372}.QA|Any CPU.ActiveCfg = QA|Any CPU
		{D39CCBC4-F262-4225-AE0C-925553DEA372}.QA|Any CPU.Build.0 = QA|Any CPU
		{D39CCBC4-F262-4225-AE0C-925553DEA372}.Release|Any CPU.ActiveCfg = Release|Any CPU
		{D39CCBC4-F262-4225-AE0C-925553DEA372}.Release|Any CPU.Build.0 = Release|Any CPU
		{D39CCBC4-F262-4225-AE0C-925553DEA372}.Test|Any CPU.ActiveCfg = Test|Any CPU
		{D39CCBC4-F262-4225-AE0C-925553DEA372}.Test|Any CPU.Build.0 = Test|Any CPU
		{D39CCBC4-F262-4225-AE0C-925553DEA372}.TestDebug|Any CPU.ActiveCfg = TestDebug|Any CPU
		{D39CCBC4-F262-4225-AE0C-925553DEA372}.TestDebug|Any CPU.Build.0 = TestDebug|Any CPU
		{6FD27ED5-786D-4F03-8CB9-DDFDEC5C5192}.Debug|Any CPU.ActiveCfg = Debug|Any CPU
		{6FD27ED5-786D-4F03-8CB9-DDFDEC5C5192}.Debug|Any CPU.Build.0 = Debug|Any CPU
		{6FD27ED5-786D-4F03-8CB9-DDFDEC5C5192}.QA|Any CPU.ActiveCfg = QA|Any CPU
		{6FD27ED5-786D-4F03-8CB9-DDFDEC5C5192}.QA|Any CPU.Build.0 = QA|Any CPU
		{6FD27ED5-786D-4F03-8CB9-DDFDEC5C5192}.Release|Any CPU.ActiveCfg = Release|Any CPU
		{6FD27ED5-786D-4F03-8CB9-DDFDEC5C5192}.Release|Any CPU.Build.0 = Release|Any CPU
		{6FD27ED5-786D-4F03-8CB9-DDFDEC5C5192}.Test|Any CPU.ActiveCfg = Test|Any CPU
		{6FD27ED5-786D-4F03-8CB9-DDFDEC5C5192}.Test|Any CPU.Build.0 = Test|Any CPU
		{6FD27ED5-786D-4F03-8CB9-DDFDEC5C5192}.TestDebug|Any CPU.ActiveCfg = TestDebug|Any CPU
		{6FD27ED5-786D-4F03-8CB9-DDFDEC5C5192}.TestDebug|Any CPU.Build.0 = TestDebug|Any CPU
		{DDE98B0A-849D-4565-B67B-254F03A15CF4}.Debug|Any CPU.ActiveCfg = Debug|Any CPU
		{DDE98B0A-849D-4565-B67B-254F03A15CF4}.Debug|Any CPU.Build.0 = Debug|Any CPU
		{DDE98B0A-849D-4565-B67B-254F03A15CF4}.QA|Any CPU.ActiveCfg = Release|Any CPU
		{DDE98B0A-849D-4565-B67B-254F03A15CF4}.QA|Any CPU.Build.0 = Release|Any CPU
		{DDE98B0A-849D-4565-B67B-254F03A15CF4}.Release|Any CPU.ActiveCfg = Release|Any CPU
		{DDE98B0A-849D-4565-B67B-254F03A15CF4}.Release|Any CPU.Build.0 = Release|Any CPU
		{DDE98B0A-849D-4565-B67B-254F03A15CF4}.Test|Any CPU.ActiveCfg = Release|Any CPU
		{DDE98B0A-849D-4565-B67B-254F03A15CF4}.Test|Any CPU.Build.0 = Release|Any CPU
		{DDE98B0A-849D-4565-B67B-254F03A15CF4}.TestDebug|Any CPU.ActiveCfg = Debug|Any CPU
		{DDE98B0A-849D-4565-B67B-254F03A15CF4}.TestDebug|Any CPU.Build.0 = Debug|Any CPU
		{30101894-A61F-4137-A6BE-45FB55D231E0}.Debug|Any CPU.ActiveCfg = Debug|Any CPU
		{30101894-A61F-4137-A6BE-45FB55D231E0}.Debug|Any CPU.Build.0 = Debug|Any CPU
		{30101894-A61F-4137-A6BE-45FB55D231E0}.QA|Any CPU.ActiveCfg = TestDebug|Any CPU
		{30101894-A61F-4137-A6BE-45FB55D231E0}.QA|Any CPU.Build.0 = TestDebug|Any CPU
		{30101894-A61F-4137-A6BE-45FB55D231E0}.Release|Any CPU.ActiveCfg = Release|Any CPU
		{30101894-A61F-4137-A6BE-45FB55D231E0}.Release|Any CPU.Build.0 = Release|Any CPU
		{30101894-A61F-4137-A6BE-45FB55D231E0}.Test|Any CPU.ActiveCfg = TestDebug|Any CPU
		{30101894-A61F-4137-A6BE-45FB55D231E0}.Test|Any CPU.Build.0 = TestDebug|Any CPU
		{30101894-A61F-4137-A6BE-45FB55D231E0}.TestDebug|Any CPU.ActiveCfg = TestDebug|Any CPU
		{30101894-A61F-4137-A6BE-45FB55D231E0}.TestDebug|Any CPU.Build.0 = TestDebug|Any CPU
		{F2AB03C0-EDF7-406C-B1F4-02CD4E868DD2}.Debug|Any CPU.ActiveCfg = Debug|Any CPU
		{F2AB03C0-EDF7-406C-B1F4-02CD4E868DD2}.Debug|Any CPU.Build.0 = Debug|Any CPU
		{F2AB03C0-EDF7-406C-B1F4-02CD4E868DD2}.QA|Any CPU.ActiveCfg = Release|Any CPU
		{F2AB03C0-EDF7-406C-B1F4-02CD4E868DD2}.QA|Any CPU.Build.0 = Release|Any CPU
		{F2AB03C0-EDF7-406C-B1F4-02CD4E868DD2}.Release|Any CPU.ActiveCfg = Release|Any CPU
		{F2AB03C0-EDF7-406C-B1F4-02CD4E868DD2}.Release|Any CPU.Build.0 = Release|Any CPU
		{F2AB03C0-EDF7-406C-B1F4-02CD4E868DD2}.Test|Any CPU.ActiveCfg = Release|Any CPU
		{F2AB03C0-EDF7-406C-B1F4-02CD4E868DD2}.Test|Any CPU.Build.0 = Release|Any CPU
		{F2AB03C0-EDF7-406C-B1F4-02CD4E868DD2}.TestDebug|Any CPU.ActiveCfg = Debug|Any CPU
		{F2AB03C0-EDF7-406C-B1F4-02CD4E868DD2}.TestDebug|Any CPU.Build.0 = Debug|Any CPU
		{0EEC6608-8F88-4FAA-A7EB-7AE65F14F643}.Debug|Any CPU.ActiveCfg = Debug|Any CPU
		{0EEC6608-8F88-4FAA-A7EB-7AE65F14F643}.Debug|Any CPU.Build.0 = Debug|Any CPU
		{0EEC6608-8F88-4FAA-A7EB-7AE65F14F643}.QA|Any CPU.ActiveCfg = Release|Any CPU
		{0EEC6608-8F88-4FAA-A7EB-7AE65F14F643}.QA|Any CPU.Build.0 = Release|Any CPU
		{0EEC6608-8F88-4FAA-A7EB-7AE65F14F643}.Release|Any CPU.ActiveCfg = Release|Any CPU
		{0EEC6608-8F88-4FAA-A7EB-7AE65F14F643}.Release|Any CPU.Build.0 = Release|Any CPU
		{0EEC6608-8F88-4FAA-A7EB-7AE65F14F643}.Test|Any CPU.ActiveCfg = Release|Any CPU
		{0EEC6608-8F88-4FAA-A7EB-7AE65F14F643}.Test|Any CPU.Build.0 = Release|Any CPU
		{0EEC6608-8F88-4FAA-A7EB-7AE65F14F643}.TestDebug|Any CPU.ActiveCfg = Debug|Any CPU
		{0EEC6608-8F88-4FAA-A7EB-7AE65F14F643}.TestDebug|Any CPU.Build.0 = Debug|Any CPU
		{0ACA0457-6809-4160-8B33-67EC2E3BD248}.Debug|Any CPU.ActiveCfg = Debug|Any CPU
		{0ACA0457-6809-4160-8B33-67EC2E3BD248}.Debug|Any CPU.Build.0 = Debug|Any CPU
		{0ACA0457-6809-4160-8B33-67EC2E3BD248}.QA|Any CPU.ActiveCfg = Release|Any CPU
		{0ACA0457-6809-4160-8B33-67EC2E3BD248}.QA|Any CPU.Build.0 = Release|Any CPU
		{0ACA0457-6809-4160-8B33-67EC2E3BD248}.Release|Any CPU.ActiveCfg = Release|Any CPU
		{0ACA0457-6809-4160-8B33-67EC2E3BD248}.Release|Any CPU.Build.0 = Release|Any CPU
		{0ACA0457-6809-4160-8B33-67EC2E3BD248}.Test|Any CPU.ActiveCfg = Release|Any CPU
		{0ACA0457-6809-4160-8B33-67EC2E3BD248}.Test|Any CPU.Build.0 = Release|Any CPU
		{0ACA0457-6809-4160-8B33-67EC2E3BD248}.TestDebug|Any CPU.ActiveCfg = Debug|Any CPU
		{0ACA0457-6809-4160-8B33-67EC2E3BD248}.TestDebug|Any CPU.Build.0 = Debug|Any CPU
		{9C5232EF-657C-4BCE-8B89-63B99383C604}.Debug|Any CPU.ActiveCfg = Debug|Any CPU
		{9C5232EF-657C-4BCE-8B89-63B99383C604}.Debug|Any CPU.Build.0 = Debug|Any CPU
		{9C5232EF-657C-4BCE-8B89-63B99383C604}.QA|Any CPU.ActiveCfg = Release|Any CPU
		{9C5232EF-657C-4BCE-8B89-63B99383C604}.QA|Any CPU.Build.0 = Release|Any CPU
		{9C5232EF-657C-4BCE-8B89-63B99383C604}.Release|Any CPU.ActiveCfg = Release|Any CPU
		{9C5232EF-657C-4BCE-8B89-63B99383C604}.Release|Any CPU.Build.0 = Release|Any CPU
		{9C5232EF-657C-4BCE-8B89-63B99383C604}.Test|Any CPU.ActiveCfg = Release|Any CPU
		{9C5232EF-657C-4BCE-8B89-63B99383C604}.Test|Any CPU.Build.0 = Release|Any CPU
		{9C5232EF-657C-4BCE-8B89-63B99383C604}.TestDebug|Any CPU.ActiveCfg = Debug|Any CPU
		{9C5232EF-657C-4BCE-8B89-63B99383C604}.TestDebug|Any CPU.Build.0 = Debug|Any CPU
		{A7F6CA5E-19AB-44E0-BB1C-C8CD2C4A5F56}.Debug|Any CPU.ActiveCfg = Debug|Any CPU
		{A7F6CA5E-19AB-44E0-BB1C-C8CD2C4A5F56}.Debug|Any CPU.Build.0 = Debug|Any CPU
		{A7F6CA5E-19AB-44E0-BB1C-C8CD2C4A5F56}.Debug|Any CPU.Deploy.0 = Debug|Any CPU
		{A7F6CA5E-19AB-44E0-BB1C-C8CD2C4A5F56}.QA|Any CPU.ActiveCfg = Release|Any CPU
		{A7F6CA5E-19AB-44E0-BB1C-C8CD2C4A5F56}.QA|Any CPU.Build.0 = Release|Any CPU
		{A7F6CA5E-19AB-44E0-BB1C-C8CD2C4A5F56}.QA|Any CPU.Deploy.0 = Release|Any CPU
		{A7F6CA5E-19AB-44E0-BB1C-C8CD2C4A5F56}.Release|Any CPU.ActiveCfg = Release|Any CPU
		{A7F6CA5E-19AB-44E0-BB1C-C8CD2C4A5F56}.Release|Any CPU.Build.0 = Release|Any CPU
		{A7F6CA5E-19AB-44E0-BB1C-C8CD2C4A5F56}.Release|Any CPU.Deploy.0 = Release|Any CPU
		{A7F6CA5E-19AB-44E0-BB1C-C8CD2C4A5F56}.Test|Any CPU.ActiveCfg = Release|Any CPU
		{A7F6CA5E-19AB-44E0-BB1C-C8CD2C4A5F56}.Test|Any CPU.Build.0 = Release|Any CPU
		{A7F6CA5E-19AB-44E0-BB1C-C8CD2C4A5F56}.Test|Any CPU.Deploy.0 = Release|Any CPU
		{A7F6CA5E-19AB-44E0-BB1C-C8CD2C4A5F56}.TestDebug|Any CPU.ActiveCfg = Debug|Any CPU
		{A7F6CA5E-19AB-44E0-BB1C-C8CD2C4A5F56}.TestDebug|Any CPU.Build.0 = Debug|Any CPU
		{A7F6CA5E-19AB-44E0-BB1C-C8CD2C4A5F56}.TestDebug|Any CPU.Deploy.0 = Debug|Any CPU
		{47B6BD05-0B71-4004-8A9A-A2E411A689A2}.Debug|Any CPU.ActiveCfg = Debug|Any CPU
		{47B6BD05-0B71-4004-8A9A-A2E411A689A2}.Debug|Any CPU.Build.0 = Debug|Any CPU
		{47B6BD05-0B71-4004-8A9A-A2E411A689A2}.Debug|Any CPU.Deploy.0 = Debug|Any CPU
		{47B6BD05-0B71-4004-8A9A-A2E411A689A2}.QA|Any CPU.ActiveCfg = Release|Any CPU
		{47B6BD05-0B71-4004-8A9A-A2E411A689A2}.QA|Any CPU.Build.0 = Release|Any CPU
		{47B6BD05-0B71-4004-8A9A-A2E411A689A2}.QA|Any CPU.Deploy.0 = Release|Any CPU
		{47B6BD05-0B71-4004-8A9A-A2E411A689A2}.Release|Any CPU.ActiveCfg = Release|Any CPU
		{47B6BD05-0B71-4004-8A9A-A2E411A689A2}.Release|Any CPU.Build.0 = Release|Any CPU
		{47B6BD05-0B71-4004-8A9A-A2E411A689A2}.Release|Any CPU.Deploy.0 = Release|Any CPU
		{47B6BD05-0B71-4004-8A9A-A2E411A689A2}.Test|Any CPU.ActiveCfg = Release|Any CPU
		{47B6BD05-0B71-4004-8A9A-A2E411A689A2}.Test|Any CPU.Build.0 = Release|Any CPU
		{47B6BD05-0B71-4004-8A9A-A2E411A689A2}.Test|Any CPU.Deploy.0 = Release|Any CPU
		{47B6BD05-0B71-4004-8A9A-A2E411A689A2}.TestDebug|Any CPU.ActiveCfg = Debug|Any CPU
		{47B6BD05-0B71-4004-8A9A-A2E411A689A2}.TestDebug|Any CPU.Build.0 = Debug|Any CPU
		{47B6BD05-0B71-4004-8A9A-A2E411A689A2}.TestDebug|Any CPU.Deploy.0 = Debug|Any CPU
		{AD8E1C61-8A2D-4773-B186-EB1D4B2A10DA}.Debug|Any CPU.ActiveCfg = Debug|Any CPU
		{AD8E1C61-8A2D-4773-B186-EB1D4B2A10DA}.Debug|Any CPU.Build.0 = Debug|Any CPU
		{AD8E1C61-8A2D-4773-B186-EB1D4B2A10DA}.Debug|Any CPU.Deploy.0 = Debug|Any CPU
		{AD8E1C61-8A2D-4773-B186-EB1D4B2A10DA}.QA|Any CPU.ActiveCfg = Release|Any CPU
		{AD8E1C61-8A2D-4773-B186-EB1D4B2A10DA}.QA|Any CPU.Build.0 = Release|Any CPU
		{AD8E1C61-8A2D-4773-B186-EB1D4B2A10DA}.QA|Any CPU.Deploy.0 = Release|Any CPU
		{AD8E1C61-8A2D-4773-B186-EB1D4B2A10DA}.Release|Any CPU.ActiveCfg = Release|Any CPU
		{AD8E1C61-8A2D-4773-B186-EB1D4B2A10DA}.Release|Any CPU.Build.0 = Release|Any CPU
		{AD8E1C61-8A2D-4773-B186-EB1D4B2A10DA}.Release|Any CPU.Deploy.0 = Release|Any CPU
		{AD8E1C61-8A2D-4773-B186-EB1D4B2A10DA}.Test|Any CPU.ActiveCfg = Release|Any CPU
		{AD8E1C61-8A2D-4773-B186-EB1D4B2A10DA}.Test|Any CPU.Build.0 = Release|Any CPU
		{AD8E1C61-8A2D-4773-B186-EB1D4B2A10DA}.Test|Any CPU.Deploy.0 = Release|Any CPU
		{AD8E1C61-8A2D-4773-B186-EB1D4B2A10DA}.TestDebug|Any CPU.ActiveCfg = Debug|Any CPU
		{AD8E1C61-8A2D-4773-B186-EB1D4B2A10DA}.TestDebug|Any CPU.Build.0 = Debug|Any CPU
		{AD8E1C61-8A2D-4773-B186-EB1D4B2A10DA}.TestDebug|Any CPU.Deploy.0 = Debug|Any CPU
	EndGlobalSection
	GlobalSection(SolutionProperties) = preSolution
		HideSolutionNode = FALSE
	EndGlobalSection
	GlobalSection(ExtensibilityGlobals) = postSolution
		SolutionGuid = {2997C4F1-B641-4EA6-B1D5-15B42F6017DC}
	EndGlobalSection
EndGlobal
