
Microsoft Visual Studio Solution File, Format Version 12.00
# Visual Studio 14
VisualStudioVersion = 14.0.25420.1
MinimumVisualStudioVersion = 10.0.40219.1
Project("{FAE04EC0-301F-11D3-BF4B-00C04F79EFBC}") = "CCCLOSURES", "CCCLOSURES\CCCLOSURES.csproj", "{01AB4A8B-F3C3-4864-9754-3FA42B26AD32}"
EndProject
Project("{FAE04EC0-301F-11D3-BF4B-00C04F79EFBC}") = "Uheaa.Common.DataAccess", "..\CommonLibraries\Common\DataAccess\Uheaa.Common.DataAccess.csproj", "{6FD27ED5-786D-4F03-8CB9-DDFDEC5C5192}"
EndProject
Project("{FAE04EC0-301F-11D3-BF4B-00C04F79EFBC}") = "Uheaa.Common", "..\CommonLibraries\Common\Common\Uheaa.Common.csproj", "{D39CCBC4-F262-4225-AE0C-925553DEA372}"
EndProject
Project("{FAE04EC0-301F-11D3-BF4B-00C04F79EFBC}") = "Uheaa.Common.ProcessLogger", "..\CommonLibraries\Common\ProcessLogger\ProcessLogger\Uheaa.Common.ProcessLogger.csproj", "{0EEC6608-8F88-4FAA-A7EB-7AE65F14F643}"
EndProject
Project("{00D1A9C2-B5F0-4AF3-8072-F6C62B433612}") = "CSYS_CCCLOSURES", "CSYS_CCCLOSURES\CSYS_CCCLOSURES.sqlproj", "{3B4EDF8E-17B7-42B1-AF71-83C5E205F467}"
EndProject
Project("{00D1A9C2-B5F0-4AF3-8072-F6C62B433612}") = "IVRCONTROL_CCCLOSURES", "IVRCONTROL_CCCLOSURES\IVRCONTROL_CCCLOSURES.sqlproj", "{4706022B-5279-4CE1-A327-ED204C0BE091}"
EndProject
Project("{FAE04EC0-301F-11D3-BF4B-00C04F79EFBC}") = "ClosureTests", "ClosureTests\ClosureTests.csproj", "{0FC68DB3-F8E4-4CB2-BB42-376534E8D7B5}"
EndProject
Global
	GlobalSection(SolutionConfigurationPlatforms) = preSolution
		Debug|Any CPU = Debug|Any CPU
		QA|Any CPU = QA|Any CPU
		Release|Any CPU = Release|Any CPU
		Test|Any CPU = Test|Any CPU
		TestDebug|Any CPU = TestDebug|Any CPU
	EndGlobalSection
	GlobalSection(ProjectConfigurationPlatforms) = postSolution
		{01AB4A8B-F3C3-4864-9754-3FA42B26AD32}.Debug|Any CPU.ActiveCfg = Debug|Any CPU
		{01AB4A8B-F3C3-4864-9754-3FA42B26AD32}.Debug|Any CPU.Build.0 = Debug|Any CPU
		{01AB4A8B-F3C3-4864-9754-3FA42B26AD32}.QA|Any CPU.ActiveCfg = Release|Any CPU
		{01AB4A8B-F3C3-4864-9754-3FA42B26AD32}.QA|Any CPU.Build.0 = Release|Any CPU
		{01AB4A8B-F3C3-4864-9754-3FA42B26AD32}.Release|Any CPU.ActiveCfg = Release|Any CPU
		{01AB4A8B-F3C3-4864-9754-3FA42B26AD32}.Release|Any CPU.Build.0 = Release|Any CPU
		{01AB4A8B-F3C3-4864-9754-3FA42B26AD32}.Test|Any CPU.ActiveCfg = Release|Any CPU
		{01AB4A8B-F3C3-4864-9754-3FA42B26AD32}.Test|Any CPU.Build.0 = Release|Any CPU
		{01AB4A8B-F3C3-4864-9754-3FA42B26AD32}.TestDebug|Any CPU.ActiveCfg = Debug|Any CPU
		{01AB4A8B-F3C3-4864-9754-3FA42B26AD32}.TestDebug|Any CPU.Build.0 = Debug|Any CPU
		{6FD27ED5-786D-4F03-8CB9-DDFDEC5C5192}.Debug|Any CPU.ActiveCfg = Debug|Any CPU
		{6FD27ED5-786D-4F03-8CB9-DDFDEC5C5192}.Debug|Any CPU.Build.0 = Debug|Any CPU
		{6FD27ED5-786D-4F03-8CB9-DDFDEC5C5192}.QA|Any CPU.ActiveCfg = QA|Any CPU
		{6FD27ED5-786D-4F03-8CB9-DDFDEC5C5192}.QA|Any CPU.Build.0 = QA|Any CPU
		{6FD27ED5-786D-4F03-8CB9-DDFDEC5C5192}.Release|Any CPU.ActiveCfg = Release|Any CPU
		{6FD27ED5-786D-4F03-8CB9-DDFDEC5C5192}.Release|Any CPU.Build.0 = Release|Any CPU
		{6FD27ED5-786D-4F03-8CB9-DDFDEC5C5192}.Test|Any CPU.ActiveCfg = Test|Any CPU
		{6FD27ED5-786D-4F03-8CB9-DDFDEC5C5192}.Test|Any CPU.Build.0 = Test|Any CPU
		{6FD27ED5-786D-4F03-8CB9-DDFDEC5C5192}.TestDebug|Any CPU.ActiveCfg = TestDebug|Any CPU
		{6FD27ED5-786D-4F03-8CB9-DDFDEC5C5192}.TestDebug|Any CPU.Build.0 = TestDebug|Any CPU
		{D39CCBC4-F262-4225-AE0C-925553DEA372}.Debug|Any CPU.ActiveCfg = Debug|Any CPU
		{D39CCBC4-F262-4225-AE0C-925553DEA372}.Debug|Any CPU.Build.0 = Debug|Any CPU
		{D39CCBC4-F262-4225-AE0C-925553DEA372}.QA|Any CPU.ActiveCfg = QA|Any CPU
		{D39CCBC4-F262-4225-AE0C-925553DEA372}.QA|Any CPU.Build.0 = QA|Any CPU
		{D39CCBC4-F262-4225-AE0C-925553DEA372}.Release|Any CPU.ActiveCfg = Release|Any CPU
		{D39CCBC4-F262-4225-AE0C-925553DEA372}.Release|Any CPU.Build.0 = Release|Any CPU
		{D39CCBC4-F262-4225-AE0C-925553DEA372}.Test|Any CPU.ActiveCfg = Test|Any CPU
		{D39CCBC4-F262-4225-AE0C-925553DEA372}.Test|Any CPU.Build.0 = Test|Any CPU
		{D39CCBC4-F262-4225-AE0C-925553DEA372}.TestDebug|Any CPU.ActiveCfg = TestDebug|Any CPU
		{D39CCBC4-F262-4225-AE0C-925553DEA372}.TestDebug|Any CPU.Build.0 = TestDebug|Any CPU
		{0EEC6608-8F88-4FAA-A7EB-7AE65F14F643}.Debug|Any CPU.ActiveCfg = Debug|Any CPU
		{0EEC6608-8F88-4FAA-A7EB-7AE65F14F643}.Debug|Any CPU.Build.0 = Debug|Any CPU
		{0EEC6608-8F88-4FAA-A7EB-7AE65F14F643}.QA|Any CPU.ActiveCfg = Release|Any CPU
		{0EEC6608-8F88-4FAA-A7EB-7AE65F14F643}.QA|Any CPU.Build.0 = Release|Any CPU
		{0EEC6608-8F88-4FAA-A7EB-7AE65F14F643}.Release|Any CPU.ActiveCfg = Release|Any CPU
		{0EEC6608-8F88-4FAA-A7EB-7AE65F14F643}.Release|Any CPU.Build.0 = Release|Any CPU
		{0EEC6608-8F88-4FAA-A7EB-7AE65F14F643}.Test|Any CPU.ActiveCfg = Release|Any CPU
		{0EEC6608-8F88-4FAA-A7EB-7AE65F14F643}.Test|Any CPU.Build.0 = Release|Any CPU
		{0EEC6608-8F88-4FAA-A7EB-7AE65F14F643}.TestDebug|Any CPU.ActiveCfg = Debug|Any CPU
		{0EEC6608-8F88-4FAA-A7EB-7AE65F14F643}.TestDebug|Any CPU.Build.0 = Debug|Any CPU
		{3B4EDF8E-17B7-42B1-AF71-83C5E205F467}.Debug|Any CPU.ActiveCfg = Debug|Any CPU
		{3B4EDF8E-17B7-42B1-AF71-83C5E205F467}.Debug|Any CPU.Build.0 = Debug|Any CPU
		{3B4EDF8E-17B7-42B1-AF71-83C5E205F467}.Debug|Any CPU.Deploy.0 = Debug|Any CPU
		{3B4EDF8E-17B7-42B1-AF71-83C5E205F467}.QA|Any CPU.ActiveCfg = Debug|Any CPU
		{3B4EDF8E-17B7-42B1-AF71-83C5E205F467}.QA|Any CPU.Build.0 = Debug|Any CPU
		{3B4EDF8E-17B7-42B1-AF71-83C5E205F467}.QA|Any CPU.Deploy.0 = Debug|Any CPU
		{3B4EDF8E-17B7-42B1-AF71-83C5E205F467}.Release|Any CPU.ActiveCfg = Release|Any CPU
		{3B4EDF8E-17B7-42B1-AF71-83C5E205F467}.Release|Any CPU.Build.0 = Release|Any CPU
		{3B4EDF8E-17B7-42B1-AF71-83C5E205F467}.Release|Any CPU.Deploy.0 = Release|Any CPU
		{3B4EDF8E-17B7-42B1-AF71-83C5E205F467}.Test|Any CPU.ActiveCfg = Debug|Any CPU
		{3B4EDF8E-17B7-42B1-AF71-83C5E205F467}.Test|Any CPU.Build.0 = Debug|Any CPU
		{3B4EDF8E-17B7-42B1-AF71-83C5E205F467}.Test|Any CPU.Deploy.0 = Debug|Any CPU
		{3B4EDF8E-17B7-42B1-AF71-83C5E205F467}.TestDebug|Any CPU.ActiveCfg = Debug|Any CPU
		{3B4EDF8E-17B7-42B1-AF71-83C5E205F467}.TestDebug|Any CPU.Build.0 = Debug|Any CPU
		{3B4EDF8E-17B7-42B1-AF71-83C5E205F467}.TestDebug|Any CPU.Deploy.0 = Debug|Any CPU
		{4706022B-5279-4CE1-A327-ED204C0BE091}.Debug|Any CPU.ActiveCfg = Debug|Any CPU
		{4706022B-5279-4CE1-A327-ED204C0BE091}.Debug|Any CPU.Build.0 = Debug|Any CPU
		{4706022B-5279-4CE1-A327-ED204C0BE091}.Debug|Any CPU.Deploy.0 = Debug|Any CPU
		{4706022B-5279-4CE1-A327-ED204C0BE091}.QA|Any CPU.ActiveCfg = Debug|Any CPU
		{4706022B-5279-4CE1-A327-ED204C0BE091}.QA|Any CPU.Build.0 = Debug|Any CPU
		{4706022B-5279-4CE1-A327-ED204C0BE091}.QA|Any CPU.Deploy.0 = Debug|Any CPU
		{4706022B-5279-4CE1-A327-ED204C0BE091}.Release|Any CPU.ActiveCfg = Release|Any CPU
		{4706022B-5279-4CE1-A327-ED204C0BE091}.Release|Any CPU.Build.0 = Release|Any CPU
		{4706022B-5279-4CE1-A327-ED204C0BE091}.Release|Any CPU.Deploy.0 = Release|Any CPU
		{4706022B-5279-4CE1-A327-ED204C0BE091}.Test|Any CPU.ActiveCfg = Debug|Any CPU
		{4706022B-5279-4CE1-A327-ED204C0BE091}.Test|Any CPU.Build.0 = Debug|Any CPU
		{4706022B-5279-4CE1-A327-ED204C0BE091}.Test|Any CPU.Deploy.0 = Debug|Any CPU
		{4706022B-5279-4CE1-A327-ED204C0BE091}.TestDebug|Any CPU.ActiveCfg = Debug|Any CPU
		{4706022B-5279-4CE1-A327-ED204C0BE091}.TestDebug|Any CPU.Build.0 = Debug|Any CPU
		{4706022B-5279-4CE1-A327-ED204C0BE091}.TestDebug|Any CPU.Deploy.0 = Debug|Any CPU
		{0FC68DB3-F8E4-4CB2-BB42-376534E8D7B5}.Debug|Any CPU.ActiveCfg = Debug|Any CPU
		{0FC68DB3-F8E4-4CB2-BB42-376534E8D7B5}.Debug|Any CPU.Build.0 = Debug|Any CPU
		{0FC68DB3-F8E4-4CB2-BB42-376534E8D7B5}.QA|Any CPU.ActiveCfg = Release|Any CPU
		{0FC68DB3-F8E4-4CB2-BB42-376534E8D7B5}.QA|Any CPU.Build.0 = Release|Any CPU
		{0FC68DB3-F8E4-4CB2-BB42-376534E8D7B5}.Release|Any CPU.ActiveCfg = Release|Any CPU
		{0FC68DB3-F8E4-4CB2-BB42-376534E8D7B5}.Release|Any CPU.Build.0 = Release|Any CPU
		{0FC68DB3-F8E4-4CB2-BB42-376534E8D7B5}.Test|Any CPU.ActiveCfg = Release|Any CPU
		{0FC68DB3-F8E4-4CB2-BB42-376534E8D7B5}.Test|Any CPU.Build.0 = Release|Any CPU
		{0FC68DB3-F8E4-4CB2-BB42-376534E8D7B5}.TestDebug|Any CPU.ActiveCfg = Debug|Any CPU
		{0FC68DB3-F8E4-4CB2-BB42-376534E8D7B5}.TestDebug|Any CPU.Build.0 = Debug|Any CPU
	EndGlobalSection
	GlobalSection(SolutionProperties) = preSolution
		HideSolutionNode = FALSE
	EndGlobalSection
EndGlobal
