
Microsoft Visual Studio Solution File, Format Version 12.00
# Visual Studio Version 16
VisualStudioVersion = 16.0.30104.148
MinimumVisualStudioVersion = 10.0.40219.1
Project("{FAE04EC0-301F-11D3-BF4B-00C04F79EFBC}") = "ENRLINFO", "ENRLINFO\ENRLINFO.csproj", "{CC4206A1-92E1-41D7-90B1-23C304EED827}"
EndProject
Global
	GlobalSection(SolutionConfigurationPlatforms) = preSolution
		Debug|Any CPU = Debug|Any CPU
		Release|Any CPU = Release|Any CPU
	EndGlobalSection
	GlobalSection(ProjectConfigurationPlatforms) = postSolution
		{CC4206A1-92E1-41D7-90B1-23C304EED827}.Debug|Any CPU.ActiveCfg = Debug|Any CPU
		{CC4206A1-92E1-41D7-90B1-23C304EED827}.Debug|Any CPU.Build.0 = Debug|Any CPU
		{CC4206A1-92E1-41D7-90B1-23C304EED827}.Release|Any CPU.ActiveCfg = Release|Any CPU
		{CC4206A1-92E1-41D7-90B1-23C304EED827}.Release|Any CPU.Build.0 = Release|Any CPU
	EndGlobalSection
	GlobalSection(SolutionProperties) = preSolution
		HideSolutionNode = FALSE
	EndGlobalSection
	GlobalSection(ExtensibilityGlobals) = postSolution
		SolutionGuid = {E64C784F-C591-48EB-B3C5-9A08E6062018}
	EndGlobalSection
EndGlobal
