
Microsoft Visual Studio Solution File, Format Version 12.00
# Visual Studio Version 16
VisualStudioVersion = 16.0.31005.135
MinimumVisualStudioVersion = 10.0.40219.1
Project("{FAE04EC0-301F-11D3-BF4B-00C04F79EFBC}") = "SftpCoordinator", "SftpCoordinator\SftpCoordinator.csproj", "{03D03C0E-DEFB-41BB-8F3F-F9BDB387A59E}"
EndProject
Project("{FAE04EC0-301F-11D3-BF4B-00C04F79EFBC}") = "Uheaa.Common", "..\CommonLibraries\Common\Common\Uheaa.Common.csproj", "{D39CCBC4-F262-4225-AE0C-925553DEA372}"
EndProject
Project("{FAE04EC0-301F-11D3-BF4B-00C04F79EFBC}") = "Uheaa.Common.DataAccess", "..\CommonLibraries\Common\DataAccess\Uheaa.Common.DataAccess.csproj", "{6FD27ED5-786D-4F03-8CB9-DDFDEC5C5192}"
EndProject
Project("{FAE04EC0-301F-11D3-BF4B-00C04F79EFBC}") = "Uheaa.Common.ProcessLogger", "..\CommonLibraries\Common\ProcessLogger\ProcessLogger\Uheaa.Common.ProcessLogger.csproj", "{0EEC6608-8F88-4FAA-A7EB-7AE65F14F643}"
EndProject
Project("{FAE04EC0-301F-11D3-BF4B-00C04F79EFBC}") = "Uheaa.Common.WinForms", "..\CommonLibraries\Common\WinForms\Uheaa.Common.WinForms.csproj", "{9C5232EF-657C-4BCE-8B89-63B99383C604}"
EndProject
Project("{00D1A9C2-B5F0-4AF3-8072-F6C62B433612}") = "SftpCoordinator_DB", "SftpCoordinator_DB\SftpCoordinator_DB.sqlproj", "{0AEBBF0B-5FA4-4DE2-81AE-8D3291745907}"
EndProject
Global
	GlobalSection(SolutionConfigurationPlatforms) = preSolution
		Debug|Any CPU = Debug|Any CPU
		QA|Any CPU = QA|Any CPU
		Release|Any CPU = Release|Any CPU
		Test|Any CPU = Test|Any CPU
		TestDebug|Any CPU = TestDebug|Any CPU
	EndGlobalSection
	GlobalSection(ProjectConfigurationPlatforms) = postSolution
		{03D03C0E-DEFB-41BB-8F3F-F9BDB387A59E}.Debug|Any CPU.ActiveCfg = Debug|Any CPU
		{03D03C0E-DEFB-41BB-8F3F-F9BDB387A59E}.Debug|Any CPU.Build.0 = Debug|Any CPU
		{03D03C0E-DEFB-41BB-8F3F-F9BDB387A59E}.QA|Any CPU.ActiveCfg = Release|Any CPU
		{03D03C0E-DEFB-41BB-8F3F-F9BDB387A59E}.QA|Any CPU.Build.0 = Release|Any CPU
		{03D03C0E-DEFB-41BB-8F3F-F9BDB387A59E}.Release|Any CPU.ActiveCfg = Release|Any CPU
		{03D03C0E-DEFB-41BB-8F3F-F9BDB387A59E}.Release|Any CPU.Build.0 = Release|Any CPU
		{03D03C0E-DEFB-41BB-8F3F-F9BDB387A59E}.Test|Any CPU.ActiveCfg = Release|Any CPU
		{03D03C0E-DEFB-41BB-8F3F-F9BDB387A59E}.Test|Any CPU.Build.0 = Release|Any CPU
		{03D03C0E-DEFB-41BB-8F3F-F9BDB387A59E}.TestDebug|Any CPU.ActiveCfg = Debug|Any CPU
		{03D03C0E-DEFB-41BB-8F3F-F9BDB387A59E}.TestDebug|Any CPU.Build.0 = Debug|Any CPU
		{D39CCBC4-F262-4225-AE0C-925553DEA372}.Debug|Any CPU.ActiveCfg = Debug|Any CPU
		{D39CCBC4-F262-4225-AE0C-925553DEA372}.Debug|Any CPU.Build.0 = Debug|Any CPU
		{D39CCBC4-F262-4225-AE0C-925553DEA372}.QA|Any CPU.ActiveCfg = QA|Any CPU
		{D39CCBC4-F262-4225-AE0C-925553DEA372}.QA|Any CPU.Build.0 = QA|Any CPU
		{D39CCBC4-F262-4225-AE0C-925553DEA372}.Release|Any CPU.ActiveCfg = Release|Any CPU
		{D39CCBC4-F262-4225-AE0C-925553DEA372}.Release|Any CPU.Build.0 = Release|Any CPU
		{D39CCBC4-F262-4225-AE0C-925553DEA372}.Test|Any CPU.ActiveCfg = Test|Any CPU
		{D39CCBC4-F262-4225-AE0C-925553DEA372}.Test|Any CPU.Build.0 = Test|Any CPU
		{D39CCBC4-F262-4225-AE0C-925553DEA372}.TestDebug|Any CPU.ActiveCfg = TestDebug|Any CPU
		{D39CCBC4-F262-4225-AE0C-925553DEA372}.TestDebug|Any CPU.Build.0 = TestDebug|Any CPU
		{6FD27ED5-786D-4F03-8CB9-DDFDEC5C5192}.Debug|Any CPU.ActiveCfg = Debug|Any CPU
		{6FD27ED5-786D-4F03-8CB9-DDFDEC5C5192}.Debug|Any CPU.Build.0 = Debug|Any CPU
		{6FD27ED5-786D-4F03-8CB9-DDFDEC5C5192}.QA|Any CPU.ActiveCfg = QA|Any CPU
		{6FD27ED5-786D-4F03-8CB9-DDFDEC5C5192}.QA|Any CPU.Build.0 = QA|Any CPU
		{6FD27ED5-786D-4F03-8CB9-DDFDEC5C5192}.Release|Any CPU.ActiveCfg = Release|Any CPU
		{6FD27ED5-786D-4F03-8CB9-DDFDEC5C5192}.Release|Any CPU.Build.0 = Release|Any CPU
		{6FD27ED5-786D-4F03-8CB9-DDFDEC5C5192}.Test|Any CPU.ActiveCfg = Test|Any CPU
		{6FD27ED5-786D-4F03-8CB9-DDFDEC5C5192}.Test|Any CPU.Build.0 = Test|Any CPU
		{6FD27ED5-786D-4F03-8CB9-DDFDEC5C5192}.TestDebug|Any CPU.ActiveCfg = TestDebug|Any CPU
		{6FD27ED5-786D-4F03-8CB9-DDFDEC5C5192}.TestDebug|Any CPU.Build.0 = TestDebug|Any CPU
		{0EEC6608-8F88-4FAA-A7EB-7AE65F14F643}.Debug|Any CPU.ActiveCfg = Debug|Any CPU
		{0EEC6608-8F88-4FAA-A7EB-7AE65F14F643}.Debug|Any CPU.Build.0 = Debug|Any CPU
		{0EEC6608-8F88-4FAA-A7EB-7AE65F14F643}.QA|Any CPU.ActiveCfg = Release|Any CPU
		{0EEC6608-8F88-4FAA-A7EB-7AE65F14F643}.QA|Any CPU.Build.0 = Release|Any CPU
		{0EEC6608-8F88-4FAA-A7EB-7AE65F14F643}.Release|Any CPU.ActiveCfg = Release|Any CPU
		{0EEC6608-8F88-4FAA-A7EB-7AE65F14F643}.Release|Any CPU.Build.0 = Release|Any CPU
		{0EEC6608-8F88-4FAA-A7EB-7AE65F14F643}.Test|Any CPU.ActiveCfg = Release|Any CPU
		{0EEC6608-8F88-4FAA-A7EB-7AE65F14F643}.Test|Any CPU.Build.0 = Release|Any CPU
		{0EEC6608-8F88-4FAA-A7EB-7AE65F14F643}.TestDebug|Any CPU.ActiveCfg = Debug|Any CPU
		{0EEC6608-8F88-4FAA-A7EB-7AE65F14F643}.TestDebug|Any CPU.Build.0 = Debug|Any CPU
		{9C5232EF-657C-4BCE-8B89-63B99383C604}.Debug|Any CPU.ActiveCfg = Debug|Any CPU
		{9C5232EF-657C-4BCE-8B89-63B99383C604}.Debug|Any CPU.Build.0 = Debug|Any CPU
		{9C5232EF-657C-4BCE-8B89-63B99383C604}.QA|Any CPU.ActiveCfg = Release|Any CPU
		{9C5232EF-657C-4BCE-8B89-63B99383C604}.QA|Any CPU.Build.0 = Release|Any CPU
		{9C5232EF-657C-4BCE-8B89-63B99383C604}.Release|Any CPU.ActiveCfg = Release|Any CPU
		{9C5232EF-657C-4BCE-8B89-63B99383C604}.Release|Any CPU.Build.0 = Release|Any CPU
		{9C5232EF-657C-4BCE-8B89-63B99383C604}.Test|Any CPU.ActiveCfg = Release|Any CPU
		{9C5232EF-657C-4BCE-8B89-63B99383C604}.Test|Any CPU.Build.0 = Release|Any CPU
		{9C5232EF-657C-4BCE-8B89-63B99383C604}.TestDebug|Any CPU.ActiveCfg = Debug|Any CPU
		{9C5232EF-657C-4BCE-8B89-63B99383C604}.TestDebug|Any CPU.Build.0 = Debug|Any CPU
		{0AEBBF0B-5FA4-4DE2-81AE-8D3291745907}.Debug|Any CPU.ActiveCfg = Debug|Any CPU
		{0AEBBF0B-5FA4-4DE2-81AE-8D3291745907}.Debug|Any CPU.Build.0 = Debug|Any CPU
		{0AEBBF0B-5FA4-4DE2-81AE-8D3291745907}.Debug|Any CPU.Deploy.0 = Debug|Any CPU
		{0AEBBF0B-5FA4-4DE2-81AE-8D3291745907}.QA|Any CPU.ActiveCfg = Debug|Any CPU
		{0AEBBF0B-5FA4-4DE2-81AE-8D3291745907}.QA|Any CPU.Build.0 = Debug|Any CPU
		{0AEBBF0B-5FA4-4DE2-81AE-8D3291745907}.QA|Any CPU.Deploy.0 = Debug|Any CPU
		{0AEBBF0B-5FA4-4DE2-81AE-8D3291745907}.Release|Any CPU.ActiveCfg = Release|Any CPU
		{0AEBBF0B-5FA4-4DE2-81AE-8D3291745907}.Release|Any CPU.Build.0 = Release|Any CPU
		{0AEBBF0B-5FA4-4DE2-81AE-8D3291745907}.Release|Any CPU.Deploy.0 = Release|Any CPU
		{0AEBBF0B-5FA4-4DE2-81AE-8D3291745907}.Test|Any CPU.ActiveCfg = Debug|Any CPU
		{0AEBBF0B-5FA4-4DE2-81AE-8D3291745907}.Test|Any CPU.Build.0 = Debug|Any CPU
		{0AEBBF0B-5FA4-4DE2-81AE-8D3291745907}.Test|Any CPU.Deploy.0 = Debug|Any CPU
		{0AEBBF0B-5FA4-4DE2-81AE-8D3291745907}.TestDebug|Any CPU.ActiveCfg = Debug|Any CPU
		{0AEBBF0B-5FA4-4DE2-81AE-8D3291745907}.TestDebug|Any CPU.Build.0 = Debug|Any CPU
		{0AEBBF0B-5FA4-4DE2-81AE-8D3291745907}.TestDebug|Any CPU.Deploy.0 = Debug|Any CPU
	EndGlobalSection
	GlobalSection(SolutionProperties) = preSolution
		HideSolutionNode = FALSE
	EndGlobalSection
	GlobalSection(ExtensibilityGlobals) = postSolution
		SolutionGuid = {B80C9A70-55BF-41A8-83BF-E81FF241929D}
	EndGlobalSection
EndGlobal
