
Microsoft Visual Studio Solution File, Format Version 12.00
# Visual Studio Version 16
VisualStudioVersion = 16.0.30104.148
MinimumVisualStudioVersion = 10.0.40219.1
Project("{159641D6-6404-4A2A-AE62-294DE0FE8301}") = "Consolidation Adjustment - FED", "Consolidation Adjustment - FED.dtproj", "{824886D9-7267-4869-9EB9-6B16A81080C2}"
EndProject
Global
	GlobalSection(SolutionConfigurationPlatforms) = preSolution
		Development|Default = Development|Default
	EndGlobalSection
	GlobalSection(ProjectConfigurationPlatforms) = postSolution
		{824886D9-7267-4869-9EB9-6B16A81080C2}.Development|Default.ActiveCfg = Development
		{824886D9-7267-4869-9EB9-6B16A81080C2}.Development|Default.Build.0 = Development
	EndGlobalSection
	GlobalSection(SolutionProperties) = preSolution
		HideSolutionNode = FALSE
	EndGlobalSection
	GlobalSection(ExtensibilityGlobals) = postSolution
		SolutionGuid = {ABF0BA04-D5B7-4DD2-928D-1221492F2253}
	EndGlobalSection
EndGlobal
