
Microsoft Visual Studio Solution File, Format Version 12.00
# Visual Studio Version 16
VisualStudioVersion = 16.0.30104.148
MinimumVisualStudioVersion = 10.0.40219.1
Project("{FAE04EC0-301F-11D3-BF4B-00C04F79EFBC}") = "PYOFFLTRFD", "PYOFFLTRFD\PYOFFLTRFD.csproj", "{435491D5-9041-4CC0-90A3-6673EFD9D9D0}"
EndProject
Project("{FAE04EC0-301F-11D3-BF4B-00C04F79EFBC}") = "_Starter", "_Starter\_Starter.csproj", "{C731F8C5-D657-4321-888D-D4C2861CC527}"
EndProject
Project("{FAE04EC0-301F-11D3-BF4B-00C04F79EFBC}") = "UnitTest", "UnitTest\UnitTest.csproj", "{A422EDC7-B9CA-4C13-BFA0-87748C3552D2}"
EndProject
Project("{FAE04EC0-301F-11D3-BF4B-00C04F79EFBC}") = "Uheaa.Common.ProcessLogger", "..\..\CommonLibraries\Common\ProcessLogger\ProcessLogger\Uheaa.Common.ProcessLogger.csproj", "{0EEC6608-8F88-4FAA-A7EB-7AE65F14F643}"
EndProject
Project("{FAE04EC0-301F-11D3-BF4B-00C04F79EFBC}") = "Uheaa.Common.DocumentProcessing", "..\..\CommonLibraries\Common\DocumentProcessing\DocumentProcessing\Uheaa.Common.DocumentProcessing\Uheaa.Common.DocumentProcessing.csproj", "{DDE98B0A-849D-4565-B67B-254F03A15CF4}"
EndProject
Project("{FAE04EC0-301F-11D3-BF4B-00C04F79EFBC}") = "Uheaa.Common.DataAccess", "..\..\CommonLibraries\Common\DataAccess\Uheaa.Common.DataAccess.csproj", "{6FD27ED5-786D-4F03-8CB9-DDFDEC5C5192}"
EndProject
Project("{FAE04EC0-301F-11D3-BF4B-00C04F79EFBC}") = "Uheaa.Common", "..\..\CommonLibraries\Common\Common\Uheaa.Common.csproj", "{D39CCBC4-F262-4225-AE0C-925553DEA372}"
EndProject
Project("{FAE04EC0-301F-11D3-BF4B-00C04F79EFBC}") = "Uheaa.Common.Scripts", "..\..\CommonLibraries\Common\Scripts\Uheaa.Common.Scripts.csproj", "{30101894-A61F-4137-A6BE-45FB55D231E0}"
EndProject
Project("{FAE04EC0-301F-11D3-BF4B-00C04F79EFBC}") = "Uheaa.Common.WinForms", "..\..\CommonLibraries\Common\WinForms\Uheaa.Common.WinForms.csproj", "{9C5232EF-657C-4BCE-8B89-63B99383C604}"
EndProject
Project("{F184B08F-C81C-45F6-A57F-5ABD9991F28F}") = "Q", "..\..\Q\Q.vbproj", "{5DB905EB-0BF7-4E95-8A46-0B7E76EE807D}"
EndProject
Project("{00D1A9C2-B5F0-4AF3-8072-F6C62B433612}") = "CDW_PYOFFLTRFD", "CDW_PYOFFLTRFD\CDW_PYOFFLTRFD.sqlproj", "{65F27F4F-81D4-4953-AAFC-79D2EE63F584}"
EndProject
Global
	GlobalSection(SolutionConfigurationPlatforms) = preSolution
		Debug|Any CPU = Debug|Any CPU
		QA|Any CPU = QA|Any CPU
		Release|Any CPU = Release|Any CPU
		Test|Any CPU = Test|Any CPU
		TestDebug|Any CPU = TestDebug|Any CPU
	EndGlobalSection
	GlobalSection(ProjectConfigurationPlatforms) = postSolution
		{435491D5-9041-4CC0-90A3-6673EFD9D9D0}.Debug|Any CPU.ActiveCfg = Debug|Any CPU
		{435491D5-9041-4CC0-90A3-6673EFD9D9D0}.Debug|Any CPU.Build.0 = Debug|Any CPU
		{435491D5-9041-4CC0-90A3-6673EFD9D9D0}.QA|Any CPU.ActiveCfg = Release|Any CPU
		{435491D5-9041-4CC0-90A3-6673EFD9D9D0}.QA|Any CPU.Build.0 = Release|Any CPU
		{435491D5-9041-4CC0-90A3-6673EFD9D9D0}.Release|Any CPU.ActiveCfg = Release|Any CPU
		{435491D5-9041-4CC0-90A3-6673EFD9D9D0}.Release|Any CPU.Build.0 = Release|Any CPU
		{435491D5-9041-4CC0-90A3-6673EFD9D9D0}.Test|Any CPU.ActiveCfg = Release|Any CPU
		{435491D5-9041-4CC0-90A3-6673EFD9D9D0}.Test|Any CPU.Build.0 = Release|Any CPU
		{435491D5-9041-4CC0-90A3-6673EFD9D9D0}.TestDebug|Any CPU.ActiveCfg = Debug|Any CPU
		{435491D5-9041-4CC0-90A3-6673EFD9D9D0}.TestDebug|Any CPU.Build.0 = Debug|Any CPU
		{C731F8C5-D657-4321-888D-D4C2861CC527}.Debug|Any CPU.ActiveCfg = Debug|Any CPU
		{C731F8C5-D657-4321-888D-D4C2861CC527}.Debug|Any CPU.Build.0 = Debug|Any CPU
		{C731F8C5-D657-4321-888D-D4C2861CC527}.QA|Any CPU.ActiveCfg = Release|Any CPU
		{C731F8C5-D657-4321-888D-D4C2861CC527}.QA|Any CPU.Build.0 = Release|Any CPU
		{C731F8C5-D657-4321-888D-D4C2861CC527}.Release|Any CPU.ActiveCfg = Release|Any CPU
		{C731F8C5-D657-4321-888D-D4C2861CC527}.Release|Any CPU.Build.0 = Release|Any CPU
		{C731F8C5-D657-4321-888D-D4C2861CC527}.Test|Any CPU.ActiveCfg = Release|Any CPU
		{C731F8C5-D657-4321-888D-D4C2861CC527}.Test|Any CPU.Build.0 = Release|Any CPU
		{C731F8C5-D657-4321-888D-D4C2861CC527}.TestDebug|Any CPU.ActiveCfg = Debug|Any CPU
		{C731F8C5-D657-4321-888D-D4C2861CC527}.TestDebug|Any CPU.Build.0 = Debug|Any CPU
		{A422EDC7-B9CA-4C13-BFA0-87748C3552D2}.Debug|Any CPU.ActiveCfg = Debug|Any CPU
		{A422EDC7-B9CA-4C13-BFA0-87748C3552D2}.Debug|Any CPU.Build.0 = Debug|Any CPU
		{A422EDC7-B9CA-4C13-BFA0-87748C3552D2}.QA|Any CPU.ActiveCfg = Release|Any CPU
		{A422EDC7-B9CA-4C13-BFA0-87748C3552D2}.QA|Any CPU.Build.0 = Release|Any CPU
		{A422EDC7-B9CA-4C13-BFA0-87748C3552D2}.Release|Any CPU.ActiveCfg = Release|Any CPU
		{A422EDC7-B9CA-4C13-BFA0-87748C3552D2}.Release|Any CPU.Build.0 = Release|Any CPU
		{A422EDC7-B9CA-4C13-BFA0-87748C3552D2}.Test|Any CPU.ActiveCfg = Release|Any CPU
		{A422EDC7-B9CA-4C13-BFA0-87748C3552D2}.Test|Any CPU.Build.0 = Release|Any CPU
		{A422EDC7-B9CA-4C13-BFA0-87748C3552D2}.TestDebug|Any CPU.ActiveCfg = Debug|Any CPU
		{A422EDC7-B9CA-4C13-BFA0-87748C3552D2}.TestDebug|Any CPU.Build.0 = Debug|Any CPU
		{0EEC6608-8F88-4FAA-A7EB-7AE65F14F643}.Debug|Any CPU.ActiveCfg = Debug|Any CPU
		{0EEC6608-8F88-4FAA-A7EB-7AE65F14F643}.Debug|Any CPU.Build.0 = Debug|Any CPU
		{0EEC6608-8F88-4FAA-A7EB-7AE65F14F643}.QA|Any CPU.ActiveCfg = Release|Any CPU
		{0EEC6608-8F88-4FAA-A7EB-7AE65F14F643}.QA|Any CPU.Build.0 = Release|Any CPU
		{0EEC6608-8F88-4FAA-A7EB-7AE65F14F643}.Release|Any CPU.ActiveCfg = Release|Any CPU
		{0EEC6608-8F88-4FAA-A7EB-7AE65F14F643}.Release|Any CPU.Build.0 = Release|Any CPU
		{0EEC6608-8F88-4FAA-A7EB-7AE65F14F643}.Test|Any CPU.ActiveCfg = Release|Any CPU
		{0EEC6608-8F88-4FAA-A7EB-7AE65F14F643}.Test|Any CPU.Build.0 = Release|Any CPU
		{0EEC6608-8F88-4FAA-A7EB-7AE65F14F643}.TestDebug|Any CPU.ActiveCfg = Debug|Any CPU
		{0EEC6608-8F88-4FAA-A7EB-7AE65F14F643}.TestDebug|Any CPU.Build.0 = Debug|Any CPU
		{DDE98B0A-849D-4565-B67B-254F03A15CF4}.Debug|Any CPU.ActiveCfg = Debug|Any CPU
		{DDE98B0A-849D-4565-B67B-254F03A15CF4}.Debug|Any CPU.Build.0 = Debug|Any CPU
		{DDE98B0A-849D-4565-B67B-254F03A15CF4}.QA|Any CPU.ActiveCfg = Release|Any CPU
		{DDE98B0A-849D-4565-B67B-254F03A15CF4}.QA|Any CPU.Build.0 = Release|Any CPU
		{DDE98B0A-849D-4565-B67B-254F03A15CF4}.Release|Any CPU.ActiveCfg = Release|Any CPU
		{DDE98B0A-849D-4565-B67B-254F03A15CF4}.Release|Any CPU.Build.0 = Release|Any CPU
		{DDE98B0A-849D-4565-B67B-254F03A15CF4}.Test|Any CPU.ActiveCfg = Release|Any CPU
		{DDE98B0A-849D-4565-B67B-254F03A15CF4}.Test|Any CPU.Build.0 = Release|Any CPU
		{DDE98B0A-849D-4565-B67B-254F03A15CF4}.TestDebug|Any CPU.ActiveCfg = Debug|Any CPU
		{DDE98B0A-849D-4565-B67B-254F03A15CF4}.TestDebug|Any CPU.Build.0 = Debug|Any CPU
		{6FD27ED5-786D-4F03-8CB9-DDFDEC5C5192}.Debug|Any CPU.ActiveCfg = Debug|Any CPU
		{6FD27ED5-786D-4F03-8CB9-DDFDEC5C5192}.Debug|Any CPU.Build.0 = Debug|Any CPU
		{6FD27ED5-786D-4F03-8CB9-DDFDEC5C5192}.QA|Any CPU.ActiveCfg = QA|Any CPU
		{6FD27ED5-786D-4F03-8CB9-DDFDEC5C5192}.QA|Any CPU.Build.0 = QA|Any CPU
		{6FD27ED5-786D-4F03-8CB9-DDFDEC5C5192}.Release|Any CPU.ActiveCfg = Release|Any CPU
		{6FD27ED5-786D-4F03-8CB9-DDFDEC5C5192}.Release|Any CPU.Build.0 = Release|Any CPU
		{6FD27ED5-786D-4F03-8CB9-DDFDEC5C5192}.Test|Any CPU.ActiveCfg = Test|Any CPU
		{6FD27ED5-786D-4F03-8CB9-DDFDEC5C5192}.Test|Any CPU.Build.0 = Test|Any CPU
		{6FD27ED5-786D-4F03-8CB9-DDFDEC5C5192}.TestDebug|Any CPU.ActiveCfg = TestDebug|Any CPU
		{6FD27ED5-786D-4F03-8CB9-DDFDEC5C5192}.TestDebug|Any CPU.Build.0 = TestDebug|Any CPU
		{D39CCBC4-F262-4225-AE0C-925553DEA372}.Debug|Any CPU.ActiveCfg = Debug|Any CPU
		{D39CCBC4-F262-4225-AE0C-925553DEA372}.Debug|Any CPU.Build.0 = Debug|Any CPU
		{D39CCBC4-F262-4225-AE0C-925553DEA372}.QA|Any CPU.ActiveCfg = QA|Any CPU
		{D39CCBC4-F262-4225-AE0C-925553DEA372}.QA|Any CPU.Build.0 = QA|Any CPU
		{D39CCBC4-F262-4225-AE0C-925553DEA372}.Release|Any CPU.ActiveCfg = Release|Any CPU
		{D39CCBC4-F262-4225-AE0C-925553DEA372}.Release|Any CPU.Build.0 = Release|Any CPU
		{D39CCBC4-F262-4225-AE0C-925553DEA372}.Test|Any CPU.ActiveCfg = Test|Any CPU
		{D39CCBC4-F262-4225-AE0C-925553DEA372}.Test|Any CPU.Build.0 = Test|Any CPU
		{D39CCBC4-F262-4225-AE0C-925553DEA372}.TestDebug|Any CPU.ActiveCfg = TestDebug|Any CPU
		{D39CCBC4-F262-4225-AE0C-925553DEA372}.TestDebug|Any CPU.Build.0 = TestDebug|Any CPU
		{30101894-A61F-4137-A6BE-45FB55D231E0}.Debug|Any CPU.ActiveCfg = Debug|Any CPU
		{30101894-A61F-4137-A6BE-45FB55D231E0}.Debug|Any CPU.Build.0 = Debug|Any CPU
		{30101894-A61F-4137-A6BE-45FB55D231E0}.QA|Any CPU.ActiveCfg = TestDebug|Any CPU
		{30101894-A61F-4137-A6BE-45FB55D231E0}.QA|Any CPU.Build.0 = TestDebug|Any CPU
		{30101894-A61F-4137-A6BE-45FB55D231E0}.Release|Any CPU.ActiveCfg = Release|Any CPU
		{30101894-A61F-4137-A6BE-45FB55D231E0}.Release|Any CPU.Build.0 = Release|Any CPU
		{30101894-A61F-4137-A6BE-45FB55D231E0}.Test|Any CPU.ActiveCfg = TestDebug|Any CPU
		{30101894-A61F-4137-A6BE-45FB55D231E0}.Test|Any CPU.Build.0 = TestDebug|Any CPU
		{30101894-A61F-4137-A6BE-45FB55D231E0}.TestDebug|Any CPU.ActiveCfg = TestDebug|Any CPU
		{30101894-A61F-4137-A6BE-45FB55D231E0}.TestDebug|Any CPU.Build.0 = TestDebug|Any CPU
		{9C5232EF-657C-4BCE-8B89-63B99383C604}.Debug|Any CPU.ActiveCfg = Debug|Any CPU
		{9C5232EF-657C-4BCE-8B89-63B99383C604}.Debug|Any CPU.Build.0 = Debug|Any CPU
		{9C5232EF-657C-4BCE-8B89-63B99383C604}.QA|Any CPU.ActiveCfg = Release|Any CPU
		{9C5232EF-657C-4BCE-8B89-63B99383C604}.QA|Any CPU.Build.0 = Release|Any CPU
		{9C5232EF-657C-4BCE-8B89-63B99383C604}.Release|Any CPU.ActiveCfg = Release|Any CPU
		{9C5232EF-657C-4BCE-8B89-63B99383C604}.Release|Any CPU.Build.0 = Release|Any CPU
		{9C5232EF-657C-4BCE-8B89-63B99383C604}.Test|Any CPU.ActiveCfg = Release|Any CPU
		{9C5232EF-657C-4BCE-8B89-63B99383C604}.Test|Any CPU.Build.0 = Release|Any CPU
		{9C5232EF-657C-4BCE-8B89-63B99383C604}.TestDebug|Any CPU.ActiveCfg = Debug|Any CPU
		{9C5232EF-657C-4BCE-8B89-63B99383C604}.TestDebug|Any CPU.Build.0 = Debug|Any CPU
		{5DB905EB-0BF7-4E95-8A46-0B7E76EE807D}.Debug|Any CPU.ActiveCfg = Debug|Any CPU
		{5DB905EB-0BF7-4E95-8A46-0B7E76EE807D}.Debug|Any CPU.Build.0 = Debug|Any CPU
		{5DB905EB-0BF7-4E95-8A46-0B7E76EE807D}.QA|Any CPU.ActiveCfg = QA|Any CPU
		{5DB905EB-0BF7-4E95-8A46-0B7E76EE807D}.QA|Any CPU.Build.0 = QA|Any CPU
		{5DB905EB-0BF7-4E95-8A46-0B7E76EE807D}.Release|Any CPU.ActiveCfg = Release|Any CPU
		{5DB905EB-0BF7-4E95-8A46-0B7E76EE807D}.Release|Any CPU.Build.0 = Release|Any CPU
		{5DB905EB-0BF7-4E95-8A46-0B7E76EE807D}.Test|Any CPU.ActiveCfg = Test|Any CPU
		{5DB905EB-0BF7-4E95-8A46-0B7E76EE807D}.Test|Any CPU.Build.0 = Test|Any CPU
		{5DB905EB-0BF7-4E95-8A46-0B7E76EE807D}.TestDebug|Any CPU.ActiveCfg = Debug|Any CPU
		{5DB905EB-0BF7-4E95-8A46-0B7E76EE807D}.TestDebug|Any CPU.Build.0 = Debug|Any CPU
		{65F27F4F-81D4-4953-AAFC-79D2EE63F584}.Debug|Any CPU.ActiveCfg = Debug|Any CPU
		{65F27F4F-81D4-4953-AAFC-79D2EE63F584}.Debug|Any CPU.Build.0 = Debug|Any CPU
		{65F27F4F-81D4-4953-AAFC-79D2EE63F584}.Debug|Any CPU.Deploy.0 = Debug|Any CPU
		{65F27F4F-81D4-4953-AAFC-79D2EE63F584}.QA|Any CPU.ActiveCfg = Debug|Any CPU
		{65F27F4F-81D4-4953-AAFC-79D2EE63F584}.QA|Any CPU.Build.0 = Debug|Any CPU
		{65F27F4F-81D4-4953-AAFC-79D2EE63F584}.QA|Any CPU.Deploy.0 = Debug|Any CPU
		{65F27F4F-81D4-4953-AAFC-79D2EE63F584}.Release|Any CPU.ActiveCfg = Release|Any CPU
		{65F27F4F-81D4-4953-AAFC-79D2EE63F584}.Release|Any CPU.Build.0 = Release|Any CPU
		{65F27F4F-81D4-4953-AAFC-79D2EE63F584}.Release|Any CPU.Deploy.0 = Release|Any CPU
		{65F27F4F-81D4-4953-AAFC-79D2EE63F584}.Test|Any CPU.ActiveCfg = Debug|Any CPU
		{65F27F4F-81D4-4953-AAFC-79D2EE63F584}.Test|Any CPU.Build.0 = Debug|Any CPU
		{65F27F4F-81D4-4953-AAFC-79D2EE63F584}.Test|Any CPU.Deploy.0 = Debug|Any CPU
		{65F27F4F-81D4-4953-AAFC-79D2EE63F584}.TestDebug|Any CPU.ActiveCfg = Debug|Any CPU
		{65F27F4F-81D4-4953-AAFC-79D2EE63F584}.TestDebug|Any CPU.Build.0 = Debug|Any CPU
		{65F27F4F-81D4-4953-AAFC-79D2EE63F584}.TestDebug|Any CPU.Deploy.0 = Debug|Any CPU
	EndGlobalSection
	GlobalSection(SolutionProperties) = preSolution
		HideSolutionNode = FALSE
	EndGlobalSection
	GlobalSection(ExtensibilityGlobals) = postSolution
		SolutionGuid = {131D736D-D374-459E-B44A-0DA033A6464A}
	EndGlobalSection
	GlobalSection(SubversionScc) = preSolution
		Svn-Managed = True
		Manager = AnkhSVN - Subversion Support for Visual Studio
	EndGlobalSection
EndGlobal
