
Microsoft Visual Studio Solution File, Format Version 12.00
# Visual Studio Version 16
VisualStudioVersion = 16.0.30104.148
MinimumVisualStudioVersion = 10.0.40219.1
Project("{FAE04EC0-301F-11D3-BF4B-00C04F79EFBC}") = "MD", "MD\MD.csproj", "{845F730F-88F6-4252-96C2-1C3875474B89}"
EndProject
Project("{FAE04EC0-301F-11D3-BF4B-00C04F79EFBC}") = "Uheaa.Common.Scripts", "..\..\CommonLibraries\Common\Scripts\Uheaa.Common.Scripts.csproj", "{30101894-A61F-4137-A6BE-45FB55D231E0}"
EndProject
Project("{FAE04EC0-301F-11D3-BF4B-00C04F79EFBC}") = "Uheaa.Common.DataAccess", "..\..\CommonLibraries\Common\DataAccess\Uheaa.Common.DataAccess.csproj", "{6FD27ED5-786D-4F03-8CB9-DDFDEC5C5192}"
EndProject
Project("{FAE04EC0-301F-11D3-BF4B-00C04F79EFBC}") = "Uheaa.Common.ProcessLogger", "..\..\CommonLibraries\Common\ProcessLogger\ProcessLogger\Uheaa.Common.ProcessLogger.csproj", "{0EEC6608-8F88-4FAA-A7EB-7AE65F14F643}"
EndProject
Project("{FAE04EC0-301F-11D3-BF4B-00C04F79EFBC}") = "Uheaa.Common", "..\..\CommonLibraries\Common\Common\Uheaa.Common.csproj", "{D39CCBC4-F262-4225-AE0C-925553DEA372}"
EndProject
Project("{FAE04EC0-301F-11D3-BF4B-00C04F79EFBC}") = "Uheaa.Common.WinForms", "..\..\CommonLibraries\Common\WinForms\Uheaa.Common.WinForms.csproj", "{9C5232EF-657C-4BCE-8B89-63B99383C604}"
EndProject
Project("{FAE04EC0-301F-11D3-BF4B-00C04F79EFBC}") = "MdSession", "MdSession\MdSession.csproj", "{624A9737-F457-457E-B51C-EB1F02537A43}"
EndProject
Project("{FAE04EC0-301F-11D3-BF4B-00C04F79EFBC}") = "MDIntermediary", "MDIntermediary\MDIntermediary.csproj", "{7211ABC4-E643-4762-AB90-53AB53BD745D}"
EndProject
Project("{FAE04EC0-301F-11D3-BF4B-00C04F79EFBC}") = "MDLetters", "..\..\MDLetters\MDLetters.csproj", "{5CEF4ACF-5ED8-4FE5-9810-43EEE4505B7C}"
EndProject
Project("{FAE04EC0-301F-11D3-BF4B-00C04F79EFBC}") = "INCIDENTRP", "..\..\INCIDENTRP\INCIDENTRP\INCIDENTRP.csproj", "{973A7219-C855-4892-B823-71A4F27E2CBA}"
EndProject
Project("{FAE04EC0-301F-11D3-BF4B-00C04F79EFBC}") = "MauiDUDE", "MauiDUDE\MauiDUDE.csproj", "{2AF28557-421E-41C9-BB25-40B436903FF0}"
EndProject
Project("{FAE04EC0-301F-11D3-BF4B-00C04F79EFBC}") = "MauiDUDETests", "MauiDUDETests\MauiDUDETests.csproj", "{FCBECC21-7370-4412-B3DA-B2271DA49BC4}"
EndProject
Project("{F184B08F-C81C-45F6-A57F-5ABD9991F28F}") = "Q", "..\..\Q\Q.vbproj", "{5DB905EB-0BF7-4E95-8A46-0B7E76EE807D}"
EndProject
Project("{00D1A9C2-B5F0-4AF3-8072-F6C62B433612}") = "MD_ULS", "MD_ULS\MD_ULS.sqlproj", "{3EF058A3-AA06-492F-8033-60BAA496B261}"
EndProject
Project("{FAE04EC0-301F-11D3-BF4B-00C04F79EFBC}") = "VERFORBUH", "..\..\VERFORBUH\VERFORBUH\VERFORBUH.csproj", "{41584CDE-957E-4264-A4DE-53AFEE359243}"
EndProject
Global
	GlobalSection(SolutionConfigurationPlatforms) = preSolution
		Debug|Any CPU = Debug|Any CPU
		QA|Any CPU = QA|Any CPU
		Release|Any CPU = Release|Any CPU
		Test|Any CPU = Test|Any CPU
		TestDebug|Any CPU = TestDebug|Any CPU
	EndGlobalSection
	GlobalSection(ProjectConfigurationPlatforms) = postSolution
		{845F730F-88F6-4252-96C2-1C3875474B89}.Debug|Any CPU.ActiveCfg = Debug|Any CPU
		{845F730F-88F6-4252-96C2-1C3875474B89}.Debug|Any CPU.Build.0 = Debug|Any CPU
		{845F730F-88F6-4252-96C2-1C3875474B89}.QA|Any CPU.ActiveCfg = Release|Any CPU
		{845F730F-88F6-4252-96C2-1C3875474B89}.QA|Any CPU.Build.0 = Release|Any CPU
		{845F730F-88F6-4252-96C2-1C3875474B89}.Release|Any CPU.ActiveCfg = Release|Any CPU
		{845F730F-88F6-4252-96C2-1C3875474B89}.Release|Any CPU.Build.0 = Release|Any CPU
		{845F730F-88F6-4252-96C2-1C3875474B89}.Test|Any CPU.ActiveCfg = Release|Any CPU
		{845F730F-88F6-4252-96C2-1C3875474B89}.Test|Any CPU.Build.0 = Release|Any CPU
		{845F730F-88F6-4252-96C2-1C3875474B89}.TestDebug|Any CPU.ActiveCfg = Debug|Any CPU
		{845F730F-88F6-4252-96C2-1C3875474B89}.TestDebug|Any CPU.Build.0 = Debug|Any CPU
		{30101894-A61F-4137-A6BE-45FB55D231E0}.Debug|Any CPU.ActiveCfg = Debug|Any CPU
		{30101894-A61F-4137-A6BE-45FB55D231E0}.Debug|Any CPU.Build.0 = Debug|Any CPU
		{30101894-A61F-4137-A6BE-45FB55D231E0}.QA|Any CPU.ActiveCfg = TestDebug|Any CPU
		{30101894-A61F-4137-A6BE-45FB55D231E0}.QA|Any CPU.Build.0 = TestDebug|Any CPU
		{30101894-A61F-4137-A6BE-45FB55D231E0}.Release|Any CPU.ActiveCfg = Release|Any CPU
		{30101894-A61F-4137-A6BE-45FB55D231E0}.Release|Any CPU.Build.0 = Release|Any CPU
		{30101894-A61F-4137-A6BE-45FB55D231E0}.Test|Any CPU.ActiveCfg = TestDebug|Any CPU
		{30101894-A61F-4137-A6BE-45FB55D231E0}.Test|Any CPU.Build.0 = TestDebug|Any CPU
		{30101894-A61F-4137-A6BE-45FB55D231E0}.TestDebug|Any CPU.ActiveCfg = TestDebug|Any CPU
		{30101894-A61F-4137-A6BE-45FB55D231E0}.TestDebug|Any CPU.Build.0 = TestDebug|Any CPU
		{6FD27ED5-786D-4F03-8CB9-DDFDEC5C5192}.Debug|Any CPU.ActiveCfg = Debug|Any CPU
		{6FD27ED5-786D-4F03-8CB9-DDFDEC5C5192}.Debug|Any CPU.Build.0 = Debug|Any CPU
		{6FD27ED5-786D-4F03-8CB9-DDFDEC5C5192}.QA|Any CPU.ActiveCfg = QA|Any CPU
		{6FD27ED5-786D-4F03-8CB9-DDFDEC5C5192}.QA|Any CPU.Build.0 = QA|Any CPU
		{6FD27ED5-786D-4F03-8CB9-DDFDEC5C5192}.Release|Any CPU.ActiveCfg = Release|Any CPU
		{6FD27ED5-786D-4F03-8CB9-DDFDEC5C5192}.Release|Any CPU.Build.0 = Release|Any CPU
		{6FD27ED5-786D-4F03-8CB9-DDFDEC5C5192}.Test|Any CPU.ActiveCfg = Test|Any CPU
		{6FD27ED5-786D-4F03-8CB9-DDFDEC5C5192}.Test|Any CPU.Build.0 = Test|Any CPU
		{6FD27ED5-786D-4F03-8CB9-DDFDEC5C5192}.TestDebug|Any CPU.ActiveCfg = TestDebug|Any CPU
		{6FD27ED5-786D-4F03-8CB9-DDFDEC5C5192}.TestDebug|Any CPU.Build.0 = TestDebug|Any CPU
		{0EEC6608-8F88-4FAA-A7EB-7AE65F14F643}.Debug|Any CPU.ActiveCfg = Debug|Any CPU
		{0EEC6608-8F88-4FAA-A7EB-7AE65F14F643}.Debug|Any CPU.Build.0 = Debug|Any CPU
		{0EEC6608-8F88-4FAA-A7EB-7AE65F14F643}.QA|Any CPU.ActiveCfg = Release|Any CPU
		{0EEC6608-8F88-4FAA-A7EB-7AE65F14F643}.QA|Any CPU.Build.0 = Release|Any CPU
		{0EEC6608-8F88-4FAA-A7EB-7AE65F14F643}.Release|Any CPU.ActiveCfg = Release|Any CPU
		{0EEC6608-8F88-4FAA-A7EB-7AE65F14F643}.Release|Any CPU.Build.0 = Release|Any CPU
		{0EEC6608-8F88-4FAA-A7EB-7AE65F14F643}.Test|Any CPU.ActiveCfg = Release|Any CPU
		{0EEC6608-8F88-4FAA-A7EB-7AE65F14F643}.Test|Any CPU.Build.0 = Release|Any CPU
		{0EEC6608-8F88-4FAA-A7EB-7AE65F14F643}.TestDebug|Any CPU.ActiveCfg = Debug|Any CPU
		{0EEC6608-8F88-4FAA-A7EB-7AE65F14F643}.TestDebug|Any CPU.Build.0 = Debug|Any CPU
		{D39CCBC4-F262-4225-AE0C-925553DEA372}.Debug|Any CPU.ActiveCfg = Debug|Any CPU
		{D39CCBC4-F262-4225-AE0C-925553DEA372}.Debug|Any CPU.Build.0 = Debug|Any CPU
		{D39CCBC4-F262-4225-AE0C-925553DEA372}.QA|Any CPU.ActiveCfg = QA|Any CPU
		{D39CCBC4-F262-4225-AE0C-925553DEA372}.QA|Any CPU.Build.0 = QA|Any CPU
		{D39CCBC4-F262-4225-AE0C-925553DEA372}.Release|Any CPU.ActiveCfg = Release|Any CPU
		{D39CCBC4-F262-4225-AE0C-925553DEA372}.Release|Any CPU.Build.0 = Release|Any CPU
		{D39CCBC4-F262-4225-AE0C-925553DEA372}.Test|Any CPU.ActiveCfg = Test|Any CPU
		{D39CCBC4-F262-4225-AE0C-925553DEA372}.Test|Any CPU.Build.0 = Test|Any CPU
		{D39CCBC4-F262-4225-AE0C-925553DEA372}.TestDebug|Any CPU.ActiveCfg = TestDebug|Any CPU
		{D39CCBC4-F262-4225-AE0C-925553DEA372}.TestDebug|Any CPU.Build.0 = TestDebug|Any CPU
		{9C5232EF-657C-4BCE-8B89-63B99383C604}.Debug|Any CPU.ActiveCfg = Debug|Any CPU
		{9C5232EF-657C-4BCE-8B89-63B99383C604}.Debug|Any CPU.Build.0 = Debug|Any CPU
		{9C5232EF-657C-4BCE-8B89-63B99383C604}.QA|Any CPU.ActiveCfg = Release|Any CPU
		{9C5232EF-657C-4BCE-8B89-63B99383C604}.QA|Any CPU.Build.0 = Release|Any CPU
		{9C5232EF-657C-4BCE-8B89-63B99383C604}.Release|Any CPU.ActiveCfg = Release|Any CPU
		{9C5232EF-657C-4BCE-8B89-63B99383C604}.Release|Any CPU.Build.0 = Release|Any CPU
		{9C5232EF-657C-4BCE-8B89-63B99383C604}.Test|Any CPU.ActiveCfg = Release|Any CPU
		{9C5232EF-657C-4BCE-8B89-63B99383C604}.Test|Any CPU.Build.0 = Release|Any CPU
		{9C5232EF-657C-4BCE-8B89-63B99383C604}.TestDebug|Any CPU.ActiveCfg = Debug|Any CPU
		{9C5232EF-657C-4BCE-8B89-63B99383C604}.TestDebug|Any CPU.Build.0 = Debug|Any CPU
		{624A9737-F457-457E-B51C-EB1F02537A43}.Debug|Any CPU.ActiveCfg = Debug|Any CPU
		{624A9737-F457-457E-B51C-EB1F02537A43}.Debug|Any CPU.Build.0 = Debug|Any CPU
		{624A9737-F457-457E-B51C-EB1F02537A43}.QA|Any CPU.ActiveCfg = Release|Any CPU
		{624A9737-F457-457E-B51C-EB1F02537A43}.QA|Any CPU.Build.0 = Release|Any CPU
		{624A9737-F457-457E-B51C-EB1F02537A43}.Release|Any CPU.ActiveCfg = Release|Any CPU
		{624A9737-F457-457E-B51C-EB1F02537A43}.Release|Any CPU.Build.0 = Release|Any CPU
		{624A9737-F457-457E-B51C-EB1F02537A43}.Test|Any CPU.ActiveCfg = Release|Any CPU
		{624A9737-F457-457E-B51C-EB1F02537A43}.Test|Any CPU.Build.0 = Release|Any CPU
		{624A9737-F457-457E-B51C-EB1F02537A43}.TestDebug|Any CPU.ActiveCfg = Debug|Any CPU
		{624A9737-F457-457E-B51C-EB1F02537A43}.TestDebug|Any CPU.Build.0 = Debug|Any CPU
		{7211ABC4-E643-4762-AB90-53AB53BD745D}.Debug|Any CPU.ActiveCfg = Debug|Any CPU
		{7211ABC4-E643-4762-AB90-53AB53BD745D}.Debug|Any CPU.Build.0 = Debug|Any CPU
		{7211ABC4-E643-4762-AB90-53AB53BD745D}.QA|Any CPU.ActiveCfg = Release|Any CPU
		{7211ABC4-E643-4762-AB90-53AB53BD745D}.QA|Any CPU.Build.0 = Release|Any CPU
		{7211ABC4-E643-4762-AB90-53AB53BD745D}.Release|Any CPU.ActiveCfg = Release|Any CPU
		{7211ABC4-E643-4762-AB90-53AB53BD745D}.Release|Any CPU.Build.0 = Release|Any CPU
		{7211ABC4-E643-4762-AB90-53AB53BD745D}.Test|Any CPU.ActiveCfg = Release|Any CPU
		{7211ABC4-E643-4762-AB90-53AB53BD745D}.Test|Any CPU.Build.0 = Release|Any CPU
		{7211ABC4-E643-4762-AB90-53AB53BD745D}.TestDebug|Any CPU.ActiveCfg = Debug|Any CPU
		{7211ABC4-E643-4762-AB90-53AB53BD745D}.TestDebug|Any CPU.Build.0 = Debug|Any CPU
		{5CEF4ACF-5ED8-4FE5-9810-43EEE4505B7C}.Debug|Any CPU.ActiveCfg = Debug|Any CPU
		{5CEF4ACF-5ED8-4FE5-9810-43EEE4505B7C}.Debug|Any CPU.Build.0 = Debug|Any CPU
		{5CEF4ACF-5ED8-4FE5-9810-43EEE4505B7C}.QA|Any CPU.ActiveCfg = Release|Any CPU
		{5CEF4ACF-5ED8-4FE5-9810-43EEE4505B7C}.QA|Any CPU.Build.0 = Release|Any CPU
		{5CEF4ACF-5ED8-4FE5-9810-43EEE4505B7C}.Release|Any CPU.ActiveCfg = Release|Any CPU
		{5CEF4ACF-5ED8-4FE5-9810-43EEE4505B7C}.Release|Any CPU.Build.0 = Release|Any CPU
		{5CEF4ACF-5ED8-4FE5-9810-43EEE4505B7C}.Test|Any CPU.ActiveCfg = Release|Any CPU
		{5CEF4ACF-5ED8-4FE5-9810-43EEE4505B7C}.Test|Any CPU.Build.0 = Release|Any CPU
		{5CEF4ACF-5ED8-4FE5-9810-43EEE4505B7C}.TestDebug|Any CPU.ActiveCfg = Debug|Any CPU
		{5CEF4ACF-5ED8-4FE5-9810-43EEE4505B7C}.TestDebug|Any CPU.Build.0 = Debug|Any CPU
		{973A7219-C855-4892-B823-71A4F27E2CBA}.Debug|Any CPU.ActiveCfg = Debug|Any CPU
		{973A7219-C855-4892-B823-71A4F27E2CBA}.QA|Any CPU.ActiveCfg = Test|Any CPU
		{973A7219-C855-4892-B823-71A4F27E2CBA}.QA|Any CPU.Build.0 = Test|Any CPU
		{973A7219-C855-4892-B823-71A4F27E2CBA}.Release|Any CPU.ActiveCfg = Release|Any CPU
		{973A7219-C855-4892-B823-71A4F27E2CBA}.Test|Any CPU.ActiveCfg = Test|Any CPU
		{973A7219-C855-4892-B823-71A4F27E2CBA}.Test|Any CPU.Build.0 = Test|Any CPU
		{973A7219-C855-4892-B823-71A4F27E2CBA}.TestDebug|Any CPU.ActiveCfg = Debug|Any CPU
		{973A7219-C855-4892-B823-71A4F27E2CBA}.TestDebug|Any CPU.Build.0 = Debug|Any CPU
		{2AF28557-421E-41C9-BB25-40B436903FF0}.Debug|Any CPU.ActiveCfg = Debug|Any CPU
		{2AF28557-421E-41C9-BB25-40B436903FF0}.Debug|Any CPU.Build.0 = Debug|Any CPU
		{2AF28557-421E-41C9-BB25-40B436903FF0}.QA|Any CPU.ActiveCfg = Release|Any CPU
		{2AF28557-421E-41C9-BB25-40B436903FF0}.QA|Any CPU.Build.0 = Release|Any CPU
		{2AF28557-421E-41C9-BB25-40B436903FF0}.Release|Any CPU.ActiveCfg = Release|Any CPU
		{2AF28557-421E-41C9-BB25-40B436903FF0}.Release|Any CPU.Build.0 = Release|Any CPU
		{2AF28557-421E-41C9-BB25-40B436903FF0}.Test|Any CPU.ActiveCfg = Release|Any CPU
		{2AF28557-421E-41C9-BB25-40B436903FF0}.Test|Any CPU.Build.0 = Release|Any CPU
		{2AF28557-421E-41C9-BB25-40B436903FF0}.TestDebug|Any CPU.ActiveCfg = Debug|Any CPU
		{2AF28557-421E-41C9-BB25-40B436903FF0}.TestDebug|Any CPU.Build.0 = Debug|Any CPU
		{FCBECC21-7370-4412-B3DA-B2271DA49BC4}.Debug|Any CPU.ActiveCfg = Debug|Any CPU
		{FCBECC21-7370-4412-B3DA-B2271DA49BC4}.Debug|Any CPU.Build.0 = Debug|Any CPU
		{FCBECC21-7370-4412-B3DA-B2271DA49BC4}.QA|Any CPU.ActiveCfg = Release|Any CPU
		{FCBECC21-7370-4412-B3DA-B2271DA49BC4}.QA|Any CPU.Build.0 = Release|Any CPU
		{FCBECC21-7370-4412-B3DA-B2271DA49BC4}.Release|Any CPU.ActiveCfg = Release|Any CPU
		{FCBECC21-7370-4412-B3DA-B2271DA49BC4}.Release|Any CPU.Build.0 = Release|Any CPU
		{FCBECC21-7370-4412-B3DA-B2271DA49BC4}.Test|Any CPU.ActiveCfg = Release|Any CPU
		{FCBECC21-7370-4412-B3DA-B2271DA49BC4}.Test|Any CPU.Build.0 = Release|Any CPU
		{FCBECC21-7370-4412-B3DA-B2271DA49BC4}.TestDebug|Any CPU.ActiveCfg = Debug|Any CPU
		{FCBECC21-7370-4412-B3DA-B2271DA49BC4}.TestDebug|Any CPU.Build.0 = Debug|Any CPU
		{5DB905EB-0BF7-4E95-8A46-0B7E76EE807D}.Debug|Any CPU.ActiveCfg = Debug|Any CPU
		{5DB905EB-0BF7-4E95-8A46-0B7E76EE807D}.Debug|Any CPU.Build.0 = Debug|Any CPU
		{5DB905EB-0BF7-4E95-8A46-0B7E76EE807D}.QA|Any CPU.ActiveCfg = QA|Any CPU
		{5DB905EB-0BF7-4E95-8A46-0B7E76EE807D}.QA|Any CPU.Build.0 = QA|Any CPU
		{5DB905EB-0BF7-4E95-8A46-0B7E76EE807D}.Release|Any CPU.ActiveCfg = Release|Any CPU
		{5DB905EB-0BF7-4E95-8A46-0B7E76EE807D}.Release|Any CPU.Build.0 = Release|Any CPU
		{5DB905EB-0BF7-4E95-8A46-0B7E76EE807D}.Test|Any CPU.ActiveCfg = Test|Any CPU
		{5DB905EB-0BF7-4E95-8A46-0B7E76EE807D}.Test|Any CPU.Build.0 = Test|Any CPU
		{5DB905EB-0BF7-4E95-8A46-0B7E76EE807D}.TestDebug|Any CPU.ActiveCfg = Debug|Any CPU
		{5DB905EB-0BF7-4E95-8A46-0B7E76EE807D}.TestDebug|Any CPU.Build.0 = Debug|Any CPU
		{3EF058A3-AA06-492F-8033-60BAA496B261}.Debug|Any CPU.ActiveCfg = Debug|Any CPU
		{3EF058A3-AA06-492F-8033-60BAA496B261}.Debug|Any CPU.Build.0 = Debug|Any CPU
		{3EF058A3-AA06-492F-8033-60BAA496B261}.Debug|Any CPU.Deploy.0 = Debug|Any CPU
		{3EF058A3-AA06-492F-8033-60BAA496B261}.QA|Any CPU.ActiveCfg = Release|Any CPU
		{3EF058A3-AA06-492F-8033-60BAA496B261}.QA|Any CPU.Build.0 = Release|Any CPU
		{3EF058A3-AA06-492F-8033-60BAA496B261}.QA|Any CPU.Deploy.0 = Release|Any CPU
		{3EF058A3-AA06-492F-8033-60BAA496B261}.Release|Any CPU.ActiveCfg = Release|Any CPU
		{3EF058A3-AA06-492F-8033-60BAA496B261}.Release|Any CPU.Deploy.0 = Release|Any CPU
		{3EF058A3-AA06-492F-8033-60BAA496B261}.Test|Any CPU.ActiveCfg = Release|Any CPU
		{3EF058A3-AA06-492F-8033-60BAA496B261}.Test|Any CPU.Build.0 = Release|Any CPU
		{3EF058A3-AA06-492F-8033-60BAA496B261}.Test|Any CPU.Deploy.0 = Release|Any CPU
		{3EF058A3-AA06-492F-8033-60BAA496B261}.TestDebug|Any CPU.ActiveCfg = Debug|Any CPU
		{3EF058A3-AA06-492F-8033-60BAA496B261}.TestDebug|Any CPU.Build.0 = Debug|Any CPU
		{3EF058A3-AA06-492F-8033-60BAA496B261}.TestDebug|Any CPU.Deploy.0 = Debug|Any CPU
		{41584CDE-957E-4264-A4DE-53AFEE359243}.Debug|Any CPU.ActiveCfg = Debug|Any CPU
		{41584CDE-957E-4264-A4DE-53AFEE359243}.Debug|Any CPU.Build.0 = Debug|Any CPU
		{41584CDE-957E-4264-A4DE-53AFEE359243}.QA|Any CPU.ActiveCfg = Debug|Any CPU
		{41584CDE-957E-4264-A4DE-53AFEE359243}.QA|Any CPU.Build.0 = Debug|Any CPU
		{41584CDE-957E-4264-A4DE-53AFEE359243}.Release|Any CPU.ActiveCfg = Release|Any CPU
		{41584CDE-957E-4264-A4DE-53AFEE359243}.Release|Any CPU.Build.0 = Release|Any CPU
		{41584CDE-957E-4264-A4DE-53AFEE359243}.Test|Any CPU.ActiveCfg = Debug|Any CPU
		{41584CDE-957E-4264-A4DE-53AFEE359243}.Test|Any CPU.Build.0 = Debug|Any CPU
		{41584CDE-957E-4264-A4DE-53AFEE359243}.TestDebug|Any CPU.ActiveCfg = Debug|Any CPU
		{41584CDE-957E-4264-A4DE-53AFEE359243}.TestDebug|Any CPU.Build.0 = Debug|Any CPU
	EndGlobalSection
	GlobalSection(SolutionProperties) = preSolution
		HideSolutionNode = FALSE
	EndGlobalSection
	GlobalSection(ExtensibilityGlobals) = postSolution
		SolutionGuid = {A21E4111-B26D-444D-9C23-AEF8E5B1931D}
	EndGlobalSection
	GlobalSection(SubversionScc) = preSolution
		Svn-Managed = True
		Manager = AnkhSVN - Subversion Support for Visual Studio
	EndGlobalSection
EndGlobal
