Microsoft Visual Studio Solution File, Format Version 8.00
Project("{54435603-DBB4-11D2-8724-00A0C9A8B90C}") = "UHEAA FIXIT", "UHEAA FIXIT.vdproj", "{32E55C56-C3BD-4BB5-B7CE-E0EA369325AC}"
	ProjectSection(ProjectDependencies) = postProject
	EndProjectSection
EndProject
Global
	GlobalSection(SolutionConfiguration) = preSolution
		Debug = Debug
		Release = Release
	EndGlobalSection
	GlobalSection(ProjectConfiguration) = postSolution
		{32E55C56-C3BD-4BB5-B7CE-E0EA369325AC}.Debug.ActiveCfg = Debug
		{32E55C56-C3BD-4BB5-B7CE-E0EA369325AC}.Debug.Build.0 = Debug
		{32E55C56-C3BD-4BB5-B7CE-E0EA369325AC}.Release.ActiveCfg = Release
		{32E55C56-C3BD-4BB5-B7CE-E0EA369325AC}.Release.Build.0 = Release
	EndGlobalSection
	GlobalSection(ExtensibilityGlobals) = postSolution
	EndGlobalSection
	GlobalSection(ExtensibilityAddIns) = postSolution
	EndGlobalSection
EndGlobal
