
Microsoft Visual Studio Solution File, Format Version 12.00
# Visual Studio Version 16
VisualStudioVersion = 16.0.30621.155
MinimumVisualStudioVersion = 10.0.40219.1
Project("{FAE04EC0-301F-11D3-BF4B-00C04F79EFBC}") = "Common", "Common\Common.csproj", "{7086ADA6-66F7-491E-ABEC-D16D77A0D9BF}"
EndProject
Global
	GlobalSection(SolutionConfigurationPlatforms) = preSolution
		Debug|Any CPU = Debug|Any CPU
		Release|Any CPU = Release|Any CPU
	EndGlobalSection
	GlobalSection(ProjectConfigurationPlatforms) = postSolution
		{7086ADA6-66F7-491E-ABEC-D16D77A0D9BF}.Debug|Any CPU.ActiveCfg = Debug|Any CPU
		{7086ADA6-66F7-491E-ABEC-D16D77A0D9BF}.Debug|Any CPU.Build.0 = Debug|Any CPU
		{7086ADA6-66F7-491E-ABEC-D16D77A0D9BF}.Release|Any CPU.ActiveCfg = Release|Any CPU
		{7086ADA6-66F7-491E-ABEC-D16D77A0D9BF}.Release|Any CPU.Build.0 = Release|Any CPU
	EndGlobalSection
	GlobalSection(SolutionProperties) = preSolution
		HideSolutionNode = FALSE
	EndGlobalSection
	GlobalSection(ExtensibilityGlobals) = postSolution
		SolutionGuid = {63FD27CA-5F02-46A7-81B4-DF64C9421C04}
	EndGlobalSection
EndGlobal
