
Microsoft Visual Studio Solution File, Format Version 12.00
# Visual Studio 14
VisualStudioVersion = 14.0.25420.1
MinimumVisualStudioVersion = 10.0.40219.1
Project("{FAE04EC0-301F-11D3-BF4B-00C04F79EFBC}") = "Monitor", "Monitor\Monitor.csproj", "{D588CF04-08A9-4894-A762-A3384415A35C}"
EndProject
Project("{FAE04EC0-301F-11D3-BF4B-00C04F79EFBC}") = "Uheaa.Common.Scripts", "..\CommonLibraries\Common\Scripts\Uheaa.Common.Scripts.csproj", "{30101894-A61F-4137-A6BE-45FB55D231E0}"
EndProject
Project("{00D1A9C2-B5F0-4AF3-8072-F6C62B433612}") = "MonitorCDW", "MonitorSprocs\MonitorCDW.sqlproj", "{BAD4BD6F-4F5E-47D9-A613-627DBF0CABA1}"
EndProject
Project("{FAE04EC0-301F-11D3-BF4B-00C04F79EFBC}") = "Uheaa.Common.DataAccess", "..\CommonLibraries\Common\DataAccess\Uheaa.Common.DataAccess.csproj", "{6FD27ED5-786D-4F03-8CB9-DDFDEC5C5192}"
EndProject
Project("{FAE04EC0-301F-11D3-BF4B-00C04F79EFBC}") = "Uheaa.Common.ProcessLogger", "..\CommonLibraries\Common\ProcessLogger\ProcessLogger\Uheaa.Common.ProcessLogger.csproj", "{0EEC6608-8F88-4FAA-A7EB-7AE65F14F643}"
EndProject
Project("{FAE04EC0-301F-11D3-BF4B-00C04F79EFBC}") = "Uheaa.Common", "..\CommonLibraries\Common\Common\Uheaa.Common.csproj", "{D39CCBC4-F262-4225-AE0C-925553DEA372}"
EndProject
Project("{FAE04EC0-301F-11D3-BF4B-00C04F79EFBC}") = "Uheaa.Common.DocumentProcessing", "..\CommonLibraries\Common\DocumentProcessing\DocumentProcessing\Uheaa.Common.DocumentProcessing\Uheaa.Common.DocumentProcessing.csproj", "{DDE98B0A-849D-4565-B67B-254F03A15CF4}"
EndProject
Project("{00D1A9C2-B5F0-4AF3-8072-F6C62B433612}") = "MonitorCLS", "MonitorCLSULS\MonitorCLS.sqlproj", "{2BE5E192-E1B3-4F8B-BC3D-711F31A674A3}"
EndProject
Project("{FAE04EC0-301F-11D3-BF4B-00C04F79EFBC}") = "Uheaa.Common.WinForms", "..\CommonLibraries\Common\WinForms\Uheaa.Common.WinForms.csproj", "{9C5232EF-657C-4BCE-8B89-63B99383C604}"
EndProject
Project("{FAE04EC0-301F-11D3-BF4B-00C04F79EFBC}") = "Monitor_Tests", "Monitor_Tests\Monitor_Tests.csproj", "{A1ECF525-9CFE-406D-8235-75633B6AC250}"
EndProject
Global
	GlobalSection(SolutionConfigurationPlatforms) = preSolution
		Debug|Any CPU = Debug|Any CPU
		Debug|ARM = Debug|ARM
		Debug|x64 = Debug|x64
		Debug|x86 = Debug|x86
		QA|Any CPU = QA|Any CPU
		QA|ARM = QA|ARM
		QA|x64 = QA|x64
		QA|x86 = QA|x86
		Release|Any CPU = Release|Any CPU
		Release|ARM = Release|ARM
		Release|x64 = Release|x64
		Release|x86 = Release|x86
		Test|Any CPU = Test|Any CPU
		Test|ARM = Test|ARM
		Test|x64 = Test|x64
		Test|x86 = Test|x86
		TestDebug|Any CPU = TestDebug|Any CPU
		TestDebug|ARM = TestDebug|ARM
		TestDebug|x64 = TestDebug|x64
		TestDebug|x86 = TestDebug|x86
	EndGlobalSection
	GlobalSection(ProjectConfigurationPlatforms) = postSolution
		{D588CF04-08A9-4894-A762-A3384415A35C}.Debug|Any CPU.ActiveCfg = Debug|Any CPU
		{D588CF04-08A9-4894-A762-A3384415A35C}.Debug|Any CPU.Build.0 = Debug|Any CPU
		{D588CF04-08A9-4894-A762-A3384415A35C}.Debug|ARM.ActiveCfg = Debug|Any CPU
		{D588CF04-08A9-4894-A762-A3384415A35C}.Debug|ARM.Build.0 = Debug|Any CPU
		{D588CF04-08A9-4894-A762-A3384415A35C}.Debug|x64.ActiveCfg = Debug|Any CPU
		{D588CF04-08A9-4894-A762-A3384415A35C}.Debug|x64.Build.0 = Debug|Any CPU
		{D588CF04-08A9-4894-A762-A3384415A35C}.Debug|x86.ActiveCfg = Debug|Any CPU
		{D588CF04-08A9-4894-A762-A3384415A35C}.Debug|x86.Build.0 = Debug|Any CPU
		{D588CF04-08A9-4894-A762-A3384415A35C}.QA|Any CPU.ActiveCfg = Release|Any CPU
		{D588CF04-08A9-4894-A762-A3384415A35C}.QA|Any CPU.Build.0 = Release|Any CPU
		{D588CF04-08A9-4894-A762-A3384415A35C}.QA|ARM.ActiveCfg = Release|Any CPU
		{D588CF04-08A9-4894-A762-A3384415A35C}.QA|ARM.Build.0 = Release|Any CPU
		{D588CF04-08A9-4894-A762-A3384415A35C}.QA|x64.ActiveCfg = Release|Any CPU
		{D588CF04-08A9-4894-A762-A3384415A35C}.QA|x64.Build.0 = Release|Any CPU
		{D588CF04-08A9-4894-A762-A3384415A35C}.QA|x86.ActiveCfg = Release|Any CPU
		{D588CF04-08A9-4894-A762-A3384415A35C}.QA|x86.Build.0 = Release|Any CPU
		{D588CF04-08A9-4894-A762-A3384415A35C}.Release|Any CPU.ActiveCfg = Release|Any CPU
		{D588CF04-08A9-4894-A762-A3384415A35C}.Release|Any CPU.Build.0 = Release|Any CPU
		{D588CF04-08A9-4894-A762-A3384415A35C}.Release|ARM.ActiveCfg = Release|Any CPU
		{D588CF04-08A9-4894-A762-A3384415A35C}.Release|ARM.Build.0 = Release|Any CPU
		{D588CF04-08A9-4894-A762-A3384415A35C}.Release|x64.ActiveCfg = Release|Any CPU
		{D588CF04-08A9-4894-A762-A3384415A35C}.Release|x64.Build.0 = Release|Any CPU
		{D588CF04-08A9-4894-A762-A3384415A35C}.Release|x86.ActiveCfg = Release|Any CPU
		{D588CF04-08A9-4894-A762-A3384415A35C}.Release|x86.Build.0 = Release|Any CPU
		{D588CF04-08A9-4894-A762-A3384415A35C}.Test|Any CPU.ActiveCfg = Release|Any CPU
		{D588CF04-08A9-4894-A762-A3384415A35C}.Test|Any CPU.Build.0 = Release|Any CPU
		{D588CF04-08A9-4894-A762-A3384415A35C}.Test|ARM.ActiveCfg = Release|Any CPU
		{D588CF04-08A9-4894-A762-A3384415A35C}.Test|ARM.Build.0 = Release|Any CPU
		{D588CF04-08A9-4894-A762-A3384415A35C}.Test|x64.ActiveCfg = Release|Any CPU
		{D588CF04-08A9-4894-A762-A3384415A35C}.Test|x64.Build.0 = Release|Any CPU
		{D588CF04-08A9-4894-A762-A3384415A35C}.Test|x86.ActiveCfg = Release|Any CPU
		{D588CF04-08A9-4894-A762-A3384415A35C}.Test|x86.Build.0 = Release|Any CPU
		{D588CF04-08A9-4894-A762-A3384415A35C}.TestDebug|Any CPU.ActiveCfg = Debug|Any CPU
		{D588CF04-08A9-4894-A762-A3384415A35C}.TestDebug|Any CPU.Build.0 = Debug|Any CPU
		{D588CF04-08A9-4894-A762-A3384415A35C}.TestDebug|ARM.ActiveCfg = Debug|Any CPU
		{D588CF04-08A9-4894-A762-A3384415A35C}.TestDebug|ARM.Build.0 = Debug|Any CPU
		{D588CF04-08A9-4894-A762-A3384415A35C}.TestDebug|x64.ActiveCfg = Debug|Any CPU
		{D588CF04-08A9-4894-A762-A3384415A35C}.TestDebug|x64.Build.0 = Debug|Any CPU
		{D588CF04-08A9-4894-A762-A3384415A35C}.TestDebug|x86.ActiveCfg = Debug|Any CPU
		{D588CF04-08A9-4894-A762-A3384415A35C}.TestDebug|x86.Build.0 = Debug|Any CPU
		{30101894-A61F-4137-A6BE-45FB55D231E0}.Debug|Any CPU.ActiveCfg = Debug|Any CPU
		{30101894-A61F-4137-A6BE-45FB55D231E0}.Debug|Any CPU.Build.0 = Debug|Any CPU
		{30101894-A61F-4137-A6BE-45FB55D231E0}.Debug|ARM.ActiveCfg = Debug|Any CPU
		{30101894-A61F-4137-A6BE-45FB55D231E0}.Debug|ARM.Build.0 = Debug|Any CPU
		{30101894-A61F-4137-A6BE-45FB55D231E0}.Debug|x64.ActiveCfg = Debug|Any CPU
		{30101894-A61F-4137-A6BE-45FB55D231E0}.Debug|x64.Build.0 = Debug|Any CPU
		{30101894-A61F-4137-A6BE-45FB55D231E0}.Debug|x86.ActiveCfg = Debug|Any CPU
		{30101894-A61F-4137-A6BE-45FB55D231E0}.Debug|x86.Build.0 = Debug|Any CPU
		{30101894-A61F-4137-A6BE-45FB55D231E0}.QA|Any CPU.ActiveCfg = TestDebug|Any CPU
		{30101894-A61F-4137-A6BE-45FB55D231E0}.QA|Any CPU.Build.0 = TestDebug|Any CPU
		{30101894-A61F-4137-A6BE-45FB55D231E0}.QA|ARM.ActiveCfg = Release|Any CPU
		{30101894-A61F-4137-A6BE-45FB55D231E0}.QA|ARM.Build.0 = Release|Any CPU
		{30101894-A61F-4137-A6BE-45FB55D231E0}.QA|x64.ActiveCfg = Release|Any CPU
		{30101894-A61F-4137-A6BE-45FB55D231E0}.QA|x64.Build.0 = Release|Any CPU
		{30101894-A61F-4137-A6BE-45FB55D231E0}.QA|x86.ActiveCfg = Release|Any CPU
		{30101894-A61F-4137-A6BE-45FB55D231E0}.QA|x86.Build.0 = Release|Any CPU
		{30101894-A61F-4137-A6BE-45FB55D231E0}.Release|Any CPU.ActiveCfg = Release|Any CPU
		{30101894-A61F-4137-A6BE-45FB55D231E0}.Release|Any CPU.Build.0 = Release|Any CPU
		{30101894-A61F-4137-A6BE-45FB55D231E0}.Release|ARM.ActiveCfg = Release|Any CPU
		{30101894-A61F-4137-A6BE-45FB55D231E0}.Release|ARM.Build.0 = Release|Any CPU
		{30101894-A61F-4137-A6BE-45FB55D231E0}.Release|x64.ActiveCfg = Release|Any CPU
		{30101894-A61F-4137-A6BE-45FB55D231E0}.Release|x64.Build.0 = Release|Any CPU
		{30101894-A61F-4137-A6BE-45FB55D231E0}.Release|x86.ActiveCfg = Release|Any CPU
		{30101894-A61F-4137-A6BE-45FB55D231E0}.Release|x86.Build.0 = Release|Any CPU
		{30101894-A61F-4137-A6BE-45FB55D231E0}.Test|Any CPU.ActiveCfg = TestDebug|Any CPU
		{30101894-A61F-4137-A6BE-45FB55D231E0}.Test|Any CPU.Build.0 = TestDebug|Any CPU
		{30101894-A61F-4137-A6BE-45FB55D231E0}.Test|ARM.ActiveCfg = TestDebug|Any CPU
		{30101894-A61F-4137-A6BE-45FB55D231E0}.Test|ARM.Build.0 = TestDebug|Any CPU
		{30101894-A61F-4137-A6BE-45FB55D231E0}.Test|x64.ActiveCfg = TestDebug|Any CPU
		{30101894-A61F-4137-A6BE-45FB55D231E0}.Test|x64.Build.0 = TestDebug|Any CPU
		{30101894-A61F-4137-A6BE-45FB55D231E0}.Test|x86.ActiveCfg = TestDebug|Any CPU
		{30101894-A61F-4137-A6BE-45FB55D231E0}.Test|x86.Build.0 = TestDebug|Any CPU
		{30101894-A61F-4137-A6BE-45FB55D231E0}.TestDebug|Any CPU.ActiveCfg = TestDebug|Any CPU
		{30101894-A61F-4137-A6BE-45FB55D231E0}.TestDebug|Any CPU.Build.0 = TestDebug|Any CPU
		{30101894-A61F-4137-A6BE-45FB55D231E0}.TestDebug|ARM.ActiveCfg = TestDebug|Any CPU
		{30101894-A61F-4137-A6BE-45FB55D231E0}.TestDebug|ARM.Build.0 = TestDebug|Any CPU
		{30101894-A61F-4137-A6BE-45FB55D231E0}.TestDebug|x64.ActiveCfg = TestDebug|Any CPU
		{30101894-A61F-4137-A6BE-45FB55D231E0}.TestDebug|x64.Build.0 = TestDebug|Any CPU
		{30101894-A61F-4137-A6BE-45FB55D231E0}.TestDebug|x86.ActiveCfg = TestDebug|Any CPU
		{30101894-A61F-4137-A6BE-45FB55D231E0}.TestDebug|x86.Build.0 = TestDebug|Any CPU
		{BAD4BD6F-4F5E-47D9-A613-627DBF0CABA1}.Debug|Any CPU.ActiveCfg = Debug|Any CPU
		{BAD4BD6F-4F5E-47D9-A613-627DBF0CABA1}.Debug|Any CPU.Build.0 = Debug|Any CPU
		{BAD4BD6F-4F5E-47D9-A613-627DBF0CABA1}.Debug|Any CPU.Deploy.0 = Debug|Any CPU
		{BAD4BD6F-4F5E-47D9-A613-627DBF0CABA1}.Debug|ARM.ActiveCfg = Debug|Any CPU
		{BAD4BD6F-4F5E-47D9-A613-627DBF0CABA1}.Debug|ARM.Build.0 = Debug|Any CPU
		{BAD4BD6F-4F5E-47D9-A613-627DBF0CABA1}.Debug|ARM.Deploy.0 = Debug|Any CPU
		{BAD4BD6F-4F5E-47D9-A613-627DBF0CABA1}.Debug|x64.ActiveCfg = Debug|Any CPU
		{BAD4BD6F-4F5E-47D9-A613-627DBF0CABA1}.Debug|x64.Build.0 = Debug|Any CPU
		{BAD4BD6F-4F5E-47D9-A613-627DBF0CABA1}.Debug|x64.Deploy.0 = Debug|Any CPU
		{BAD4BD6F-4F5E-47D9-A613-627DBF0CABA1}.Debug|x86.ActiveCfg = Debug|Any CPU
		{BAD4BD6F-4F5E-47D9-A613-627DBF0CABA1}.Debug|x86.Build.0 = Debug|Any CPU
		{BAD4BD6F-4F5E-47D9-A613-627DBF0CABA1}.Debug|x86.Deploy.0 = Debug|Any CPU
		{BAD4BD6F-4F5E-47D9-A613-627DBF0CABA1}.QA|Any CPU.ActiveCfg = Debug|Any CPU
		{BAD4BD6F-4F5E-47D9-A613-627DBF0CABA1}.QA|Any CPU.Build.0 = Debug|Any CPU
		{BAD4BD6F-4F5E-47D9-A613-627DBF0CABA1}.QA|Any CPU.Deploy.0 = Debug|Any CPU
		{BAD4BD6F-4F5E-47D9-A613-627DBF0CABA1}.QA|ARM.ActiveCfg = Release|Any CPU
		{BAD4BD6F-4F5E-47D9-A613-627DBF0CABA1}.QA|ARM.Build.0 = Release|Any CPU
		{BAD4BD6F-4F5E-47D9-A613-627DBF0CABA1}.QA|ARM.Deploy.0 = Release|Any CPU
		{BAD4BD6F-4F5E-47D9-A613-627DBF0CABA1}.QA|x64.ActiveCfg = Release|Any CPU
		{BAD4BD6F-4F5E-47D9-A613-627DBF0CABA1}.QA|x64.Build.0 = Release|Any CPU
		{BAD4BD6F-4F5E-47D9-A613-627DBF0CABA1}.QA|x64.Deploy.0 = Release|Any CPU
		{BAD4BD6F-4F5E-47D9-A613-627DBF0CABA1}.QA|x86.ActiveCfg = Release|Any CPU
		{BAD4BD6F-4F5E-47D9-A613-627DBF0CABA1}.QA|x86.Build.0 = Release|Any CPU
		{BAD4BD6F-4F5E-47D9-A613-627DBF0CABA1}.QA|x86.Deploy.0 = Release|Any CPU
		{BAD4BD6F-4F5E-47D9-A613-627DBF0CABA1}.Release|Any CPU.ActiveCfg = Release|Any CPU
		{BAD4BD6F-4F5E-47D9-A613-627DBF0CABA1}.Release|Any CPU.Build.0 = Release|Any CPU
		{BAD4BD6F-4F5E-47D9-A613-627DBF0CABA1}.Release|Any CPU.Deploy.0 = Release|Any CPU
		{BAD4BD6F-4F5E-47D9-A613-627DBF0CABA1}.Release|ARM.ActiveCfg = Release|Any CPU
		{BAD4BD6F-4F5E-47D9-A613-627DBF0CABA1}.Release|ARM.Build.0 = Release|Any CPU
		{BAD4BD6F-4F5E-47D9-A613-627DBF0CABA1}.Release|ARM.Deploy.0 = Release|Any CPU
		{BAD4BD6F-4F5E-47D9-A613-627DBF0CABA1}.Release|x64.ActiveCfg = Release|Any CPU
		{BAD4BD6F-4F5E-47D9-A613-627DBF0CABA1}.Release|x64.Build.0 = Release|Any CPU
		{BAD4BD6F-4F5E-47D9-A613-627DBF0CABA1}.Release|x64.Deploy.0 = Release|Any CPU
		{BAD4BD6F-4F5E-47D9-A613-627DBF0CABA1}.Release|x86.ActiveCfg = Release|Any CPU
		{BAD4BD6F-4F5E-47D9-A613-627DBF0CABA1}.Release|x86.Build.0 = Release|Any CPU
		{BAD4BD6F-4F5E-47D9-A613-627DBF0CABA1}.Release|x86.Deploy.0 = Release|Any CPU
		{BAD4BD6F-4F5E-47D9-A613-627DBF0CABA1}.Test|Any CPU.ActiveCfg = Debug|Any CPU
		{BAD4BD6F-4F5E-47D9-A613-627DBF0CABA1}.Test|Any CPU.Build.0 = Debug|Any CPU
		{BAD4BD6F-4F5E-47D9-A613-627DBF0CABA1}.Test|Any CPU.Deploy.0 = Debug|Any CPU
		{BAD4BD6F-4F5E-47D9-A613-627DBF0CABA1}.Test|ARM.ActiveCfg = Release|Any CPU
		{BAD4BD6F-4F5E-47D9-A613-627DBF0CABA1}.Test|ARM.Build.0 = Release|Any CPU
		{BAD4BD6F-4F5E-47D9-A613-627DBF0CABA1}.Test|ARM.Deploy.0 = Release|Any CPU
		{BAD4BD6F-4F5E-47D9-A613-627DBF0CABA1}.Test|x64.ActiveCfg = Release|Any CPU
		{BAD4BD6F-4F5E-47D9-A613-627DBF0CABA1}.Test|x64.Build.0 = Release|Any CPU
		{BAD4BD6F-4F5E-47D9-A613-627DBF0CABA1}.Test|x64.Deploy.0 = Release|Any CPU
		{BAD4BD6F-4F5E-47D9-A613-627DBF0CABA1}.Test|x86.ActiveCfg = Release|Any CPU
		{BAD4BD6F-4F5E-47D9-A613-627DBF0CABA1}.Test|x86.Build.0 = Release|Any CPU
		{BAD4BD6F-4F5E-47D9-A613-627DBF0CABA1}.Test|x86.Deploy.0 = Release|Any CPU
		{BAD4BD6F-4F5E-47D9-A613-627DBF0CABA1}.TestDebug|Any CPU.ActiveCfg = Debug|Any CPU
		{BAD4BD6F-4F5E-47D9-A613-627DBF0CABA1}.TestDebug|Any CPU.Build.0 = Debug|Any CPU
		{BAD4BD6F-4F5E-47D9-A613-627DBF0CABA1}.TestDebug|Any CPU.Deploy.0 = Debug|Any CPU
		{BAD4BD6F-4F5E-47D9-A613-627DBF0CABA1}.TestDebug|ARM.ActiveCfg = Debug|Any CPU
		{BAD4BD6F-4F5E-47D9-A613-627DBF0CABA1}.TestDebug|ARM.Build.0 = Debug|Any CPU
		{BAD4BD6F-4F5E-47D9-A613-627DBF0CABA1}.TestDebug|ARM.Deploy.0 = Debug|Any CPU
		{BAD4BD6F-4F5E-47D9-A613-627DBF0CABA1}.TestDebug|x64.ActiveCfg = Debug|Any CPU
		{BAD4BD6F-4F5E-47D9-A613-627DBF0CABA1}.TestDebug|x64.Build.0 = Debug|Any CPU
		{BAD4BD6F-4F5E-47D9-A613-627DBF0CABA1}.TestDebug|x64.Deploy.0 = Debug|Any CPU
		{BAD4BD6F-4F5E-47D9-A613-627DBF0CABA1}.TestDebug|x86.ActiveCfg = Debug|Any CPU
		{BAD4BD6F-4F5E-47D9-A613-627DBF0CABA1}.TestDebug|x86.Build.0 = Debug|Any CPU
		{BAD4BD6F-4F5E-47D9-A613-627DBF0CABA1}.TestDebug|x86.Deploy.0 = Debug|Any CPU
		{6FD27ED5-786D-4F03-8CB9-DDFDEC5C5192}.Debug|Any CPU.ActiveCfg = Debug|Any CPU
		{6FD27ED5-786D-4F03-8CB9-DDFDEC5C5192}.Debug|Any CPU.Build.0 = Debug|Any CPU
		{6FD27ED5-786D-4F03-8CB9-DDFDEC5C5192}.Debug|ARM.ActiveCfg = Debug|Any CPU
		{6FD27ED5-786D-4F03-8CB9-DDFDEC5C5192}.Debug|ARM.Build.0 = Debug|Any CPU
		{6FD27ED5-786D-4F03-8CB9-DDFDEC5C5192}.Debug|x64.ActiveCfg = Debug|Any CPU
		{6FD27ED5-786D-4F03-8CB9-DDFDEC5C5192}.Debug|x64.Build.0 = Debug|Any CPU
		{6FD27ED5-786D-4F03-8CB9-DDFDEC5C5192}.Debug|x86.ActiveCfg = Debug|Any CPU
		{6FD27ED5-786D-4F03-8CB9-DDFDEC5C5192}.Debug|x86.Build.0 = Debug|Any CPU
		{6FD27ED5-786D-4F03-8CB9-DDFDEC5C5192}.QA|Any CPU.ActiveCfg = QA|Any CPU
		{6FD27ED5-786D-4F03-8CB9-DDFDEC5C5192}.QA|Any CPU.Build.0 = QA|Any CPU
		{6FD27ED5-786D-4F03-8CB9-DDFDEC5C5192}.QA|ARM.ActiveCfg = QA|Any CPU
		{6FD27ED5-786D-4F03-8CB9-DDFDEC5C5192}.QA|ARM.Build.0 = QA|Any CPU
		{6FD27ED5-786D-4F03-8CB9-DDFDEC5C5192}.QA|x64.ActiveCfg = QA|Any CPU
		{6FD27ED5-786D-4F03-8CB9-DDFDEC5C5192}.QA|x64.Build.0 = QA|Any CPU
		{6FD27ED5-786D-4F03-8CB9-DDFDEC5C5192}.QA|x86.ActiveCfg = QA|Any CPU
		{6FD27ED5-786D-4F03-8CB9-DDFDEC5C5192}.QA|x86.Build.0 = QA|Any CPU
		{6FD27ED5-786D-4F03-8CB9-DDFDEC5C5192}.Release|Any CPU.ActiveCfg = Release|Any CPU
		{6FD27ED5-786D-4F03-8CB9-DDFDEC5C5192}.Release|Any CPU.Build.0 = Release|Any CPU
		{6FD27ED5-786D-4F03-8CB9-DDFDEC5C5192}.Release|ARM.ActiveCfg = Release|Any CPU
		{6FD27ED5-786D-4F03-8CB9-DDFDEC5C5192}.Release|ARM.Build.0 = Release|Any CPU
		{6FD27ED5-786D-4F03-8CB9-DDFDEC5C5192}.Release|x64.ActiveCfg = Release|Any CPU
		{6FD27ED5-786D-4F03-8CB9-DDFDEC5C5192}.Release|x64.Build.0 = Release|Any CPU
		{6FD27ED5-786D-4F03-8CB9-DDFDEC5C5192}.Release|x86.ActiveCfg = Release|Any CPU
		{6FD27ED5-786D-4F03-8CB9-DDFDEC5C5192}.Release|x86.Build.0 = Release|Any CPU
		{6FD27ED5-786D-4F03-8CB9-DDFDEC5C5192}.Test|Any CPU.ActiveCfg = Test|Any CPU
		{6FD27ED5-786D-4F03-8CB9-DDFDEC5C5192}.Test|Any CPU.Build.0 = Test|Any CPU
		{6FD27ED5-786D-4F03-8CB9-DDFDEC5C5192}.Test|ARM.ActiveCfg = Test|Any CPU
		{6FD27ED5-786D-4F03-8CB9-DDFDEC5C5192}.Test|ARM.Build.0 = Test|Any CPU
		{6FD27ED5-786D-4F03-8CB9-DDFDEC5C5192}.Test|x64.ActiveCfg = Test|Any CPU
		{6FD27ED5-786D-4F03-8CB9-DDFDEC5C5192}.Test|x64.Build.0 = Test|Any CPU
		{6FD27ED5-786D-4F03-8CB9-DDFDEC5C5192}.Test|x86.ActiveCfg = Test|Any CPU
		{6FD27ED5-786D-4F03-8CB9-DDFDEC5C5192}.Test|x86.Build.0 = Test|Any CPU
		{6FD27ED5-786D-4F03-8CB9-DDFDEC5C5192}.TestDebug|Any CPU.ActiveCfg = TestDebug|Any CPU
		{6FD27ED5-786D-4F03-8CB9-DDFDEC5C5192}.TestDebug|Any CPU.Build.0 = TestDebug|Any CPU
		{6FD27ED5-786D-4F03-8CB9-DDFDEC5C5192}.TestDebug|ARM.ActiveCfg = TestDebug|Any CPU
		{6FD27ED5-786D-4F03-8CB9-DDFDEC5C5192}.TestDebug|ARM.Build.0 = TestDebug|Any CPU
		{6FD27ED5-786D-4F03-8CB9-DDFDEC5C5192}.TestDebug|x64.ActiveCfg = TestDebug|Any CPU
		{6FD27ED5-786D-4F03-8CB9-DDFDEC5C5192}.TestDebug|x64.Build.0 = TestDebug|Any CPU
		{6FD27ED5-786D-4F03-8CB9-DDFDEC5C5192}.TestDebug|x86.ActiveCfg = TestDebug|Any CPU
		{6FD27ED5-786D-4F03-8CB9-DDFDEC5C5192}.TestDebug|x86.Build.0 = TestDebug|Any CPU
		{0EEC6608-8F88-4FAA-A7EB-7AE65F14F643}.Debug|Any CPU.ActiveCfg = Debug|Any CPU
		{0EEC6608-8F88-4FAA-A7EB-7AE65F14F643}.Debug|Any CPU.Build.0 = Debug|Any CPU
		{0EEC6608-8F88-4FAA-A7EB-7AE65F14F643}.Debug|ARM.ActiveCfg = Debug|Any CPU
		{0EEC6608-8F88-4FAA-A7EB-7AE65F14F643}.Debug|ARM.Build.0 = Debug|Any CPU
		{0EEC6608-8F88-4FAA-A7EB-7AE65F14F643}.Debug|x64.ActiveCfg = Debug|Any CPU
		{0EEC6608-8F88-4FAA-A7EB-7AE65F14F643}.Debug|x64.Build.0 = Debug|Any CPU
		{0EEC6608-8F88-4FAA-A7EB-7AE65F14F643}.Debug|x86.ActiveCfg = Debug|Any CPU
		{0EEC6608-8F88-4FAA-A7EB-7AE65F14F643}.Debug|x86.Build.0 = Debug|Any CPU
		{0EEC6608-8F88-4FAA-A7EB-7AE65F14F643}.QA|Any CPU.ActiveCfg = Release|Any CPU
		{0EEC6608-8F88-4FAA-A7EB-7AE65F14F643}.QA|Any CPU.Build.0 = Release|Any CPU
		{0EEC6608-8F88-4FAA-A7EB-7AE65F14F643}.QA|ARM.ActiveCfg = Release|Any CPU
		{0EEC6608-8F88-4FAA-A7EB-7AE65F14F643}.QA|ARM.Build.0 = Release|Any CPU
		{0EEC6608-8F88-4FAA-A7EB-7AE65F14F643}.QA|x64.ActiveCfg = Release|Any CPU
		{0EEC6608-8F88-4FAA-A7EB-7AE65F14F643}.QA|x64.Build.0 = Release|Any CPU
		{0EEC6608-8F88-4FAA-A7EB-7AE65F14F643}.QA|x86.ActiveCfg = Release|Any CPU
		{0EEC6608-8F88-4FAA-A7EB-7AE65F14F643}.QA|x86.Build.0 = Release|Any CPU
		{0EEC6608-8F88-4FAA-A7EB-7AE65F14F643}.Release|Any CPU.ActiveCfg = Release|Any CPU
		{0EEC6608-8F88-4FAA-A7EB-7AE65F14F643}.Release|Any CPU.Build.0 = Release|Any CPU
		{0EEC6608-8F88-4FAA-A7EB-7AE65F14F643}.Release|ARM.ActiveCfg = Release|Any CPU
		{0EEC6608-8F88-4FAA-A7EB-7AE65F14F643}.Release|ARM.Build.0 = Release|Any CPU
		{0EEC6608-8F88-4FAA-A7EB-7AE65F14F643}.Release|x64.ActiveCfg = Release|Any CPU
		{0EEC6608-8F88-4FAA-A7EB-7AE65F14F643}.Release|x64.Build.0 = Release|Any CPU
		{0EEC6608-8F88-4FAA-A7EB-7AE65F14F643}.Release|x86.ActiveCfg = Release|Any CPU
		{0EEC6608-8F88-4FAA-A7EB-7AE65F14F643}.Release|x86.Build.0 = Release|Any CPU
		{0EEC6608-8F88-4FAA-A7EB-7AE65F14F643}.Test|Any CPU.ActiveCfg = Release|Any CPU
		{0EEC6608-8F88-4FAA-A7EB-7AE65F14F643}.Test|Any CPU.Build.0 = Release|Any CPU
		{0EEC6608-8F88-4FAA-A7EB-7AE65F14F643}.Test|ARM.ActiveCfg = Release|Any CPU
		{0EEC6608-8F88-4FAA-A7EB-7AE65F14F643}.Test|ARM.Build.0 = Release|Any CPU
		{0EEC6608-8F88-4FAA-A7EB-7AE65F14F643}.Test|x64.ActiveCfg = Release|Any CPU
		{0EEC6608-8F88-4FAA-A7EB-7AE65F14F643}.Test|x64.Build.0 = Release|Any CPU
		{0EEC6608-8F88-4FAA-A7EB-7AE65F14F643}.Test|x86.ActiveCfg = Release|Any CPU
		{0EEC6608-8F88-4FAA-A7EB-7AE65F14F643}.Test|x86.Build.0 = Release|Any CPU
		{0EEC6608-8F88-4FAA-A7EB-7AE65F14F643}.TestDebug|Any CPU.ActiveCfg = Debug|Any CPU
		{0EEC6608-8F88-4FAA-A7EB-7AE65F14F643}.TestDebug|Any CPU.Build.0 = Debug|Any CPU
		{0EEC6608-8F88-4FAA-A7EB-7AE65F14F643}.TestDebug|ARM.ActiveCfg = Debug|Any CPU
		{0EEC6608-8F88-4FAA-A7EB-7AE65F14F643}.TestDebug|ARM.Build.0 = Debug|Any CPU
		{0EEC6608-8F88-4FAA-A7EB-7AE65F14F643}.TestDebug|x64.ActiveCfg = Debug|Any CPU
		{0EEC6608-8F88-4FAA-A7EB-7AE65F14F643}.TestDebug|x64.Build.0 = Debug|Any CPU
		{0EEC6608-8F88-4FAA-A7EB-7AE65F14F643}.TestDebug|x86.ActiveCfg = Debug|Any CPU
		{0EEC6608-8F88-4FAA-A7EB-7AE65F14F643}.TestDebug|x86.Build.0 = Debug|Any CPU
		{D39CCBC4-F262-4225-AE0C-925553DEA372}.Debug|Any CPU.ActiveCfg = Debug|Any CPU
		{D39CCBC4-F262-4225-AE0C-925553DEA372}.Debug|Any CPU.Build.0 = Debug|Any CPU
		{D39CCBC4-F262-4225-AE0C-925553DEA372}.Debug|ARM.ActiveCfg = Debug|Any CPU
		{D39CCBC4-F262-4225-AE0C-925553DEA372}.Debug|ARM.Build.0 = Debug|Any CPU
		{D39CCBC4-F262-4225-AE0C-925553DEA372}.Debug|x64.ActiveCfg = Debug|Any CPU
		{D39CCBC4-F262-4225-AE0C-925553DEA372}.Debug|x64.Build.0 = Debug|Any CPU
		{D39CCBC4-F262-4225-AE0C-925553DEA372}.Debug|x86.ActiveCfg = Debug|Any CPU
		{D39CCBC4-F262-4225-AE0C-925553DEA372}.Debug|x86.Build.0 = Debug|Any CPU
		{D39CCBC4-F262-4225-AE0C-925553DEA372}.QA|Any CPU.ActiveCfg = QA|Any CPU
		{D39CCBC4-F262-4225-AE0C-925553DEA372}.QA|Any CPU.Build.0 = QA|Any CPU
		{D39CCBC4-F262-4225-AE0C-925553DEA372}.QA|ARM.ActiveCfg = QA|Any CPU
		{D39CCBC4-F262-4225-AE0C-925553DEA372}.QA|ARM.Build.0 = QA|Any CPU
		{D39CCBC4-F262-4225-AE0C-925553DEA372}.QA|x64.ActiveCfg = QA|Any CPU
		{D39CCBC4-F262-4225-AE0C-925553DEA372}.QA|x64.Build.0 = QA|Any CPU
		{D39CCBC4-F262-4225-AE0C-925553DEA372}.QA|x86.ActiveCfg = QA|Any CPU
		{D39CCBC4-F262-4225-AE0C-925553DEA372}.QA|x86.Build.0 = QA|Any CPU
		{D39CCBC4-F262-4225-AE0C-925553DEA372}.Release|Any CPU.ActiveCfg = Release|Any CPU
		{D39CCBC4-F262-4225-AE0C-925553DEA372}.Release|Any CPU.Build.0 = Release|Any CPU
		{D39CCBC4-F262-4225-AE0C-925553DEA372}.Release|ARM.ActiveCfg = Release|Any CPU
		{D39CCBC4-F262-4225-AE0C-925553DEA372}.Release|ARM.Build.0 = Release|Any CPU
		{D39CCBC4-F262-4225-AE0C-925553DEA372}.Release|x64.ActiveCfg = Release|Any CPU
		{D39CCBC4-F262-4225-AE0C-925553DEA372}.Release|x64.Build.0 = Release|Any CPU
		{D39CCBC4-F262-4225-AE0C-925553DEA372}.Release|x86.ActiveCfg = Release|Any CPU
		{D39CCBC4-F262-4225-AE0C-925553DEA372}.Release|x86.Build.0 = Release|Any CPU
		{D39CCBC4-F262-4225-AE0C-925553DEA372}.Test|Any CPU.ActiveCfg = Test|Any CPU
		{D39CCBC4-F262-4225-AE0C-925553DEA372}.Test|Any CPU.Build.0 = Test|Any CPU
		{D39CCBC4-F262-4225-AE0C-925553DEA372}.Test|ARM.ActiveCfg = Test|Any CPU
		{D39CCBC4-F262-4225-AE0C-925553DEA372}.Test|ARM.Build.0 = Test|Any CPU
		{D39CCBC4-F262-4225-AE0C-925553DEA372}.Test|x64.ActiveCfg = Test|Any CPU
		{D39CCBC4-F262-4225-AE0C-925553DEA372}.Test|x64.Build.0 = Test|Any CPU
		{D39CCBC4-F262-4225-AE0C-925553DEA372}.Test|x86.ActiveCfg = Test|Any CPU
		{D39CCBC4-F262-4225-AE0C-925553DEA372}.Test|x86.Build.0 = Test|Any CPU
		{D39CCBC4-F262-4225-AE0C-925553DEA372}.TestDebug|Any CPU.ActiveCfg = TestDebug|Any CPU
		{D39CCBC4-F262-4225-AE0C-925553DEA372}.TestDebug|Any CPU.Build.0 = TestDebug|Any CPU
		{D39CCBC4-F262-4225-AE0C-925553DEA372}.TestDebug|ARM.ActiveCfg = TestDebug|Any CPU
		{D39CCBC4-F262-4225-AE0C-925553DEA372}.TestDebug|ARM.Build.0 = TestDebug|Any CPU
		{D39CCBC4-F262-4225-AE0C-925553DEA372}.TestDebug|x64.ActiveCfg = TestDebug|Any CPU
		{D39CCBC4-F262-4225-AE0C-925553DEA372}.TestDebug|x64.Build.0 = TestDebug|Any CPU
		{D39CCBC4-F262-4225-AE0C-925553DEA372}.TestDebug|x86.ActiveCfg = TestDebug|Any CPU
		{D39CCBC4-F262-4225-AE0C-925553DEA372}.TestDebug|x86.Build.0 = TestDebug|Any CPU
		{DDE98B0A-849D-4565-B67B-254F03A15CF4}.Debug|Any CPU.ActiveCfg = Debug|Any CPU
		{DDE98B0A-849D-4565-B67B-254F03A15CF4}.Debug|Any CPU.Build.0 = Debug|Any CPU
		{DDE98B0A-849D-4565-B67B-254F03A15CF4}.Debug|ARM.ActiveCfg = Debug|Any CPU
		{DDE98B0A-849D-4565-B67B-254F03A15CF4}.Debug|ARM.Build.0 = Debug|Any CPU
		{DDE98B0A-849D-4565-B67B-254F03A15CF4}.Debug|x64.ActiveCfg = Debug|Any CPU
		{DDE98B0A-849D-4565-B67B-254F03A15CF4}.Debug|x64.Build.0 = Debug|Any CPU
		{DDE98B0A-849D-4565-B67B-254F03A15CF4}.Debug|x86.ActiveCfg = Debug|Any CPU
		{DDE98B0A-849D-4565-B67B-254F03A15CF4}.Debug|x86.Build.0 = Debug|Any CPU
		{DDE98B0A-849D-4565-B67B-254F03A15CF4}.QA|Any CPU.ActiveCfg = Release|Any CPU
		{DDE98B0A-849D-4565-B67B-254F03A15CF4}.QA|Any CPU.Build.0 = Release|Any CPU
		{DDE98B0A-849D-4565-B67B-254F03A15CF4}.QA|ARM.ActiveCfg = Release|Any CPU
		{DDE98B0A-849D-4565-B67B-254F03A15CF4}.QA|ARM.Build.0 = Release|Any CPU
		{DDE98B0A-849D-4565-B67B-254F03A15CF4}.QA|x64.ActiveCfg = Release|Any CPU
		{DDE98B0A-849D-4565-B67B-254F03A15CF4}.QA|x64.Build.0 = Release|Any CPU
		{DDE98B0A-849D-4565-B67B-254F03A15CF4}.QA|x86.ActiveCfg = Release|Any CPU
		{DDE98B0A-849D-4565-B67B-254F03A15CF4}.QA|x86.Build.0 = Release|Any CPU
		{DDE98B0A-849D-4565-B67B-254F03A15CF4}.Release|Any CPU.ActiveCfg = Release|Any CPU
		{DDE98B0A-849D-4565-B67B-254F03A15CF4}.Release|Any CPU.Build.0 = Release|Any CPU
		{DDE98B0A-849D-4565-B67B-254F03A15CF4}.Release|ARM.ActiveCfg = Release|Any CPU
		{DDE98B0A-849D-4565-B67B-254F03A15CF4}.Release|ARM.Build.0 = Release|Any CPU
		{DDE98B0A-849D-4565-B67B-254F03A15CF4}.Release|x64.ActiveCfg = Release|Any CPU
		{DDE98B0A-849D-4565-B67B-254F03A15CF4}.Release|x64.Build.0 = Release|Any CPU
		{DDE98B0A-849D-4565-B67B-254F03A15CF4}.Release|x86.ActiveCfg = Release|Any CPU
		{DDE98B0A-849D-4565-B67B-254F03A15CF4}.Release|x86.Build.0 = Release|Any CPU
		{DDE98B0A-849D-4565-B67B-254F03A15CF4}.Test|Any CPU.ActiveCfg = Release|Any CPU
		{DDE98B0A-849D-4565-B67B-254F03A15CF4}.Test|Any CPU.Build.0 = Release|Any CPU
		{DDE98B0A-849D-4565-B67B-254F03A15CF4}.Test|ARM.ActiveCfg = Release|Any CPU
		{DDE98B0A-849D-4565-B67B-254F03A15CF4}.Test|ARM.Build.0 = Release|Any CPU
		{DDE98B0A-849D-4565-B67B-254F03A15CF4}.Test|x64.ActiveCfg = Release|Any CPU
		{DDE98B0A-849D-4565-B67B-254F03A15CF4}.Test|x64.Build.0 = Release|Any CPU
		{DDE98B0A-849D-4565-B67B-254F03A15CF4}.Test|x86.ActiveCfg = Release|Any CPU
		{DDE98B0A-849D-4565-B67B-254F03A15CF4}.Test|x86.Build.0 = Release|Any CPU
		{DDE98B0A-849D-4565-B67B-254F03A15CF4}.TestDebug|Any CPU.ActiveCfg = Debug|Any CPU
		{DDE98B0A-849D-4565-B67B-254F03A15CF4}.TestDebug|Any CPU.Build.0 = Debug|Any CPU
		{DDE98B0A-849D-4565-B67B-254F03A15CF4}.TestDebug|ARM.ActiveCfg = Debug|Any CPU
		{DDE98B0A-849D-4565-B67B-254F03A15CF4}.TestDebug|ARM.Build.0 = Debug|Any CPU
		{DDE98B0A-849D-4565-B67B-254F03A15CF4}.TestDebug|x64.ActiveCfg = Debug|Any CPU
		{DDE98B0A-849D-4565-B67B-254F03A15CF4}.TestDebug|x64.Build.0 = Debug|Any CPU
		{DDE98B0A-849D-4565-B67B-254F03A15CF4}.TestDebug|x86.ActiveCfg = Debug|Any CPU
		{DDE98B0A-849D-4565-B67B-254F03A15CF4}.TestDebug|x86.Build.0 = Debug|Any CPU
		{2BE5E192-E1B3-4F8B-BC3D-711F31A674A3}.Debug|Any CPU.ActiveCfg = Debug|Any CPU
		{2BE5E192-E1B3-4F8B-BC3D-711F31A674A3}.Debug|Any CPU.Build.0 = Debug|Any CPU
		{2BE5E192-E1B3-4F8B-BC3D-711F31A674A3}.Debug|Any CPU.Deploy.0 = Debug|Any CPU
		{2BE5E192-E1B3-4F8B-BC3D-711F31A674A3}.Debug|ARM.ActiveCfg = Debug|Any CPU
		{2BE5E192-E1B3-4F8B-BC3D-711F31A674A3}.Debug|ARM.Build.0 = Debug|Any CPU
		{2BE5E192-E1B3-4F8B-BC3D-711F31A674A3}.Debug|ARM.Deploy.0 = Debug|Any CPU
		{2BE5E192-E1B3-4F8B-BC3D-711F31A674A3}.Debug|x64.ActiveCfg = Debug|Any CPU
		{2BE5E192-E1B3-4F8B-BC3D-711F31A674A3}.Debug|x64.Build.0 = Debug|Any CPU
		{2BE5E192-E1B3-4F8B-BC3D-711F31A674A3}.Debug|x64.Deploy.0 = Debug|Any CPU
		{2BE5E192-E1B3-4F8B-BC3D-711F31A674A3}.Debug|x86.ActiveCfg = Debug|Any CPU
		{2BE5E192-E1B3-4F8B-BC3D-711F31A674A3}.Debug|x86.Build.0 = Debug|Any CPU
		{2BE5E192-E1B3-4F8B-BC3D-711F31A674A3}.Debug|x86.Deploy.0 = Debug|Any CPU
		{2BE5E192-E1B3-4F8B-BC3D-711F31A674A3}.QA|Any CPU.ActiveCfg = Debug|Any CPU
		{2BE5E192-E1B3-4F8B-BC3D-711F31A674A3}.QA|Any CPU.Build.0 = Debug|Any CPU
		{2BE5E192-E1B3-4F8B-BC3D-711F31A674A3}.QA|Any CPU.Deploy.0 = Debug|Any CPU
		{2BE5E192-E1B3-4F8B-BC3D-711F31A674A3}.QA|ARM.ActiveCfg = Release|Any CPU
		{2BE5E192-E1B3-4F8B-BC3D-711F31A674A3}.QA|ARM.Build.0 = Release|Any CPU
		{2BE5E192-E1B3-4F8B-BC3D-711F31A674A3}.QA|ARM.Deploy.0 = Release|Any CPU
		{2BE5E192-E1B3-4F8B-BC3D-711F31A674A3}.QA|x64.ActiveCfg = Release|Any CPU
		{2BE5E192-E1B3-4F8B-BC3D-711F31A674A3}.QA|x64.Build.0 = Release|Any CPU
		{2BE5E192-E1B3-4F8B-BC3D-711F31A674A3}.QA|x64.Deploy.0 = Release|Any CPU
		{2BE5E192-E1B3-4F8B-BC3D-711F31A674A3}.QA|x86.ActiveCfg = Release|Any CPU
		{2BE5E192-E1B3-4F8B-BC3D-711F31A674A3}.QA|x86.Build.0 = Release|Any CPU
		{2BE5E192-E1B3-4F8B-BC3D-711F31A674A3}.QA|x86.Deploy.0 = Release|Any CPU
		{2BE5E192-E1B3-4F8B-BC3D-711F31A674A3}.Release|Any CPU.ActiveCfg = Release|Any CPU
		{2BE5E192-E1B3-4F8B-BC3D-711F31A674A3}.Release|Any CPU.Build.0 = Release|Any CPU
		{2BE5E192-E1B3-4F8B-BC3D-711F31A674A3}.Release|Any CPU.Deploy.0 = Release|Any CPU
		{2BE5E192-E1B3-4F8B-BC3D-711F31A674A3}.Release|ARM.ActiveCfg = Release|Any CPU
		{2BE5E192-E1B3-4F8B-BC3D-711F31A674A3}.Release|ARM.Build.0 = Release|Any CPU
		{2BE5E192-E1B3-4F8B-BC3D-711F31A674A3}.Release|ARM.Deploy.0 = Release|Any CPU
		{2BE5E192-E1B3-4F8B-BC3D-711F31A674A3}.Release|x64.ActiveCfg = Release|Any CPU
		{2BE5E192-E1B3-4F8B-BC3D-711F31A674A3}.Release|x64.Build.0 = Release|Any CPU
		{2BE5E192-E1B3-4F8B-BC3D-711F31A674A3}.Release|x64.Deploy.0 = Release|Any CPU
		{2BE5E192-E1B3-4F8B-BC3D-711F31A674A3}.Release|x86.ActiveCfg = Release|Any CPU
		{2BE5E192-E1B3-4F8B-BC3D-711F31A674A3}.Release|x86.Build.0 = Release|Any CPU
		{2BE5E192-E1B3-4F8B-BC3D-711F31A674A3}.Release|x86.Deploy.0 = Release|Any CPU
		{2BE5E192-E1B3-4F8B-BC3D-711F31A674A3}.Test|Any CPU.ActiveCfg = Debug|Any CPU
		{2BE5E192-E1B3-4F8B-BC3D-711F31A674A3}.Test|Any CPU.Build.0 = Debug|Any CPU
		{2BE5E192-E1B3-4F8B-BC3D-711F31A674A3}.Test|Any CPU.Deploy.0 = Debug|Any CPU
		{2BE5E192-E1B3-4F8B-BC3D-711F31A674A3}.Test|ARM.ActiveCfg = Release|Any CPU
		{2BE5E192-E1B3-4F8B-BC3D-711F31A674A3}.Test|ARM.Build.0 = Release|Any CPU
		{2BE5E192-E1B3-4F8B-BC3D-711F31A674A3}.Test|ARM.Deploy.0 = Release|Any CPU
		{2BE5E192-E1B3-4F8B-BC3D-711F31A674A3}.Test|x64.ActiveCfg = Release|Any CPU
		{2BE5E192-E1B3-4F8B-BC3D-711F31A674A3}.Test|x64.Build.0 = Release|Any CPU
		{2BE5E192-E1B3-4F8B-BC3D-711F31A674A3}.Test|x64.Deploy.0 = Release|Any CPU
		{2BE5E192-E1B3-4F8B-BC3D-711F31A674A3}.Test|x86.ActiveCfg = Release|Any CPU
		{2BE5E192-E1B3-4F8B-BC3D-711F31A674A3}.Test|x86.Build.0 = Release|Any CPU
		{2BE5E192-E1B3-4F8B-BC3D-711F31A674A3}.Test|x86.Deploy.0 = Release|Any CPU
		{2BE5E192-E1B3-4F8B-BC3D-711F31A674A3}.TestDebug|Any CPU.ActiveCfg = Debug|Any CPU
		{2BE5E192-E1B3-4F8B-BC3D-711F31A674A3}.TestDebug|Any CPU.Build.0 = Debug|Any CPU
		{2BE5E192-E1B3-4F8B-BC3D-711F31A674A3}.TestDebug|Any CPU.Deploy.0 = Debug|Any CPU
		{2BE5E192-E1B3-4F8B-BC3D-711F31A674A3}.TestDebug|ARM.ActiveCfg = Debug|Any CPU
		{2BE5E192-E1B3-4F8B-BC3D-711F31A674A3}.TestDebug|ARM.Build.0 = Debug|Any CPU
		{2BE5E192-E1B3-4F8B-BC3D-711F31A674A3}.TestDebug|ARM.Deploy.0 = Debug|Any CPU
		{2BE5E192-E1B3-4F8B-BC3D-711F31A674A3}.TestDebug|x64.ActiveCfg = Debug|Any CPU
		{2BE5E192-E1B3-4F8B-BC3D-711F31A674A3}.TestDebug|x64.Build.0 = Debug|Any CPU
		{2BE5E192-E1B3-4F8B-BC3D-711F31A674A3}.TestDebug|x64.Deploy.0 = Debug|Any CPU
		{2BE5E192-E1B3-4F8B-BC3D-711F31A674A3}.TestDebug|x86.ActiveCfg = Debug|Any CPU
		{2BE5E192-E1B3-4F8B-BC3D-711F31A674A3}.TestDebug|x86.Build.0 = Debug|Any CPU
		{2BE5E192-E1B3-4F8B-BC3D-711F31A674A3}.TestDebug|x86.Deploy.0 = Debug|Any CPU
		{9C5232EF-657C-4BCE-8B89-63B99383C604}.Debug|Any CPU.ActiveCfg = Debug|Any CPU
		{9C5232EF-657C-4BCE-8B89-63B99383C604}.Debug|Any CPU.Build.0 = Debug|Any CPU
		{9C5232EF-657C-4BCE-8B89-63B99383C604}.Debug|ARM.ActiveCfg = Debug|Any CPU
		{9C5232EF-657C-4BCE-8B89-63B99383C604}.Debug|ARM.Build.0 = Debug|Any CPU
		{9C5232EF-657C-4BCE-8B89-63B99383C604}.Debug|x64.ActiveCfg = Debug|Any CPU
		{9C5232EF-657C-4BCE-8B89-63B99383C604}.Debug|x64.Build.0 = Debug|Any CPU
		{9C5232EF-657C-4BCE-8B89-63B99383C604}.Debug|x86.ActiveCfg = Debug|Any CPU
		{9C5232EF-657C-4BCE-8B89-63B99383C604}.Debug|x86.Build.0 = Debug|Any CPU
		{9C5232EF-657C-4BCE-8B89-63B99383C604}.QA|Any CPU.ActiveCfg = Release|Any CPU
		{9C5232EF-657C-4BCE-8B89-63B99383C604}.QA|Any CPU.Build.0 = Release|Any CPU
		{9C5232EF-657C-4BCE-8B89-63B99383C604}.QA|ARM.ActiveCfg = Release|Any CPU
		{9C5232EF-657C-4BCE-8B89-63B99383C604}.QA|ARM.Build.0 = Release|Any CPU
		{9C5232EF-657C-4BCE-8B89-63B99383C604}.QA|x64.ActiveCfg = Release|Any CPU
		{9C5232EF-657C-4BCE-8B89-63B99383C604}.QA|x64.Build.0 = Release|Any CPU
		{9C5232EF-657C-4BCE-8B89-63B99383C604}.QA|x86.ActiveCfg = Release|Any CPU
		{9C5232EF-657C-4BCE-8B89-63B99383C604}.QA|x86.Build.0 = Release|Any CPU
		{9C5232EF-657C-4BCE-8B89-63B99383C604}.Release|Any CPU.ActiveCfg = Release|Any CPU
		{9C5232EF-657C-4BCE-8B89-63B99383C604}.Release|Any CPU.Build.0 = Release|Any CPU
		{9C5232EF-657C-4BCE-8B89-63B99383C604}.Release|ARM.ActiveCfg = Release|Any CPU
		{9C5232EF-657C-4BCE-8B89-63B99383C604}.Release|ARM.Build.0 = Release|Any CPU
		{9C5232EF-657C-4BCE-8B89-63B99383C604}.Release|x64.ActiveCfg = Release|Any CPU
		{9C5232EF-657C-4BCE-8B89-63B99383C604}.Release|x64.Build.0 = Release|Any CPU
		{9C5232EF-657C-4BCE-8B89-63B99383C604}.Release|x86.ActiveCfg = Release|Any CPU
		{9C5232EF-657C-4BCE-8B89-63B99383C604}.Release|x86.Build.0 = Release|Any CPU
		{9C5232EF-657C-4BCE-8B89-63B99383C604}.Test|Any CPU.ActiveCfg = Release|Any CPU
		{9C5232EF-657C-4BCE-8B89-63B99383C604}.Test|Any CPU.Build.0 = Release|Any CPU
		{9C5232EF-657C-4BCE-8B89-63B99383C604}.Test|ARM.ActiveCfg = Release|Any CPU
		{9C5232EF-657C-4BCE-8B89-63B99383C604}.Test|ARM.Build.0 = Release|Any CPU
		{9C5232EF-657C-4BCE-8B89-63B99383C604}.Test|x64.ActiveCfg = Release|Any CPU
		{9C5232EF-657C-4BCE-8B89-63B99383C604}.Test|x64.Build.0 = Release|Any CPU
		{9C5232EF-657C-4BCE-8B89-63B99383C604}.Test|x86.ActiveCfg = Release|Any CPU
		{9C5232EF-657C-4BCE-8B89-63B99383C604}.Test|x86.Build.0 = Release|Any CPU
		{9C5232EF-657C-4BCE-8B89-63B99383C604}.TestDebug|Any CPU.ActiveCfg = Debug|Any CPU
		{9C5232EF-657C-4BCE-8B89-63B99383C604}.TestDebug|Any CPU.Build.0 = Debug|Any CPU
		{9C5232EF-657C-4BCE-8B89-63B99383C604}.TestDebug|ARM.ActiveCfg = Debug|Any CPU
		{9C5232EF-657C-4BCE-8B89-63B99383C604}.TestDebug|ARM.Build.0 = Debug|Any CPU
		{9C5232EF-657C-4BCE-8B89-63B99383C604}.TestDebug|x64.ActiveCfg = Debug|Any CPU
		{9C5232EF-657C-4BCE-8B89-63B99383C604}.TestDebug|x64.Build.0 = Debug|Any CPU
		{9C5232EF-657C-4BCE-8B89-63B99383C604}.TestDebug|x86.ActiveCfg = Debug|Any CPU
		{9C5232EF-657C-4BCE-8B89-63B99383C604}.TestDebug|x86.Build.0 = Debug|Any CPU
		{A1ECF525-9CFE-406D-8235-75633B6AC250}.Debug|Any CPU.ActiveCfg = Debug|Any CPU
		{A1ECF525-9CFE-406D-8235-75633B6AC250}.Debug|Any CPU.Build.0 = Debug|Any CPU
		{A1ECF525-9CFE-406D-8235-75633B6AC250}.Debug|ARM.ActiveCfg = Debug|Any CPU
		{A1ECF525-9CFE-406D-8235-75633B6AC250}.Debug|ARM.Build.0 = Debug|Any CPU
		{A1ECF525-9CFE-406D-8235-75633B6AC250}.Debug|x64.ActiveCfg = Debug|Any CPU
		{A1ECF525-9CFE-406D-8235-75633B6AC250}.Debug|x64.Build.0 = Debug|Any CPU
		{A1ECF525-9CFE-406D-8235-75633B6AC250}.Debug|x86.ActiveCfg = Debug|Any CPU
		{A1ECF525-9CFE-406D-8235-75633B6AC250}.Debug|x86.Build.0 = Debug|Any CPU
		{A1ECF525-9CFE-406D-8235-75633B6AC250}.QA|Any CPU.ActiveCfg = Release|Any CPU
		{A1ECF525-9CFE-406D-8235-75633B6AC250}.QA|Any CPU.Build.0 = Release|Any CPU
		{A1ECF525-9CFE-406D-8235-75633B6AC250}.QA|ARM.ActiveCfg = Release|Any CPU
		{A1ECF525-9CFE-406D-8235-75633B6AC250}.QA|ARM.Build.0 = Release|Any CPU
		{A1ECF525-9CFE-406D-8235-75633B6AC250}.QA|x64.ActiveCfg = Release|Any CPU
		{A1ECF525-9CFE-406D-8235-75633B6AC250}.QA|x64.Build.0 = Release|Any CPU
		{A1ECF525-9CFE-406D-8235-75633B6AC250}.QA|x86.ActiveCfg = Release|Any CPU
		{A1ECF525-9CFE-406D-8235-75633B6AC250}.QA|x86.Build.0 = Release|Any CPU
		{A1ECF525-9CFE-406D-8235-75633B6AC250}.Release|Any CPU.ActiveCfg = Release|Any CPU
		{A1ECF525-9CFE-406D-8235-75633B6AC250}.Release|Any CPU.Build.0 = Release|Any CPU
		{A1ECF525-9CFE-406D-8235-75633B6AC250}.Release|ARM.ActiveCfg = Release|Any CPU
		{A1ECF525-9CFE-406D-8235-75633B6AC250}.Release|ARM.Build.0 = Release|Any CPU
		{A1ECF525-9CFE-406D-8235-75633B6AC250}.Release|x64.ActiveCfg = Release|Any CPU
		{A1ECF525-9CFE-406D-8235-75633B6AC250}.Release|x64.Build.0 = Release|Any CPU
		{A1ECF525-9CFE-406D-8235-75633B6AC250}.Release|x86.ActiveCfg = Release|Any CPU
		{A1ECF525-9CFE-406D-8235-75633B6AC250}.Release|x86.Build.0 = Release|Any CPU
		{A1ECF525-9CFE-406D-8235-75633B6AC250}.Test|Any CPU.ActiveCfg = Release|Any CPU
		{A1ECF525-9CFE-406D-8235-75633B6AC250}.Test|Any CPU.Build.0 = Release|Any CPU
		{A1ECF525-9CFE-406D-8235-75633B6AC250}.Test|ARM.ActiveCfg = Release|Any CPU
		{A1ECF525-9CFE-406D-8235-75633B6AC250}.Test|ARM.Build.0 = Release|Any CPU
		{A1ECF525-9CFE-406D-8235-75633B6AC250}.Test|x64.ActiveCfg = Release|Any CPU
		{A1ECF525-9CFE-406D-8235-75633B6AC250}.Test|x64.Build.0 = Release|Any CPU
		{A1ECF525-9CFE-406D-8235-75633B6AC250}.Test|x86.ActiveCfg = Release|Any CPU
		{A1ECF525-9CFE-406D-8235-75633B6AC250}.Test|x86.Build.0 = Release|Any CPU
		{A1ECF525-9CFE-406D-8235-75633B6AC250}.TestDebug|Any CPU.ActiveCfg = Debug|Any CPU
		{A1ECF525-9CFE-406D-8235-75633B6AC250}.TestDebug|Any CPU.Build.0 = Debug|Any CPU
		{A1ECF525-9CFE-406D-8235-75633B6AC250}.TestDebug|ARM.ActiveCfg = Debug|Any CPU
		{A1ECF525-9CFE-406D-8235-75633B6AC250}.TestDebug|ARM.Build.0 = Debug|Any CPU
		{A1ECF525-9CFE-406D-8235-75633B6AC250}.TestDebug|x64.ActiveCfg = Debug|Any CPU
		{A1ECF525-9CFE-406D-8235-75633B6AC250}.TestDebug|x64.Build.0 = Debug|Any CPU
		{A1ECF525-9CFE-406D-8235-75633B6AC250}.TestDebug|x86.ActiveCfg = Debug|Any CPU
		{A1ECF525-9CFE-406D-8235-75633B6AC250}.TestDebug|x86.Build.0 = Debug|Any CPU
	EndGlobalSection
	GlobalSection(SolutionProperties) = preSolution
		HideSolutionNode = FALSE
	EndGlobalSection
EndGlobal
