
Microsoft Visual Studio Solution File, Format Version 12.00
# Visual Studio 14
VisualStudioVersion = 14.0.25420.1
MinimumVisualStudioVersion = 10.0.40219.1
Project("{FAE04EC0-301F-11D3-BF4B-00C04F79EFBC}") = "EMAILBTCF", "EMAILBTCF\EMAILBTCF.csproj", "{C997D22B-46FC-40AD-904A-BF7C0FF6980F}"
EndProject
Project("{FAE04EC0-301F-11D3-BF4B-00C04F79EFBC}") = "Uheaa.Common", "..\CommonLibraries\Common\Common\Uheaa.Common.csproj", "{D39CCBC4-F262-4225-AE0C-925553DEA372}"
EndProject
Project("{FAE04EC0-301F-11D3-BF4B-00C04F79EFBC}") = "Uheaa.Common.DataAccess", "..\CommonLibraries\Common\DataAccess\Uheaa.Common.DataAccess.csproj", "{6FD27ED5-786D-4F03-8CB9-DDFDEC5C5192}"
EndProject
Project("{FAE04EC0-301F-11D3-BF4B-00C04F79EFBC}") = "Uheaa.Common.Scripts", "..\CommonLibraries\Common\Scripts\Uheaa.Common.Scripts.csproj", "{30101894-A61F-4137-A6BE-45FB55D231E0}"
EndProject
Project("{FAE04EC0-301F-11D3-BF4B-00C04F79EFBC}") = "Uheaa.Common.ProcessLogger", "..\CommonLibraries\Common\ProcessLogger\ProcessLogger\Uheaa.Common.ProcessLogger.csproj", "{0EEC6608-8F88-4FAA-A7EB-7AE65F14F643}"
EndProject
Project("{FAE04EC0-301F-11D3-BF4B-00C04F79EFBC}") = "Uheaa.Common.FileLoad", "..\CommonLibraries\Common\FileLoad\FileLoad\Uheaa.Common.FileLoad.csproj", "{EE909788-FAF8-4375-8563-2AA9CCEC9BC1}"
EndProject
Project("{00D1A9C2-B5F0-4AF3-8072-F6C62B433612}") = "EMAILBTCF_CLS", "EMAILBTCF_CLS\EMAILBTCF_CLS.sqlproj", "{E75D1895-B58A-42B6-A8B0-9EAFDB3BB535}"
EndProject
Project("{FAE04EC0-301F-11D3-BF4B-00C04F79EFBC}") = "EMAILBTCF_Tests", "EMAILBTCF_Tests\EMAILBTCF_Tests.csproj", "{A3500567-A7C7-4192-884A-1368B7872D22}"
EndProject
Global
	GlobalSection(SolutionConfigurationPlatforms) = preSolution
		Debug|Any CPU = Debug|Any CPU
		Debug|x86 = Debug|x86
		QA|Any CPU = QA|Any CPU
		QA|x86 = QA|x86
		Release|Any CPU = Release|Any CPU
		Release|x86 = Release|x86
		Test|Any CPU = Test|Any CPU
		Test|x86 = Test|x86
		TestDebug|Any CPU = TestDebug|Any CPU
		TestDebug|x86 = TestDebug|x86
	EndGlobalSection
	GlobalSection(ProjectConfigurationPlatforms) = postSolution
		{C997D22B-46FC-40AD-904A-BF7C0FF6980F}.Debug|Any CPU.ActiveCfg = Debug|Any CPU
		{C997D22B-46FC-40AD-904A-BF7C0FF6980F}.Debug|Any CPU.Build.0 = Debug|Any CPU
		{C997D22B-46FC-40AD-904A-BF7C0FF6980F}.Debug|x86.ActiveCfg = Debug|Any CPU
		{C997D22B-46FC-40AD-904A-BF7C0FF6980F}.Debug|x86.Build.0 = Debug|Any CPU
		{C997D22B-46FC-40AD-904A-BF7C0FF6980F}.QA|Any CPU.ActiveCfg = Release|Any CPU
		{C997D22B-46FC-40AD-904A-BF7C0FF6980F}.QA|Any CPU.Build.0 = Release|Any CPU
		{C997D22B-46FC-40AD-904A-BF7C0FF6980F}.QA|x86.ActiveCfg = Release|Any CPU
		{C997D22B-46FC-40AD-904A-BF7C0FF6980F}.QA|x86.Build.0 = Release|Any CPU
		{C997D22B-46FC-40AD-904A-BF7C0FF6980F}.Release|Any CPU.ActiveCfg = Release|Any CPU
		{C997D22B-46FC-40AD-904A-BF7C0FF6980F}.Release|Any CPU.Build.0 = Release|Any CPU
		{C997D22B-46FC-40AD-904A-BF7C0FF6980F}.Release|x86.ActiveCfg = Release|Any CPU
		{C997D22B-46FC-40AD-904A-BF7C0FF6980F}.Release|x86.Build.0 = Release|Any CPU
		{C997D22B-46FC-40AD-904A-BF7C0FF6980F}.Test|Any CPU.ActiveCfg = Release|Any CPU
		{C997D22B-46FC-40AD-904A-BF7C0FF6980F}.Test|Any CPU.Build.0 = Release|Any CPU
		{C997D22B-46FC-40AD-904A-BF7C0FF6980F}.Test|x86.ActiveCfg = Release|Any CPU
		{C997D22B-46FC-40AD-904A-BF7C0FF6980F}.Test|x86.Build.0 = Release|Any CPU
		{C997D22B-46FC-40AD-904A-BF7C0FF6980F}.TestDebug|Any CPU.ActiveCfg = Debug|Any CPU
		{C997D22B-46FC-40AD-904A-BF7C0FF6980F}.TestDebug|Any CPU.Build.0 = Debug|Any CPU
		{C997D22B-46FC-40AD-904A-BF7C0FF6980F}.TestDebug|x86.ActiveCfg = Debug|Any CPU
		{C997D22B-46FC-40AD-904A-BF7C0FF6980F}.TestDebug|x86.Build.0 = Debug|Any CPU
		{D39CCBC4-F262-4225-AE0C-925553DEA372}.Debug|Any CPU.ActiveCfg = Debug|Any CPU
		{D39CCBC4-F262-4225-AE0C-925553DEA372}.Debug|Any CPU.Build.0 = Debug|Any CPU
		{D39CCBC4-F262-4225-AE0C-925553DEA372}.Debug|x86.ActiveCfg = Debug|Any CPU
		{D39CCBC4-F262-4225-AE0C-925553DEA372}.Debug|x86.Build.0 = Debug|Any CPU
		{D39CCBC4-F262-4225-AE0C-925553DEA372}.QA|Any CPU.ActiveCfg = QA|Any CPU
		{D39CCBC4-F262-4225-AE0C-925553DEA372}.QA|Any CPU.Build.0 = QA|Any CPU
		{D39CCBC4-F262-4225-AE0C-925553DEA372}.QA|x86.ActiveCfg = QA|Any CPU
		{D39CCBC4-F262-4225-AE0C-925553DEA372}.QA|x86.Build.0 = QA|Any CPU
		{D39CCBC4-F262-4225-AE0C-925553DEA372}.Release|Any CPU.ActiveCfg = Release|Any CPU
		{D39CCBC4-F262-4225-AE0C-925553DEA372}.Release|Any CPU.Build.0 = Release|Any CPU
		{D39CCBC4-F262-4225-AE0C-925553DEA372}.Release|x86.ActiveCfg = Release|Any CPU
		{D39CCBC4-F262-4225-AE0C-925553DEA372}.Release|x86.Build.0 = Release|Any CPU
		{D39CCBC4-F262-4225-AE0C-925553DEA372}.Test|Any CPU.ActiveCfg = Test|Any CPU
		{D39CCBC4-F262-4225-AE0C-925553DEA372}.Test|Any CPU.Build.0 = Test|Any CPU
		{D39CCBC4-F262-4225-AE0C-925553DEA372}.Test|x86.ActiveCfg = Test|Any CPU
		{D39CCBC4-F262-4225-AE0C-925553DEA372}.Test|x86.Build.0 = Test|Any CPU
		{D39CCBC4-F262-4225-AE0C-925553DEA372}.TestDebug|Any CPU.ActiveCfg = TestDebug|Any CPU
		{D39CCBC4-F262-4225-AE0C-925553DEA372}.TestDebug|Any CPU.Build.0 = TestDebug|Any CPU
		{D39CCBC4-F262-4225-AE0C-925553DEA372}.TestDebug|x86.ActiveCfg = TestDebug|Any CPU
		{D39CCBC4-F262-4225-AE0C-925553DEA372}.TestDebug|x86.Build.0 = TestDebug|Any CPU
		{6FD27ED5-786D-4F03-8CB9-DDFDEC5C5192}.Debug|Any CPU.ActiveCfg = Debug|Any CPU
		{6FD27ED5-786D-4F03-8CB9-DDFDEC5C5192}.Debug|Any CPU.Build.0 = Debug|Any CPU
		{6FD27ED5-786D-4F03-8CB9-DDFDEC5C5192}.Debug|x86.ActiveCfg = Debug|Any CPU
		{6FD27ED5-786D-4F03-8CB9-DDFDEC5C5192}.Debug|x86.Build.0 = Debug|Any CPU
		{6FD27ED5-786D-4F03-8CB9-DDFDEC5C5192}.QA|Any CPU.ActiveCfg = QA|Any CPU
		{6FD27ED5-786D-4F03-8CB9-DDFDEC5C5192}.QA|Any CPU.Build.0 = QA|Any CPU
		{6FD27ED5-786D-4F03-8CB9-DDFDEC5C5192}.QA|x86.ActiveCfg = QA|Any CPU
		{6FD27ED5-786D-4F03-8CB9-DDFDEC5C5192}.QA|x86.Build.0 = QA|Any CPU
		{6FD27ED5-786D-4F03-8CB9-DDFDEC5C5192}.Release|Any CPU.ActiveCfg = Release|Any CPU
		{6FD27ED5-786D-4F03-8CB9-DDFDEC5C5192}.Release|Any CPU.Build.0 = Release|Any CPU
		{6FD27ED5-786D-4F03-8CB9-DDFDEC5C5192}.Release|x86.ActiveCfg = Release|Any CPU
		{6FD27ED5-786D-4F03-8CB9-DDFDEC5C5192}.Release|x86.Build.0 = Release|Any CPU
		{6FD27ED5-786D-4F03-8CB9-DDFDEC5C5192}.Test|Any CPU.ActiveCfg = Test|Any CPU
		{6FD27ED5-786D-4F03-8CB9-DDFDEC5C5192}.Test|Any CPU.Build.0 = Test|Any CPU
		{6FD27ED5-786D-4F03-8CB9-DDFDEC5C5192}.Test|x86.ActiveCfg = Test|Any CPU
		{6FD27ED5-786D-4F03-8CB9-DDFDEC5C5192}.Test|x86.Build.0 = Test|Any CPU
		{6FD27ED5-786D-4F03-8CB9-DDFDEC5C5192}.TestDebug|Any CPU.ActiveCfg = TestDebug|Any CPU
		{6FD27ED5-786D-4F03-8CB9-DDFDEC5C5192}.TestDebug|Any CPU.Build.0 = TestDebug|Any CPU
		{6FD27ED5-786D-4F03-8CB9-DDFDEC5C5192}.TestDebug|x86.ActiveCfg = TestDebug|Any CPU
		{6FD27ED5-786D-4F03-8CB9-DDFDEC5C5192}.TestDebug|x86.Build.0 = TestDebug|Any CPU
		{30101894-A61F-4137-A6BE-45FB55D231E0}.Debug|Any CPU.ActiveCfg = Debug|Any CPU
		{30101894-A61F-4137-A6BE-45FB55D231E0}.Debug|Any CPU.Build.0 = Debug|Any CPU
		{30101894-A61F-4137-A6BE-45FB55D231E0}.Debug|x86.ActiveCfg = Debug|Any CPU
		{30101894-A61F-4137-A6BE-45FB55D231E0}.Debug|x86.Build.0 = Debug|Any CPU
		{30101894-A61F-4137-A6BE-45FB55D231E0}.QA|Any CPU.ActiveCfg = TestDebug|Any CPU
		{30101894-A61F-4137-A6BE-45FB55D231E0}.QA|Any CPU.Build.0 = TestDebug|Any CPU
		{30101894-A61F-4137-A6BE-45FB55D231E0}.QA|x86.ActiveCfg = Release|Any CPU
		{30101894-A61F-4137-A6BE-45FB55D231E0}.QA|x86.Build.0 = Release|Any CPU
		{30101894-A61F-4137-A6BE-45FB55D231E0}.Release|Any CPU.ActiveCfg = Release|Any CPU
		{30101894-A61F-4137-A6BE-45FB55D231E0}.Release|Any CPU.Build.0 = Release|Any CPU
		{30101894-A61F-4137-A6BE-45FB55D231E0}.Release|x86.ActiveCfg = Release|Any CPU
		{30101894-A61F-4137-A6BE-45FB55D231E0}.Release|x86.Build.0 = Release|Any CPU
		{30101894-A61F-4137-A6BE-45FB55D231E0}.Test|Any CPU.ActiveCfg = TestDebug|Any CPU
		{30101894-A61F-4137-A6BE-45FB55D231E0}.Test|Any CPU.Build.0 = TestDebug|Any CPU
		{30101894-A61F-4137-A6BE-45FB55D231E0}.Test|x86.ActiveCfg = TestDebug|Any CPU
		{30101894-A61F-4137-A6BE-45FB55D231E0}.Test|x86.Build.0 = TestDebug|Any CPU
		{30101894-A61F-4137-A6BE-45FB55D231E0}.TestDebug|Any CPU.ActiveCfg = TestDebug|Any CPU
		{30101894-A61F-4137-A6BE-45FB55D231E0}.TestDebug|Any CPU.Build.0 = TestDebug|Any CPU
		{30101894-A61F-4137-A6BE-45FB55D231E0}.TestDebug|x86.ActiveCfg = TestDebug|Any CPU
		{30101894-A61F-4137-A6BE-45FB55D231E0}.TestDebug|x86.Build.0 = TestDebug|Any CPU
		{0EEC6608-8F88-4FAA-A7EB-7AE65F14F643}.Debug|Any CPU.ActiveCfg = Debug|Any CPU
		{0EEC6608-8F88-4FAA-A7EB-7AE65F14F643}.Debug|Any CPU.Build.0 = Debug|Any CPU
		{0EEC6608-8F88-4FAA-A7EB-7AE65F14F643}.Debug|x86.ActiveCfg = Debug|Any CPU
		{0EEC6608-8F88-4FAA-A7EB-7AE65F14F643}.Debug|x86.Build.0 = Debug|Any CPU
		{0EEC6608-8F88-4FAA-A7EB-7AE65F14F643}.QA|Any CPU.ActiveCfg = Release|Any CPU
		{0EEC6608-8F88-4FAA-A7EB-7AE65F14F643}.QA|Any CPU.Build.0 = Release|Any CPU
		{0EEC6608-8F88-4FAA-A7EB-7AE65F14F643}.QA|x86.ActiveCfg = Release|Any CPU
		{0EEC6608-8F88-4FAA-A7EB-7AE65F14F643}.QA|x86.Build.0 = Release|Any CPU
		{0EEC6608-8F88-4FAA-A7EB-7AE65F14F643}.Release|Any CPU.ActiveCfg = Release|Any CPU
		{0EEC6608-8F88-4FAA-A7EB-7AE65F14F643}.Release|Any CPU.Build.0 = Release|Any CPU
		{0EEC6608-8F88-4FAA-A7EB-7AE65F14F643}.Release|x86.ActiveCfg = Release|Any CPU
		{0EEC6608-8F88-4FAA-A7EB-7AE65F14F643}.Release|x86.Build.0 = Release|Any CPU
		{0EEC6608-8F88-4FAA-A7EB-7AE65F14F643}.Test|Any CPU.ActiveCfg = Release|Any CPU
		{0EEC6608-8F88-4FAA-A7EB-7AE65F14F643}.Test|Any CPU.Build.0 = Release|Any CPU
		{0EEC6608-8F88-4FAA-A7EB-7AE65F14F643}.Test|x86.ActiveCfg = Release|Any CPU
		{0EEC6608-8F88-4FAA-A7EB-7AE65F14F643}.Test|x86.Build.0 = Release|Any CPU
		{0EEC6608-8F88-4FAA-A7EB-7AE65F14F643}.TestDebug|Any CPU.ActiveCfg = Debug|Any CPU
		{0EEC6608-8F88-4FAA-A7EB-7AE65F14F643}.TestDebug|Any CPU.Build.0 = Debug|Any CPU
		{0EEC6608-8F88-4FAA-A7EB-7AE65F14F643}.TestDebug|x86.ActiveCfg = Debug|Any CPU
		{0EEC6608-8F88-4FAA-A7EB-7AE65F14F643}.TestDebug|x86.Build.0 = Debug|Any CPU
		{EE909788-FAF8-4375-8563-2AA9CCEC9BC1}.Debug|Any CPU.ActiveCfg = Debug|Any CPU
		{EE909788-FAF8-4375-8563-2AA9CCEC9BC1}.Debug|Any CPU.Build.0 = Debug|Any CPU
		{EE909788-FAF8-4375-8563-2AA9CCEC9BC1}.Debug|x86.ActiveCfg = Debug|Any CPU
		{EE909788-FAF8-4375-8563-2AA9CCEC9BC1}.Debug|x86.Build.0 = Debug|Any CPU
		{EE909788-FAF8-4375-8563-2AA9CCEC9BC1}.QA|Any CPU.ActiveCfg = Release|Any CPU
		{EE909788-FAF8-4375-8563-2AA9CCEC9BC1}.QA|Any CPU.Build.0 = Release|Any CPU
		{EE909788-FAF8-4375-8563-2AA9CCEC9BC1}.QA|x86.ActiveCfg = Release|Any CPU
		{EE909788-FAF8-4375-8563-2AA9CCEC9BC1}.QA|x86.Build.0 = Release|Any CPU
		{EE909788-FAF8-4375-8563-2AA9CCEC9BC1}.Release|Any CPU.ActiveCfg = Release|Any CPU
		{EE909788-FAF8-4375-8563-2AA9CCEC9BC1}.Release|Any CPU.Build.0 = Release|Any CPU
		{EE909788-FAF8-4375-8563-2AA9CCEC9BC1}.Release|x86.ActiveCfg = Release|Any CPU
		{EE909788-FAF8-4375-8563-2AA9CCEC9BC1}.Release|x86.Build.0 = Release|Any CPU
		{EE909788-FAF8-4375-8563-2AA9CCEC9BC1}.Test|Any CPU.ActiveCfg = Release|Any CPU
		{EE909788-FAF8-4375-8563-2AA9CCEC9BC1}.Test|Any CPU.Build.0 = Release|Any CPU
		{EE909788-FAF8-4375-8563-2AA9CCEC9BC1}.Test|x86.ActiveCfg = Release|Any CPU
		{EE909788-FAF8-4375-8563-2AA9CCEC9BC1}.Test|x86.Build.0 = Release|Any CPU
		{EE909788-FAF8-4375-8563-2AA9CCEC9BC1}.TestDebug|Any CPU.ActiveCfg = Debug|Any CPU
		{EE909788-FAF8-4375-8563-2AA9CCEC9BC1}.TestDebug|Any CPU.Build.0 = Debug|Any CPU
		{EE909788-FAF8-4375-8563-2AA9CCEC9BC1}.TestDebug|x86.ActiveCfg = Debug|Any CPU
		{EE909788-FAF8-4375-8563-2AA9CCEC9BC1}.TestDebug|x86.Build.0 = Debug|Any CPU
		{E75D1895-B58A-42B6-A8B0-9EAFDB3BB535}.Debug|Any CPU.ActiveCfg = Debug|Any CPU
		{E75D1895-B58A-42B6-A8B0-9EAFDB3BB535}.Debug|Any CPU.Build.0 = Debug|Any CPU
		{E75D1895-B58A-42B6-A8B0-9EAFDB3BB535}.Debug|Any CPU.Deploy.0 = Debug|Any CPU
		{E75D1895-B58A-42B6-A8B0-9EAFDB3BB535}.Debug|x86.ActiveCfg = Debug|Any CPU
		{E75D1895-B58A-42B6-A8B0-9EAFDB3BB535}.Debug|x86.Build.0 = Debug|Any CPU
		{E75D1895-B58A-42B6-A8B0-9EAFDB3BB535}.Debug|x86.Deploy.0 = Debug|Any CPU
		{E75D1895-B58A-42B6-A8B0-9EAFDB3BB535}.QA|Any CPU.ActiveCfg = Debug|Any CPU
		{E75D1895-B58A-42B6-A8B0-9EAFDB3BB535}.QA|Any CPU.Build.0 = Debug|Any CPU
		{E75D1895-B58A-42B6-A8B0-9EAFDB3BB535}.QA|Any CPU.Deploy.0 = Debug|Any CPU
		{E75D1895-B58A-42B6-A8B0-9EAFDB3BB535}.QA|x86.ActiveCfg = Release|Any CPU
		{E75D1895-B58A-42B6-A8B0-9EAFDB3BB535}.QA|x86.Build.0 = Release|Any CPU
		{E75D1895-B58A-42B6-A8B0-9EAFDB3BB535}.QA|x86.Deploy.0 = Release|Any CPU
		{E75D1895-B58A-42B6-A8B0-9EAFDB3BB535}.Release|Any CPU.ActiveCfg = Release|Any CPU
		{E75D1895-B58A-42B6-A8B0-9EAFDB3BB535}.Release|Any CPU.Build.0 = Release|Any CPU
		{E75D1895-B58A-42B6-A8B0-9EAFDB3BB535}.Release|Any CPU.Deploy.0 = Release|Any CPU
		{E75D1895-B58A-42B6-A8B0-9EAFDB3BB535}.Release|x86.ActiveCfg = Release|Any CPU
		{E75D1895-B58A-42B6-A8B0-9EAFDB3BB535}.Release|x86.Build.0 = Release|Any CPU
		{E75D1895-B58A-42B6-A8B0-9EAFDB3BB535}.Release|x86.Deploy.0 = Release|Any CPU
		{E75D1895-B58A-42B6-A8B0-9EAFDB3BB535}.Test|Any CPU.ActiveCfg = Debug|Any CPU
		{E75D1895-B58A-42B6-A8B0-9EAFDB3BB535}.Test|Any CPU.Build.0 = Debug|Any CPU
		{E75D1895-B58A-42B6-A8B0-9EAFDB3BB535}.Test|Any CPU.Deploy.0 = Debug|Any CPU
		{E75D1895-B58A-42B6-A8B0-9EAFDB3BB535}.Test|x86.ActiveCfg = Release|Any CPU
		{E75D1895-B58A-42B6-A8B0-9EAFDB3BB535}.Test|x86.Build.0 = Release|Any CPU
		{E75D1895-B58A-42B6-A8B0-9EAFDB3BB535}.Test|x86.Deploy.0 = Release|Any CPU
		{E75D1895-B58A-42B6-A8B0-9EAFDB3BB535}.TestDebug|Any CPU.ActiveCfg = Debug|Any CPU
		{E75D1895-B58A-42B6-A8B0-9EAFDB3BB535}.TestDebug|Any CPU.Build.0 = Debug|Any CPU
		{E75D1895-B58A-42B6-A8B0-9EAFDB3BB535}.TestDebug|Any CPU.Deploy.0 = Debug|Any CPU
		{E75D1895-B58A-42B6-A8B0-9EAFDB3BB535}.TestDebug|x86.ActiveCfg = Debug|Any CPU
		{E75D1895-B58A-42B6-A8B0-9EAFDB3BB535}.TestDebug|x86.Build.0 = Debug|Any CPU
		{E75D1895-B58A-42B6-A8B0-9EAFDB3BB535}.TestDebug|x86.Deploy.0 = Debug|Any CPU
		{A3500567-A7C7-4192-884A-1368B7872D22}.Debug|Any CPU.ActiveCfg = Debug|Any CPU
		{A3500567-A7C7-4192-884A-1368B7872D22}.Debug|Any CPU.Build.0 = Debug|Any CPU
		{A3500567-A7C7-4192-884A-1368B7872D22}.Debug|x86.ActiveCfg = Debug|Any CPU
		{A3500567-A7C7-4192-884A-1368B7872D22}.Debug|x86.Build.0 = Debug|Any CPU
		{A3500567-A7C7-4192-884A-1368B7872D22}.QA|Any CPU.ActiveCfg = Release|Any CPU
		{A3500567-A7C7-4192-884A-1368B7872D22}.QA|Any CPU.Build.0 = Release|Any CPU
		{A3500567-A7C7-4192-884A-1368B7872D22}.QA|x86.ActiveCfg = Release|Any CPU
		{A3500567-A7C7-4192-884A-1368B7872D22}.QA|x86.Build.0 = Release|Any CPU
		{A3500567-A7C7-4192-884A-1368B7872D22}.Release|Any CPU.ActiveCfg = Release|Any CPU
		{A3500567-A7C7-4192-884A-1368B7872D22}.Release|Any CPU.Build.0 = Release|Any CPU
		{A3500567-A7C7-4192-884A-1368B7872D22}.Release|x86.ActiveCfg = Release|Any CPU
		{A3500567-A7C7-4192-884A-1368B7872D22}.Release|x86.Build.0 = Release|Any CPU
		{A3500567-A7C7-4192-884A-1368B7872D22}.Test|Any CPU.ActiveCfg = Release|Any CPU
		{A3500567-A7C7-4192-884A-1368B7872D22}.Test|Any CPU.Build.0 = Release|Any CPU
		{A3500567-A7C7-4192-884A-1368B7872D22}.Test|x86.ActiveCfg = Release|Any CPU
		{A3500567-A7C7-4192-884A-1368B7872D22}.Test|x86.Build.0 = Release|Any CPU
		{A3500567-A7C7-4192-884A-1368B7872D22}.TestDebug|Any CPU.ActiveCfg = Debug|Any CPU
		{A3500567-A7C7-4192-884A-1368B7872D22}.TestDebug|Any CPU.Build.0 = Debug|Any CPU
		{A3500567-A7C7-4192-884A-1368B7872D22}.TestDebug|x86.ActiveCfg = Debug|Any CPU
		{A3500567-A7C7-4192-884A-1368B7872D22}.TestDebug|x86.Build.0 = Debug|Any CPU
	EndGlobalSection
	GlobalSection(SolutionProperties) = preSolution
		HideSolutionNode = FALSE
	EndGlobalSection
EndGlobal
