
Microsoft Visual Studio Solution File, Format Version 12.00
# Visual Studio 2012
Project("{F14B399A-7131-4C87-9E4B-1186C45EF12D}") = "KPI", "KPI.rptproj", "{23EF94CF-3DDE-45AA-B423-F6E48344EFCD}"
EndProject
Global
	GlobalSection(SolutionConfigurationPlatforms) = preSolution
		Debug|Default = Debug|Default
		DebugLocal|Default = DebugLocal|Default
		Release|Default = Release|Default
	EndGlobalSection
	GlobalSection(ProjectConfigurationPlatforms) = postSolution
		{23EF94CF-3DDE-45AA-B423-F6E48344EFCD}.Debug|Default.ActiveCfg = Debug
		{23EF94CF-3DDE-45AA-B423-F6E48344EFCD}.Debug|Default.Build.0 = Debug
		{23EF94CF-3DDE-45AA-B423-F6E48344EFCD}.Debug|Default.Deploy.0 = Debug
		{23EF94CF-3DDE-45AA-B423-F6E48344EFCD}.DebugLocal|Default.ActiveCfg = DebugLocal
		{23EF94CF-3DDE-45AA-B423-F6E48344EFCD}.DebugLocal|Default.Build.0 = DebugLocal
		{23EF94CF-3DDE-45AA-B423-F6E48344EFCD}.DebugLocal|Default.Deploy.0 = DebugLocal
		{23EF94CF-3DDE-45AA-B423-F6E48344EFCD}.Release|Default.ActiveCfg = Release
		{23EF94CF-3DDE-45AA-B423-F6E48344EFCD}.Release|Default.Build.0 = Release
		{23EF94CF-3DDE-45AA-B423-F6E48344EFCD}.Release|Default.Deploy.0 = Release
	EndGlobalSection
	GlobalSection(SolutionProperties) = preSolution
		HideSolutionNode = FALSE
	EndGlobalSection
EndGlobal
